// !$*UTF8*$!
{
	archiveVersion = 1;
	classes = {
	};
	objectVersion = 50;
	objects = {

/* Begin PBXBuildFile section */
		E01F817A246F763700E6F59E /* AppDelegate.swift in Sources */ = {isa = PBXBuildFile; fileRef = E01F8179246F763700E6F59E /* AppDelegate.swift */; };
		E01F817C246F763700E6F59E /* SceneDelegate.swift in Sources */ = {isa = PBXBuildFile; fileRef = E01F817B246F763700E6F59E /* SceneDelegate.swift */; };
		E01F817E246F763700E6F59E /* ExperiencesViewController.swift in Sources */ = {isa = PBXBuildFile; fileRef = E01F817D246F763700E6F59E /* ExperiencesViewController.swift */; };
		E01F8181246F763700E6F59E /* Main.storyboard in Resources */ = {isa = PBXBuildFile; fileRef = E01F817F246F763700E6F59E /* Main.storyboard */; };
		E01F8183246F763900E6F59E /* Assets.xcassets in Resources */ = {isa = PBXBuildFile; fileRef = E01F8182246F763900E6F59E /* Assets.xcassets */; };
		E01F8186246F763900E6F59E /* LaunchScreen.storyboard in Resources */ = {isa = PBXBuildFile; fileRef = E01F8184246F763900E6F59E /* LaunchScreen.storyboard */; };
		E01F818E246F765000E6F59E /* Experience.swift in Sources */ = {isa = PBXBuildFile; fileRef = E01F818D246F765000E6F59E /* Experience.swift */; };
		E01F8192246F774E00E6F59E /* ExperienceController.swift in Sources */ = {isa = PBXBuildFile; fileRef = E01F8191246F774E00E6F59E /* ExperienceController.swift */; };
		E01F8195246F7F0B00E6F59E /* AudioViewController.swift in Sources */ = {isa = PBXBuildFile; fileRef = E01F8194246F7F0B00E6F59E /* AudioViewController.swift */; };
		E01F8197246F7F1A00E6F59E /* ImagesViewController.swift in Sources */ = {isa = PBXBuildFile; fileRef = E01F8196246F7F1A00E6F59E /* ImagesViewController.swift */; };
		E01F8199246F7F3000E6F59E /* VideoViewController.swift in Sources */ = {isa = PBXBuildFile; fileRef = E01F8198246F7F3000E6F59E /* VideoViewController.swift */; };
		E01F819B246F7F3D00E6F59E /* MapViewController.swift in Sources */ = {isa = PBXBuildFile; fileRef = E01F819A246F7F3D00E6F59E /* MapViewController.swift */; };
		E0C3A1DA246F898600912B1C /* AudioVisualizer.swift in Sources */ = {isa = PBXBuildFile; fileRef = E0C3A1D9246F898600912B1C /* AudioVisualizer.swift */; };
/* End PBXBuildFile section */

/* Begin PBXFileReference section */
		E01F8176246F763700E6F59E /* Experiences.app */ = {isa = PBXFileReference; explicitFileType = wrapper.application; includeInIndex = 0; path = Experiences.app; sourceTree = BUILT_PRODUCTS_DIR; };
		E01F8179246F763700E6F59E /* AppDelegate.swift */ = {isa = PBXFileReference; lastKnownFileType = sourcecode.swift; path = AppDelegate.swift; sourceTree = "<group>"; };
		E01F817B246F763700E6F59E /* SceneDelegate.swift */ = {isa = PBXFileReference; lastKnownFileType = sourcecode.swift; path = SceneDelegate.swift; sourceTree = "<group>"; };
		E01F817D246F763700E6F59E /* ExperiencesViewController.swift */ = {isa = PBXFileReference; lastKnownFileType = sourcecode.swift; path = ExperiencesViewController.swift; sourceTree = "<group>"; };
		E01F8180246F763700E6F59E /* Base */ = {isa = PBXFileReference; lastKnownFileType = file.storyboard; name = Base; path = Base.lproj/Main.storyboard; sourceTree = "<group>"; };
		E01F8182246F763900E6F59E /* Assets.xcassets */ = {isa = PBXFileReference; lastKnownFileType = folder.assetcatalog; path = Assets.xcassets; sourceTree = "<group>"; };
		E01F8185246F763900E6F59E /* Base */ = {isa = PBXFileReference; lastKnownFileType = file.storyboard; name = Base; path = Base.lproj/LaunchScreen.storyboard; sourceTree = "<group>"; };
		E01F8187246F763900E6F59E /* Info.plist */ = {isa = PBXFileReference; lastKnownFileType = text.plist.xml; path = Info.plist; sourceTree = "<group>"; };
		E01F818D246F765000E6F59E /* Experience.swift */ = {isa = PBXFileReference; lastKnownFileType = sourcecode.swift; path = Experience.swift; sourceTree = "<group>"; };
		E01F8191246F774E00E6F59E /* ExperienceController.swift */ = {isa = PBXFileReference; lastKnownFileType = sourcecode.swift; path = ExperienceController.swift; sourceTree = "<group>"; };
		E01F8194246F7F0B00E6F59E /* AudioViewController.swift */ = {isa = PBXFileReference; lastKnownFileType = sourcecode.swift; path = AudioViewController.swift; sourceTree = "<group>"; };
		E01F8196246F7F1A00E6F59E /* ImagesViewController.swift */ = {isa = PBXFileReference; lastKnownFileType = sourcecode.swift; path = ImagesViewController.swift; sourceTree = "<group>"; };
		E01F8198246F7F3000E6F59E /* VideoViewController.swift */ = {isa = PBXFileReference; lastKnownFileType = sourcecode.swift; path = VideoViewController.swift; sourceTree = "<group>"; };
		E01F819A246F7F3D00E6F59E /* MapViewController.swift */ = {isa = PBXFileReference; lastKnownFileType = sourcecode.swift; path = MapViewController.swift; sourceTree = "<group>"; };
		E0C3A1D9246F898600912B1C /* AudioVisualizer.swift */ = {isa = PBXFileReference; lastKnownFileType = sourcecode.swift; path = AudioVisualizer.swift; sourceTree = "<group>"; };
/* End PBXFileReference section */

/* Begin PBXFrameworksBuildPhase section */
		E01F8173246F763700E6F59E /* Frameworks */ = {
			isa = PBXFrameworksBuildPhase;
			buildActionMask = 2147483647;
			files = (
			);
			runOnlyForDeploymentPostprocessing = 0;
		};
/* End PBXFrameworksBuildPhase section */

/* Begin PBXGroup section */
		E01F816D246F763700E6F59E = {
			isa = PBXGroup;
			children = (
				E01F8178246F763700E6F59E /* Experiences */,
				E01F8177246F763700E6F59E /* Products */,
			);
			sourceTree = "<group>";
		};
		E01F8177246F763700E6F59E /* Products */ = {
			isa = PBXGroup;
			children = (
				E01F8176246F763700E6F59E /* Experiences.app */,
			);
			name = Products;
			sourceTree = "<group>";
		};
		E01F8178246F763700E6F59E /* Experiences */ = {
			isa = PBXGroup;
			children = (
				E0C3A1D8246F895600912B1C /* MapKit */,
				E0C3A1D4246F892800912B1C /* MediaTypes */,
				E01F8193246F7EA900E6F59E /* View Controllers */,
				E01F8190246F773400E6F59E /* Model Controller */,
				E01F818F246F765500E6F59E /* Model */,
				E01F8179246F763700E6F59E /* AppDelegate.swift */,
				E01F817B246F763700E6F59E /* SceneDelegate.swift */,
				E01F817F246F763700E6F59E /* Main.storyboard */,
				E01F8182246F763900E6F59E /* Assets.xcassets */,
				E01F8184246F763900E6F59E /* LaunchScreen.storyboard */,
				E01F8187246F763900E6F59E /* Info.plist */,
			);
			path = Experiences;
			sourceTree = "<group>";
		};
		E01F818F246F765500E6F59E /* Model */ = {
			isa = PBXGroup;
			children = (
				E01F818D246F765000E6F59E /* Experience.swift */,
			);
			path = Model;
			sourceTree = "<group>";
		};
		E01F8190246F773400E6F59E /* Model Controller */ = {
			isa = PBXGroup;
			children = (
				E01F8191246F774E00E6F59E /* ExperienceController.swift */,
			);
			path = "Model Controller";
			sourceTree = "<group>";
		};
		E01F8193246F7EA900E6F59E /* View Controllers */ = {
			isa = PBXGroup;
			children = (
				E01F817D246F763700E6F59E /* ExperiencesViewController.swift */,
				E01F8194246F7F0B00E6F59E /* AudioViewController.swift */,
				E01F8196246F7F1A00E6F59E /* ImagesViewController.swift */,
				E01F8198246F7F3000E6F59E /* VideoViewController.swift */,
				E01F819A246F7F3D00E6F59E /* MapViewController.swift */,
			);
			path = "View Controllers";
			sourceTree = "<group>";
		};
		E0C3A1D4246F892800912B1C /* MediaTypes */ = {
			isa = PBXGroup;
			children = (
				E0C3A1D7246F894500912B1C /* Images */,
				E0C3A1D6246F893D00912B1C /* Video */,
				E0C3A1D5246F893700912B1C /* Audio */,
			);
			path = MediaTypes;
			sourceTree = "<group>";
		};
		E0C3A1D5246F893700912B1C /* Audio */ = {
			isa = PBXGroup;
			children = (
				E0C3A1D9246F898600912B1C /* AudioVisualizer.swift */,
			);
			path = Audio;
			sourceTree = "<group>";
		};
		E0C3A1D6246F893D00912B1C /* Video */ = {
			isa = PBXGroup;
			children = (
			);
			path = Video;
			sourceTree = "<group>";
		};
		E0C3A1D7246F894500912B1C /* Images */ = {
			isa = PBXGroup;
			children = (
			);
			path = Images;
			sourceTree = "<group>";
		};
		E0C3A1D8246F895600912B1C /* MapKit */ = {
			isa = PBXGroup;
			children = (
			);
			path = MapKit;
			sourceTree = "<group>";
		};
/* End PBXGroup section */

/* Begin PBXNativeTarget section */
		E01F8175246F763700E6F59E /* Experiences */ = {
			isa = PBXNativeTarget;
			buildConfigurationList = E01F818A246F763900E6F59E /* Build configuration list for PBXNativeTarget "Experiences" */;
			buildPhases = (
				E01F8172246F763700E6F59E /* Sources */,
				E01F8173246F763700E6F59E /* Frameworks */,
				E01F8174246F763700E6F59E /* Resources */,
			);
			buildRules = (
			);
			dependencies = (
			);
			name = Experiences;
			productName = Experiences;
			productReference = E01F8176246F763700E6F59E /* Experiences.app */;
			productType = "com.apple.product-type.application";
		};
/* End PBXNativeTarget section */

/* Begin PBXProject section */
		E01F816E246F763700E6F59E /* Project object */ = {
			isa = PBXProject;
			attributes = {
				LastSwiftUpdateCheck = 1140;
				LastUpgradeCheck = 1140;
				ORGANIZATIONNAME = "Sal B Amer";
				TargetAttributes = {
					E01F8175246F763700E6F59E = {
						CreatedOnToolsVersion = 11.4.1;
					};
				};
			};
			buildConfigurationList = E01F8171246F763700E6F59E /* Build configuration list for PBXProject "Experiences" */;
			compatibilityVersion = "Xcode 9.3";
			developmentRegion = en;
			hasScannedForEncodings = 0;
			knownRegions = (
				en,
				Base,
			);
			mainGroup = E01F816D246F763700E6F59E;
			productRefGroup = E01F8177246F763700E6F59E /* Products */;
			projectDirPath = "";
			projectRoot = "";
			targets = (
				E01F8175246F763700E6F59E /* Experiences */,
			);
		};
/* End PBXProject section */

/* Begin PBXResourcesBuildPhase section */
		E01F8174246F763700E6F59E /* Resources */ = {
			isa = PBXResourcesBuildPhase;
			buildActionMask = 2147483647;
			files = (
				E01F8186246F763900E6F59E /* LaunchScreen.storyboard in Resources */,
				E01F8183246F763900E6F59E /* Assets.xcassets in Resources */,
				E01F8181246F763700E6F59E /* Main.storyboard in Resources */,
			);
			runOnlyForDeploymentPostprocessing = 0;
		};
/* End PBXResourcesBuildPhase section */

/* Begin PBXSourcesBuildPhase section */
		E01F8172246F763700E6F59E /* Sources */ = {
			isa = PBXSourcesBuildPhase;
			buildActionMask = 2147483647;
			files = (
				E01F817E246F763700E6F59E /* ExperiencesViewController.swift in Sources */,
				E01F8197246F7F1A00E6F59E /* ImagesViewController.swift in Sources */,
				E01F8199246F7F3000E6F59E /* VideoViewController.swift in Sources */,
				E01F817A246F763700E6F59E /* AppDelegate.swift in Sources */,
				E0C3A1DA246F898600912B1C /* AudioVisualizer.swift in Sources */,
				E01F819B246F7F3D00E6F59E /* MapViewController.swift in Sources */,
				E01F817C246F763700E6F59E /* SceneDelegate.swift in Sources */,
				E01F818E246F765000E6F59E /* Experience.swift in Sources */,
				E01F8192246F774E00E6F59E /* ExperienceController.swift in Sources */,
				E01F8195246F7F0B00E6F59E /* AudioViewController.swift in Sources */,
			);
			runOnlyForDeploymentPostprocessing = 0;
		};
/* End PBXSourcesBuildPhase section */

/* Begin PBXVariantGroup section */
		E01F817F246F763700E6F59E /* Main.storyboard */ = {
			isa = PBXVariantGroup;
			children = (
				E01F8180246F763700E6F59E /* Base */,
			);
			name = Main.storyboard;
			sourceTree = "<group>";
		};
		E01F8184246F763900E6F59E /* LaunchScreen.storyboard */ = {
			isa = PBXVariantGroup;
			children = (
				E01F8185246F763900E6F59E /* Base */,
			);
			name = LaunchScreen.storyboard;
			sourceTree = "<group>";
		};
/* End PBXVariantGroup section */

/* Begin XCBuildConfiguration section */
		E01F8188246F763900E6F59E /* Debug */ = {
			isa = XCBuildConfiguration;
			buildSettings = {
				ALWAYS_SEARCH_USER_PATHS = NO;
				CLANG_ANALYZER_NONNULL = YES;
				CLANG_ANALYZER_NUMBER_OBJECT_CONVERSION = YES_AGGRESSIVE;
				CLANG_CXX_LANGUAGE_STANDARD = "gnu++14";
				CLANG_CXX_LIBRARY = "libc++";
				CLANG_ENABLE_MODULES = YES;
				CLANG_ENABLE_OBJC_ARC = YES;
				CLANG_ENABLE_OBJC_WEAK = YES;
				CLANG_WARN_BLOCK_CAPTURE_AUTORELEASING = YES;
				CLANG_WARN_BOOL_CONVERSION = YES;
				CLANG_WARN_COMMA = YES;
				CLANG_WARN_CONSTANT_CONVERSION = YES;
				CLANG_WARN_DEPRECATED_OBJC_IMPLEMENTATIONS = YES;
				CLANG_WARN_DIRECT_OBJC_ISA_USAGE = YES_ERROR;
				CLANG_WARN_DOCUMENTATION_COMMENTS = YES;
				CLANG_WARN_EMPTY_BODY = YES;
				CLANG_WARN_ENUM_CONVERSION = YES;
				CLANG_WARN_INFINITE_RECURSION = YES;
				CLANG_WARN_INT_CONVERSION = YES;
				CLANG_WARN_NON_LITERAL_NULL_CONVERSION = YES;
				CLANG_WARN_OBJC_IMPLICIT_RETAIN_SELF = YES;
				CLANG_WARN_OBJC_LITERAL_CONVERSION = YES;
				CLANG_WARN_OBJC_ROOT_CLASS = YES_ERROR;
				CLANG_WARN_RANGE_LOOP_ANALYSIS = YES;
				CLANG_WARN_STRICT_PROTOTYPES = YES;
				CLANG_WARN_SUSPICIOUS_MOVE = YES;
				CLANG_WARN_UNGUARDED_AVAILABILITY = YES_AGGRESSIVE;
				CLANG_WARN_UNREACHABLE_CODE = YES;
				CLANG_WARN__DUPLICATE_METHOD_MATCH = YES;
				COPY_PHASE_STRIP = NO;
				DEBUG_INFORMATION_FORMAT = dwarf;
				ENABLE_STRICT_OBJC_MSGSEND = YES;
				ENABLE_TESTABILITY = YES;
				GCC_C_LANGUAGE_STANDARD = gnu11;
				GCC_DYNAMIC_NO_PIC = NO;
				GCC_NO_COMMON_BLOCKS = YES;
				GCC_OPTIMIZATION_LEVEL = 0;
				GCC_PREPROCESSOR_DEFINITIONS = (
					"DEBUG=1",
					"$(inherited)",
				);
				GCC_WARN_64_TO_32_BIT_CONVERSION = YES;
				GCC_WARN_ABOUT_RETURN_TYPE = YES_ERROR;
				GCC_WARN_UNDECLARED_SELECTOR = YES;
				GCC_WARN_UNINITIALIZED_AUTOS = YES_AGGRESSIVE;
				GCC_WARN_UNUSED_FUNCTION = YES;
				GCC_WARN_UNUSED_VARIABLE = YES;
				IPHONEOS_DEPLOYMENT_TARGET = 13.4;
				MTL_ENABLE_DEBUG_INFO = INCLUDE_SOURCE;
				MTL_FAST_MATH = YES;
				ONLY_ACTIVE_ARCH = YES;
				SDKROOT = iphoneos;
				SWIFT_ACTIVE_COMPILATION_CONDITIONS = DEBUG;
				SWIFT_OPTIMIZATION_LEVEL = "-Onone";
			};
			name = Debug;
		};
		E01F8189246F763900E6F59E /* Release */ = {
			isa = XCBuildConfiguration;
			buildSettings = {
				ALWAYS_SEARCH_USER_PATHS = NO;
				CLANG_ANALYZER_NONNULL = YES;
				CLANG_ANALYZER_NUMBER_OBJECT_CONVERSION = YES_AGGRESSIVE;
				CLANG_CXX_LANGUAGE_STANDARD = "gnu++14";
				CLANG_CXX_LIBRARY = "libc++";
				CLANG_ENABLE_MODULES = YES;
				CLANG_ENABLE_OBJC_ARC = YES;
				CLANG_ENABLE_OBJC_WEAK = YES;
				CLANG_WARN_BLOCK_CAPTURE_AUTORELEASING = YES;
				CLANG_WARN_BOOL_CONVERSION = YES;
				CLANG_WARN_COMMA = YES;
				CLANG_WARN_CONSTANT_CONVERSION = YES;
				CLANG_WARN_DEPRECATED_OBJC_IMPLEMENTATIONS = YES;
				CLANG_WARN_DIRECT_OBJC_ISA_USAGE = YES_ERROR;
				CLANG_WARN_DOCUMENTATION_COMMENTS = YES;
				CLANG_WARN_EMPTY_BODY = YES;
				CLANG_WARN_ENUM_CONVERSION = YES;
				CLANG_WARN_INFINITE_RECURSION = YES;
				CLANG_WARN_INT_CONVERSION = YES;
				CLANG_WARN_NON_LITERAL_NULL_CONVERSION = YES;
				CLANG_WARN_OBJC_IMPLICIT_RETAIN_SELF = YES;
				CLANG_WARN_OBJC_LITERAL_CONVERSION = YES;
				CLANG_WARN_OBJC_ROOT_CLASS = YES_ERROR;
				CLANG_WARN_RANGE_LOOP_ANALYSIS = YES;
				CLANG_WARN_STRICT_PROTOTYPES = YES;
				CLANG_WARN_SUSPICIOUS_MOVE = YES;
				CLANG_WARN_UNGUARDED_AVAILABILITY = YES_AGGRESSIVE;
				CLANG_WARN_UNREACHABLE_CODE = YES;
				CLANG_WARN__DUPLICATE_METHOD_MATCH = YES;
				COPY_PHASE_STRIP = NO;
				DEBUG_INFORMATION_FORMAT = "dwarf-with-dsym";
				ENABLE_NS_ASSERTIONS = NO;
				ENABLE_STRICT_OBJC_MSGSEND = YES;
				GCC_C_LANGUAGE_STANDARD = gnu11;
				GCC_NO_COMMON_BLOCKS = YES;
				GCC_WARN_64_TO_32_BIT_CONVERSION = YES;
				GCC_WARN_ABOUT_RETURN_TYPE = YES_ERROR;
				GCC_WARN_UNDECLARED_SELECTOR = YES;
				GCC_WARN_UNINITIALIZED_AUTOS = YES_AGGRESSIVE;
				GCC_WARN_UNUSED_FUNCTION = YES;
				GCC_WARN_UNUSED_VARIABLE = YES;
				IPHONEOS_DEPLOYMENT_TARGET = 13.4;
				MTL_ENABLE_DEBUG_INFO = NO;
				MTL_FAST_MATH = YES;
				SDKROOT = iphoneos;
				SWIFT_COMPILATION_MODE = wholemodule;
				SWIFT_OPTIMIZATION_LEVEL = "-O";
				VALIDATE_PRODUCT = YES;
			};
			name = Release;
		};
		E01F818B246F763900E6F59E /* Debug */ = {
			isa = XCBuildConfiguration;
			buildSettings = {
				ASSETCATALOG_COMPILER_APPICON_NAME = AppIcon;
				CODE_SIGN_STYLE = Automatic;
				DEVELOPMENT_TEAM = 9MYA9HNSTZ;
				INFOPLIST_FILE = Experiences/Info.plist;
				LD_RUNPATH_SEARCH_PATHS = (
					"$(inherited)",
					"@executable_path/Frameworks",
				);
				PRODUCT_BUNDLE_IDENTIFIER = sal.b.amer.Experiences;
				PRODUCT_NAME = "$(TARGET_NAME)";
				SWIFT_VERSION = 5.0;
				TARGETED_DEVICE_FAMILY = "1,2";
			};
			name = Debug;
		};
		E01F818C246F763900E6F59E /* Release */ = {
			isa = XCBuildConfiguration;
			buildSettings = {
				ASSETCATALOG_COMPILER_APPICON_NAME = AppIcon;
				CODE_SIGN_STYLE = Automatic;
				DEVELOPMENT_TEAM = 9MYA9HNSTZ;
				INFOPLIST_FILE = Experiences/Info.plist;
				LD_RUNPATH_SEARCH_PATHS = (
					"$(inherited)",
					"@executable_path/Frameworks",
				);
				PRODUCT_BUNDLE_IDENTIFIER = sal.b.amer.Experiences;
				PRODUCT_NAME = "$(TARGET_NAME)";
				SWIFT_VERSION = 5.0;
				TARGETED_DEVICE_FAMILY = "1,2";
			};
			name = Release;
		};
/* End XCBuildConfiguration section */

/* Begin XCConfigurationList section */
		E01F8171246F763700E6F59E /* Build configuration list for PBXProject "Experiences" */ = {
			isa = XCConfigurationList;
			buildConfigurations = (
				E01F8188246F763900E6F59E /* Debug */,
				E01F8189246F763900E6F59E /* Release */,
			);
			defaultConfigurationIsVisible = 0;
			defaultConfigurationName = Release;
		};
		E01F818A246F763900E6F59E /* Build configuration list for PBXNativeTarget "Experiences" */ = {
			isa = XCConfigurationList;
			buildConfigurations = (
				E01F818B246F763900E6F59E /* Debug */,
				E01F818C246F763900E6F59E /* Release */,
			);
			defaultConfigurationIsVisible = 0;
			defaultConfigurationName = Release;
		};
/* End XCConfigurationList section */
	};
	rootObject = E01F816E246F763700E6F59E /* Project object */;
}
