// !$*UTF8*$!
{
	archiveVersion = 1;
	classes = {
	};
	objectVersion = 50;
	objects = {

/* Begin PBXBuildFile section */
		FB1D844E236C811B00FB69C7 /* AppDelegate.swift in Sources */ = {isa = PBXBuildFile; fileRef = FB1D844D236C811B00FB69C7 /* AppDelegate.swift */; };
		FB1D8450236C811B00FB69C7 /* SceneDelegate.swift in Sources */ = {isa = PBXBuildFile; fileRef = FB1D844F236C811B00FB69C7 /* SceneDelegate.swift */; };
		FB1D8452236C811B00FB69C7 /* ViewController.swift in Sources */ = {isa = PBXBuildFile; fileRef = FB1D8451236C811B00FB69C7 /* ViewController.swift */; };
		FB1D8455236C811B00FB69C7 /* Main.storyboard in Resources */ = {isa = PBXBuildFile; fileRef = FB1D8453236C811B00FB69C7 /* Main.storyboard */; };
		FB1D8457236C812000FB69C7 /* Assets.xcassets in Resources */ = {isa = PBXBuildFile; fileRef = FB1D8456236C812000FB69C7 /* Assets.xcassets */; };
		FB1D845A236C812000FB69C7 /* LaunchScreen.storyboard in Resources */ = {isa = PBXBuildFile; fileRef = FB1D8458236C812000FB69C7 /* LaunchScreen.storyboard */; };
		FB1D8467236C847A00FB69C7 /* Experience.swift in Sources */ = {isa = PBXBuildFile; fileRef = FB1D8466236C847A00FB69C7 /* Experience.swift */; };
		FB1D8469236C853000FB69C7 /* Media.swift in Sources */ = {isa = PBXBuildFile; fileRef = FB1D8468236C853000FB69C7 /* Media.swift */; };
		FB1D846B236C87AC00FB69C7 /* ExperienceController.swift in Sources */ = {isa = PBXBuildFile; fileRef = FB1D846A236C87AC00FB69C7 /* ExperienceController.swift */; };
		FB1D8470236C937100FB69C7 /* MapKit.framework in Frameworks */ = {isa = PBXBuildFile; fileRef = FB1D846F236C937100FB69C7 /* MapKit.framework */; };
		FB1D8472236C979100FB69C7 /* MediaController.swift in Sources */ = {isa = PBXBuildFile; fileRef = FB1D8471236C979100FB69C7 /* MediaController.swift */; };
		FB7FFB95236E646E0030405E /* ExperienceViewController.swift in Sources */ = {isa = PBXBuildFile; fileRef = FB7FFB94236E646E0030405E /* ExperienceViewController.swift */; };
		FB7FFB98237078FA0030405E /* ContainerViewController.swift in Sources */ = {isa = PBXBuildFile; fileRef = FB7FFB97237078FA0030405E /* ContainerViewController.swift */; };
		FB7FFB9A23707B290030405E /* VideoRecorderViewController.swift in Sources */ = {isa = PBXBuildFile; fileRef = FB7FFB9923707B290030405E /* VideoRecorderViewController.swift */; };
		FB7FFB9C23707B3F0030405E /* VideoPlayerViewController.swift in Sources */ = {isa = PBXBuildFile; fileRef = FB7FFB9B23707B3F0030405E /* VideoPlayerViewController.swift */; };
		FB7FFB9E23707B570030405E /* AudioRecorderViewController.swift in Sources */ = {isa = PBXBuildFile; fileRef = FB7FFB9D23707B570030405E /* AudioRecorderViewController.swift */; };
		FB7FFBA023707B730030405E /* AudioPlayerViewController.swift in Sources */ = {isa = PBXBuildFile; fileRef = FB7FFB9F23707B730030405E /* AudioPlayerViewController.swift */; };
		FB8F2FB32371259400E1C7C7 /* DateExtension.swift in Sources */ = {isa = PBXBuildFile; fileRef = FB8F2FB22371259400E1C7C7 /* DateExtension.swift */; };
		FB8F2FB523712A3E00E1C7C7 /* AddMediaTypeViewController.swift in Sources */ = {isa = PBXBuildFile; fileRef = FB8F2FB423712A3E00E1C7C7 /* AddMediaTypeViewController.swift */; };
		FB8F2FB7237132DB00E1C7C7 /* GetImageViewController.swift in Sources */ = {isa = PBXBuildFile; fileRef = FB8F2FB6237132DB00E1C7C7 /* GetImageViewController.swift */; };
		FB8F2FB9237132F700E1C7C7 /* ShowImageViewController.swift in Sources */ = {isa = PBXBuildFile; fileRef = FB8F2FB8237132F700E1C7C7 /* ShowImageViewController.swift */; };
/* End PBXBuildFile section */

/* Begin PBXFileReference section */
		FB1D844A236C811B00FB69C7 /* Experiences.app */ = {isa = PBXFileReference; explicitFileType = wrapper.application; includeInIndex = 0; path = Experiences.app; sourceTree = BUILT_PRODUCTS_DIR; };
		FB1D844D236C811B00FB69C7 /* AppDelegate.swift */ = {isa = PBXFileReference; lastKnownFileType = sourcecode.swift; path = AppDelegate.swift; sourceTree = "<group>"; };
		FB1D844F236C811B00FB69C7 /* SceneDelegate.swift */ = {isa = PBXFileReference; lastKnownFileType = sourcecode.swift; path = SceneDelegate.swift; sourceTree = "<group>"; };
		FB1D8451236C811B00FB69C7 /* ViewController.swift */ = {isa = PBXFileReference; lastKnownFileType = sourcecode.swift; path = ViewController.swift; sourceTree = "<group>"; };
		FB1D8454236C811B00FB69C7 /* Base */ = {isa = PBXFileReference; lastKnownFileType = file.storyboard; name = Base; path = Base.lproj/Main.storyboard; sourceTree = "<group>"; };
		FB1D8456236C812000FB69C7 /* Assets.xcassets */ = {isa = PBXFileReference; lastKnownFileType = folder.assetcatalog; path = Assets.xcassets; sourceTree = "<group>"; };
		FB1D8459236C812000FB69C7 /* Base */ = {isa = PBXFileReference; lastKnownFileType = file.storyboard; name = Base; path = Base.lproj/LaunchScreen.storyboard; sourceTree = "<group>"; };
		FB1D845B236C812000FB69C7 /* Info.plist */ = {isa = PBXFileReference; lastKnownFileType = text.plist.xml; path = Info.plist; sourceTree = "<group>"; };
		FB1D8466236C847A00FB69C7 /* Experience.swift */ = {isa = PBXFileReference; lastKnownFileType = sourcecode.swift; path = Experience.swift; sourceTree = "<group>"; };
		FB1D8468236C853000FB69C7 /* Media.swift */ = {isa = PBXFileReference; lastKnownFileType = sourcecode.swift; path = Media.swift; sourceTree = "<group>"; };
		FB1D846A236C87AC00FB69C7 /* ExperienceController.swift */ = {isa = PBXFileReference; lastKnownFileType = sourcecode.swift; path = ExperienceController.swift; sourceTree = "<group>"; };
		FB1D846F236C937100FB69C7 /* MapKit.framework */ = {isa = PBXFileReference; lastKnownFileType = wrapper.framework; name = MapKit.framework; path = System/Library/Frameworks/MapKit.framework; sourceTree = SDKROOT; };
		FB1D8471236C979100FB69C7 /* MediaController.swift */ = {isa = PBXFileReference; lastKnownFileType = sourcecode.swift; path = MediaController.swift; sourceTree = "<group>"; };
		FB7FFB94236E646E0030405E /* ExperienceViewController.swift */ = {isa = PBXFileReference; lastKnownFileType = sourcecode.swift; path = ExperienceViewController.swift; sourceTree = "<group>"; };
		FB7FFB97237078FA0030405E /* ContainerViewController.swift */ = {isa = PBXFileReference; lastKnownFileType = sourcecode.swift; path = ContainerViewController.swift; sourceTree = "<group>"; };
		FB7FFB9923707B290030405E /* VideoRecorderViewController.swift */ = {isa = PBXFileReference; lastKnownFileType = sourcecode.swift; path = VideoRecorderViewController.swift; sourceTree = "<group>"; };
		FB7FFB9B23707B3F0030405E /* VideoPlayerViewController.swift */ = {isa = PBXFileReference; lastKnownFileType = sourcecode.swift; path = VideoPlayerViewController.swift; sourceTree = "<group>"; };
		FB7FFB9D23707B570030405E /* AudioRecorderViewController.swift */ = {isa = PBXFileReference; lastKnownFileType = sourcecode.swift; path = AudioRecorderViewController.swift; sourceTree = "<group>"; };
		FB7FFB9F23707B730030405E /* AudioPlayerViewController.swift */ = {isa = PBXFileReference; lastKnownFileType = sourcecode.swift; path = AudioPlayerViewController.swift; sourceTree = "<group>"; };
		FB8F2FB22371259400E1C7C7 /* DateExtension.swift */ = {isa = PBXFileReference; lastKnownFileType = sourcecode.swift; path = DateExtension.swift; sourceTree = "<group>"; };
		FB8F2FB423712A3E00E1C7C7 /* AddMediaTypeViewController.swift */ = {isa = PBXFileReference; lastKnownFileType = sourcecode.swift; path = AddMediaTypeViewController.swift; sourceTree = "<group>"; };
		FB8F2FB6237132DB00E1C7C7 /* GetImageViewController.swift */ = {isa = PBXFileReference; lastKnownFileType = sourcecode.swift; path = GetImageViewController.swift; sourceTree = "<group>"; };
		FB8F2FB8237132F700E1C7C7 /* ShowImageViewController.swift */ = {isa = PBXFileReference; lastKnownFileType = sourcecode.swift; path = ShowImageViewController.swift; sourceTree = "<group>"; };
/* End PBXFileReference section */

/* Begin PBXFrameworksBuildPhase section */
		FB1D8447236C811B00FB69C7 /* Frameworks */ = {
			isa = PBXFrameworksBuildPhase;
			buildActionMask = 2147483647;
			files = (
				FB1D8470236C937100FB69C7 /* MapKit.framework in Frameworks */,
			);
			runOnlyForDeploymentPostprocessing = 0;
		};
/* End PBXFrameworksBuildPhase section */

/* Begin PBXGroup section */
		FB1D8441236C811B00FB69C7 = {
			isa = PBXGroup;
			children = (
				FB1D844C236C811B00FB69C7 /* Experiences */,
				FB1D8462236C815C00FB69C7 /* Resources */,
				FB1D844B236C811B00FB69C7 /* Products */,
				FB1D846E236C937100FB69C7 /* Frameworks */,
			);
			sourceTree = "<group>";
		};
		FB1D844B236C811B00FB69C7 /* Products */ = {
			isa = PBXGroup;
			children = (
				FB1D844A236C811B00FB69C7 /* Experiences.app */,
			);
			name = Products;
			sourceTree = "<group>";
		};
		FB1D844C236C811B00FB69C7 /* Experiences */ = {
			isa = PBXGroup;
			children = (
				FB8F2FB12371257400E1C7C7 /* Helpers */,
				FB7FFB96236FD2090030405E /* Controls */,
				FB1D8464236C841800FB69C7 /* Models */,
				FB1D8465236C842900FB69C7 /* Model Controllers */,
				FB1D8463236C817B00FB69C7 /* View Controllers */,
				FB1D8461236C814800FB69C7 /* Storyboards */,
				FB1D845B236C812000FB69C7 /* Info.plist */,
			);
			path = Experiences;
			sourceTree = "<group>";
		};
		FB1D8461236C814800FB69C7 /* Storyboards */ = {
			isa = PBXGroup;
			children = (
				FB1D8453236C811B00FB69C7 /* Main.storyboard */,
				FB1D8458236C812000FB69C7 /* LaunchScreen.storyboard */,
			);
			path = Storyboards;
			sourceTree = "<group>";
		};
		FB1D8462236C815C00FB69C7 /* Resources */ = {
			isa = PBXGroup;
			children = (
				FB1D844D236C811B00FB69C7 /* AppDelegate.swift */,
				FB1D844F236C811B00FB69C7 /* SceneDelegate.swift */,
				FB1D8456236C812000FB69C7 /* Assets.xcassets */,
			);
			path = Resources;
			sourceTree = "<group>";
		};
		FB1D8463236C817B00FB69C7 /* View Controllers */ = {
			isa = PBXGroup;
			children = (
				FB1D8451236C811B00FB69C7 /* ViewController.swift */,
				FB7FFB94236E646E0030405E /* ExperienceViewController.swift */,
				FB7FFB97237078FA0030405E /* ContainerViewController.swift */,
				FB7FFB9923707B290030405E /* VideoRecorderViewController.swift */,
				FB7FFB9B23707B3F0030405E /* VideoPlayerViewController.swift */,
				FB7FFB9D23707B570030405E /* AudioRecorderViewController.swift */,
				FB7FFB9F23707B730030405E /* AudioPlayerViewController.swift */,
				FB8F2FB423712A3E00E1C7C7 /* AddMediaTypeViewController.swift */,
				FB8F2FB6237132DB00E1C7C7 /* GetImageViewController.swift */,
				FB8F2FB8237132F700E1C7C7 /* ShowImageViewController.swift */,
			);
			path = "View Controllers";
			sourceTree = "<group>";
		};
		FB1D8464236C841800FB69C7 /* Models */ = {
			isa = PBXGroup;
			children = (
				FB1D8466236C847A00FB69C7 /* Experience.swift */,
				FB1D8468236C853000FB69C7 /* Media.swift */,
			);
			path = Models;
			sourceTree = "<group>";
		};
		FB1D8465236C842900FB69C7 /* Model Controllers */ = {
			isa = PBXGroup;
			children = (
				FB1D846A236C87AC00FB69C7 /* ExperienceController.swift */,
				FB1D8471236C979100FB69C7 /* MediaController.swift */,
			);
			path = "Model Controllers";
			sourceTree = "<group>";
		};
		FB1D846E236C937100FB69C7 /* Frameworks */ = {
			isa = PBXGroup;
			children = (
				FB1D846F236C937100FB69C7 /* MapKit.framework */,
			);
			name = Frameworks;
			sourceTree = "<group>";
		};
		FB7FFB96236FD2090030405E /* Controls */ = {
			isa = PBXGroup;
			children = (
			);
			path = Controls;
			sourceTree = "<group>";
		};
		FB8F2FB12371257400E1C7C7 /* Helpers */ = {
			isa = PBXGroup;
			children = (
				FB8F2FB22371259400E1C7C7 /* DateExtension.swift */,
			);
			path = Helpers;
			sourceTree = "<group>";
		};
/* End PBXGroup section */

/* Begin PBXNativeTarget section */
		FB1D8449236C811B00FB69C7 /* Experiences */ = {
			isa = PBXNativeTarget;
			buildConfigurationList = FB1D845E236C812000FB69C7 /* Build configuration list for PBXNativeTarget "Experiences" */;
			buildPhases = (
				FB1D8446236C811B00FB69C7 /* Sources */,
				FB1D8447236C811B00FB69C7 /* Frameworks */,
				FB1D8448236C811B00FB69C7 /* Resources */,
			);
			buildRules = (
			);
			dependencies = (
			);
			name = Experiences;
			productName = Experiences;
			productReference = FB1D844A236C811B00FB69C7 /* Experiences.app */;
			productType = "com.apple.product-type.application";
		};
/* End PBXNativeTarget section */

/* Begin PBXProject section */
		FB1D8442236C811B00FB69C7 /* Project object */ = {
			isa = PBXProject;
			attributes = {
				LastSwiftUpdateCheck = 1110;
				LastUpgradeCheck = 1110;
				ORGANIZATIONNAME = "Lambda School";
				TargetAttributes = {
					FB1D8449236C811B00FB69C7 = {
						CreatedOnToolsVersion = 11.1;
					};
				};
			};
			buildConfigurationList = FB1D8445236C811B00FB69C7 /* Build configuration list for PBXProject "Experiences" */;
			compatibilityVersion = "Xcode 9.3";
			developmentRegion = en;
			hasScannedForEncodings = 0;
			knownRegions = (
				en,
				Base,
			);
			mainGroup = FB1D8441236C811B00FB69C7;
			productRefGroup = FB1D844B236C811B00FB69C7 /* Products */;
			projectDirPath = "";
			projectRoot = "";
			targets = (
				FB1D8449236C811B00FB69C7 /* Experiences */,
			);
		};
/* End PBXProject section */

/* Begin PBXResourcesBuildPhase section */
		FB1D8448236C811B00FB69C7 /* Resources */ = {
			isa = PBXResourcesBuildPhase;
			buildActionMask = 2147483647;
			files = (
				FB1D845A236C812000FB69C7 /* LaunchScreen.storyboard in Resources */,
				FB1D8457236C812000FB69C7 /* Assets.xcassets in Resources */,
				FB1D8455236C811B00FB69C7 /* Main.storyboard in Resources */,
			);
			runOnlyForDeploymentPostprocessing = 0;
		};
/* End PBXResourcesBuildPhase section */

/* Begin PBXSourcesBuildPhase section */
		FB1D8446236C811B00FB69C7 /* Sources */ = {
			isa = PBXSourcesBuildPhase;
			buildActionMask = 2147483647;
			files = (
				FB7FFB95236E646E0030405E /* ExperienceViewController.swift in Sources */,
				FB8F2FB32371259400E1C7C7 /* DateExtension.swift in Sources */,
				FB7FFB9E23707B570030405E /* AudioRecorderViewController.swift in Sources */,
				FB1D8452236C811B00FB69C7 /* ViewController.swift in Sources */,
				FB8F2FB523712A3E00E1C7C7 /* AddMediaTypeViewController.swift in Sources */,
				FB1D844E236C811B00FB69C7 /* AppDelegate.swift in Sources */,
				FB1D8450236C811B00FB69C7 /* SceneDelegate.swift in Sources */,
				FB7FFB9A23707B290030405E /* VideoRecorderViewController.swift in Sources */,
				FB1D846B236C87AC00FB69C7 /* ExperienceController.swift in Sources */,
				FB8F2FB7237132DB00E1C7C7 /* GetImageViewController.swift in Sources */,
				FB1D8467236C847A00FB69C7 /* Experience.swift in Sources */,
				FB7FFB9C23707B3F0030405E /* VideoPlayerViewController.swift in Sources */,
				FB1D8472236C979100FB69C7 /* MediaController.swift in Sources */,
				FB7FFBA023707B730030405E /* AudioPlayerViewController.swift in Sources */,
				FB7FFB98237078FA0030405E /* ContainerViewController.swift in Sources */,
				FB8F2FB9237132F700E1C7C7 /* ShowImageViewController.swift in Sources */,
				FB1D8469236C853000FB69C7 /* Media.swift in Sources */,
			);
			runOnlyForDeploymentPostprocessing = 0;
		};
/* End PBXSourcesBuildPhase section */

/* Begin PBXVariantGroup section */
		FB1D8453236C811B00FB69C7 /* Main.storyboard */ = {
			isa = PBXVariantGroup;
			children = (
				FB1D8454236C811B00FB69C7 /* Base */,
			);
			name = Main.storyboard;
			sourceTree = "<group>";
		};
		FB1D8458236C812000FB69C7 /* LaunchScreen.storyboard */ = {
			isa = PBXVariantGroup;
			children = (
				FB1D8459236C812000FB69C7 /* Base */,
			);
			name = LaunchScreen.storyboard;
			sourceTree = "<group>";
		};
/* End PBXVariantGroup section */

/* Begin XCBuildConfiguration section */
		FB1D845C236C812000FB69C7 /* Debug */ = {
			isa = XCBuildConfiguration;
			buildSettings = {
				ALWAYS_SEARCH_USER_PATHS = NO;
				CLANG_ANALYZER_NONNULL = YES;
				CLANG_ANALYZER_NUMBER_OBJECT_CONVERSION = YES_AGGRESSIVE;
				CLANG_CXX_LANGUAGE_STANDARD = "gnu++14";
				CLANG_CXX_LIBRARY = "libc++";
				CLANG_ENABLE_MODULES = YES;
				CLANG_ENABLE_OBJC_ARC = YES;
				CLANG_ENABLE_OBJC_WEAK = YES;
				CLANG_WARN_BLOCK_CAPTURE_AUTORELEASING = YES;
				CLANG_WARN_BOOL_CONVERSION = YES;
				CLANG_WARN_COMMA = YES;
				CLANG_WARN_CONSTANT_CONVERSION = YES;
				CLANG_WARN_DEPRECATED_OBJC_IMPLEMENTATIONS = YES;
				CLANG_WARN_DIRECT_OBJC_ISA_USAGE = YES_ERROR;
				CLANG_WARN_DOCUMENTATION_COMMENTS = YES;
				CLANG_WARN_EMPTY_BODY = YES;
				CLANG_WARN_ENUM_CONVERSION = YES;
				CLANG_WARN_INFINITE_RECURSION = YES;
				CLANG_WARN_INT_CONVERSION = YES;
				CLANG_WARN_NON_LITERAL_NULL_CONVERSION = YES;
				CLANG_WARN_OBJC_IMPLICIT_RETAIN_SELF = YES;
				CLANG_WARN_OBJC_LITERAL_CONVERSION = YES;
				CLANG_WARN_OBJC_ROOT_CLASS = YES_ERROR;
				CLANG_WARN_RANGE_LOOP_ANALYSIS = YES;
				CLANG_WARN_STRICT_PROTOTYPES = YES;
				CLANG_WARN_SUSPICIOUS_MOVE = YES;
				CLANG_WARN_UNGUARDED_AVAILABILITY = YES_AGGRESSIVE;
				CLANG_WARN_UNREACHABLE_CODE = YES;
				CLANG_WARN__DUPLICATE_METHOD_MATCH = YES;
				COPY_PHASE_STRIP = NO;
				DEBUG_INFORMATION_FORMAT = dwarf;
				ENABLE_STRICT_OBJC_MSGSEND = YES;
				ENABLE_TESTABILITY = YES;
				GCC_C_LANGUAGE_STANDARD = gnu11;
				GCC_DYNAMIC_NO_PIC = NO;
				GCC_NO_COMMON_BLOCKS = YES;
				GCC_OPTIMIZATION_LEVEL = 0;
				GCC_PREPROCESSOR_DEFINITIONS = (
					"DEBUG=1",
					"$(inherited)",
				);
				GCC_WARN_64_TO_32_BIT_CONVERSION = YES;
				GCC_WARN_ABOUT_RETURN_TYPE = YES_ERROR;
				GCC_WARN_UNDECLARED_SELECTOR = YES;
				GCC_WARN_UNINITIALIZED_AUTOS = YES_AGGRESSIVE;
				GCC_WARN_UNUSED_FUNCTION = YES;
				GCC_WARN_UNUSED_VARIABLE = YES;
				IPHONEOS_DEPLOYMENT_TARGET = 13.1;
				MTL_ENABLE_DEBUG_INFO = INCLUDE_SOURCE;
				MTL_FAST_MATH = YES;
				ONLY_ACTIVE_ARCH = YES;
				SDKROOT = iphoneos;
				SWIFT_ACTIVE_COMPILATION_CONDITIONS = DEBUG;
				SWIFT_OPTIMIZATION_LEVEL = "-Onone";
			};
			name = Debug;
		};
		FB1D845D236C812000FB69C7 /* Release */ = {
			isa = XCBuildConfiguration;
			buildSettings = {
				ALWAYS_SEARCH_USER_PATHS = NO;
				CLANG_ANALYZER_NONNULL = YES;
				CLANG_ANALYZER_NUMBER_OBJECT_CONVERSION = YES_AGGRESSIVE;
				CLANG_CXX_LANGUAGE_STANDARD = "gnu++14";
				CLANG_CXX_LIBRARY = "libc++";
				CLANG_ENABLE_MODULES = YES;
				CLANG_ENABLE_OBJC_ARC = YES;
				CLANG_ENABLE_OBJC_WEAK = YES;
				CLANG_WARN_BLOCK_CAPTURE_AUTORELEASING = YES;
				CLANG_WARN_BOOL_CONVERSION = YES;
				CLANG_WARN_COMMA = YES;
				CLANG_WARN_CONSTANT_CONVERSION = YES;
				CLANG_WARN_DEPRECATED_OBJC_IMPLEMENTATIONS = YES;
				CLANG_WARN_DIRECT_OBJC_ISA_USAGE = YES_ERROR;
				CLANG_WARN_DOCUMENTATION_COMMENTS = YES;
				CLANG_WARN_EMPTY_BODY = YES;
				CLANG_WARN_ENUM_CONVERSION = YES;
				CLANG_WARN_INFINITE_RECURSION = YES;
				CLANG_WARN_INT_CONVERSION = YES;
				CLANG_WARN_NON_LITERAL_NULL_CONVERSION = YES;
				CLANG_WARN_OBJC_IMPLICIT_RETAIN_SELF = YES;
				CLANG_WARN_OBJC_LITERAL_CONVERSION = YES;
				CLANG_WARN_OBJC_ROOT_CLASS = YES_ERROR;
				CLANG_WARN_RANGE_LOOP_ANALYSIS = YES;
				CLANG_WARN_STRICT_PROTOTYPES = YES;
				CLANG_WARN_SUSPICIOUS_MOVE = YES;
				CLANG_WARN_UNGUARDED_AVAILABILITY = YES_AGGRESSIVE;
				CLANG_WARN_UNREACHABLE_CODE = YES;
				CLANG_WARN__DUPLICATE_METHOD_MATCH = YES;
				COPY_PHASE_STRIP = NO;
				DEBUG_INFORMATION_FORMAT = "dwarf-with-dsym";
				ENABLE_NS_ASSERTIONS = NO;
				ENABLE_STRICT_OBJC_MSGSEND = YES;
				GCC_C_LANGUAGE_STANDARD = gnu11;
				GCC_NO_COMMON_BLOCKS = YES;
				GCC_WARN_64_TO_32_BIT_CONVERSION = YES;
				GCC_WARN_ABOUT_RETURN_TYPE = YES_ERROR;
				GCC_WARN_UNDECLARED_SELECTOR = YES;
				GCC_WARN_UNINITIALIZED_AUTOS = YES_AGGRESSIVE;
				GCC_WARN_UNUSED_FUNCTION = YES;
				GCC_WARN_UNUSED_VARIABLE = YES;
				IPHONEOS_DEPLOYMENT_TARGET = 13.1;
				MTL_ENABLE_DEBUG_INFO = NO;
				MTL_FAST_MATH = YES;
				SDKROOT = iphoneos;
				SWIFT_COMPILATION_MODE = wholemodule;
				SWIFT_OPTIMIZATION_LEVEL = "-O";
				VALIDATE_PRODUCT = YES;
			};
			name = Release;
		};
		FB1D845F236C812000FB69C7 /* Debug */ = {
			isa = XCBuildConfiguration;
			buildSettings = {
				ASSETCATALOG_COMPILER_APPICON_NAME = AppIcon;
				CODE_SIGN_STYLE = Automatic;
				DEVELOPMENT_TEAM = VXUQXR6S56;
				INFOPLIST_FILE = Experiences/Info.plist;
				LD_RUNPATH_SEARCH_PATHS = (
					"$(inherited)",
					"@executable_path/Frameworks",
				);
				PRODUCT_BUNDLE_IDENTIFIER = com.lambda.Experiences;
				PRODUCT_NAME = "$(TARGET_NAME)";
				SWIFT_VERSION = 5.0;
				TARGETED_DEVICE_FAMILY = "1,2";
			};
			name = Debug;
		};
		FB1D8460236C812000FB69C7 /* Release */ = {
			isa = XCBuildConfiguration;
			buildSettings = {
				ASSETCATALOG_COMPILER_APPICON_NAME = AppIcon;
				CODE_SIGN_STYLE = Automatic;
				DEVELOPMENT_TEAM = VXUQXR6S56;
				INFOPLIST_FILE = Experiences/Info.plist;
				LD_RUNPATH_SEARCH_PATHS = (
					"$(inherited)",
					"@executable_path/Frameworks",
				);
				PRODUCT_BUNDLE_IDENTIFIER = com.lambda.Experiences;
				PRODUCT_NAME = "$(TARGET_NAME)";
				SWIFT_VERSION = 5.0;
				TARGETED_DEVICE_FAMILY = "1,2";
			};
			name = Release;
		};
/* End XCBuildConfiguration section */

/* Begin XCConfigurationList section */
		FB1D8445236C811B00FB69C7 /* Build configuration list for PBXProject "Experiences" */ = {
			isa = XCConfigurationList;
			buildConfigurations = (
				FB1D845C236C812000FB69C7 /* Debug */,
				FB1D845D236C812000FB69C7 /* Release */,
			);
			defaultConfigurationIsVisible = 0;
			defaultConfigurationName = Release;
		};
		FB1D845E236C812000FB69C7 /* Build configuration list for PBXNativeTarget "Experiences" */ = {
			isa = XCConfigurationList;
			buildConfigurations = (
				FB1D845F236C812000FB69C7 /* Debug */,
				FB1D8460236C812000FB69C7 /* Release */,
			);
			defaultConfigurationIsVisible = 0;
			defaultConfigurationName = Release;
		};
/* End XCConfigurationList section */
	};
	rootObject = FB1D8442236C811B00FB69C7 /* Project object */;
}
