// !$*UTF8*$!
{
	archiveVersion = 1;
	classes = {
	};
	objectVersion = 50;
	objects = {

/* Begin PBXBuildFile section */
		55525A5E2440C43A0084E97E /* AppDelegate.swift in Sources */ = {isa = PBXBuildFile; fileRef = 55525A5D2440C43A0084E97E /* AppDelegate.swift */; };
		55525A602440C43A0084E97E /* SceneDelegate.swift in Sources */ = {isa = PBXBuildFile; fileRef = 55525A5F2440C43A0084E97E /* SceneDelegate.swift */; };
		55525A652440C43A0084E97E /* Main.storyboard in Resources */ = {isa = PBXBuildFile; fileRef = 55525A632440C43A0084E97E /* Main.storyboard */; };
		55525A672440C43E0084E97E /* Assets.xcassets in Resources */ = {isa = PBXBuildFile; fileRef = 55525A662440C43E0084E97E /* Assets.xcassets */; };
		55525A6A2440C43E0084E97E /* LaunchScreen.storyboard in Resources */ = {isa = PBXBuildFile; fileRef = 55525A682440C43E0084E97E /* LaunchScreen.storyboard */; };
		55525A752440D13E0084E97E /* MapKit.framework in Frameworks */ = {isa = PBXBuildFile; fileRef = 55525A742440D13E0084E97E /* MapKit.framework */; };
		55525A7B2440D62F0084E97E /* MapViewController.swift in Sources */ = {isa = PBXBuildFile; fileRef = 55525A7A2440D62F0084E97E /* MapViewController.swift */; };
		55525A7D2440E0250084E97E /* Experience.swift in Sources */ = {isa = PBXBuildFile; fileRef = 55525A7C2440E0250084E97E /* Experience.swift */; };
		55525A7F2440E0400084E97E /* Media.swift in Sources */ = {isa = PBXBuildFile; fileRef = 55525A7E2440E0400084E97E /* Media.swift */; };
/* End PBXBuildFile section */

/* Begin PBXFileReference section */
		55525A5A2440C43A0084E97E /* Experiences.app */ = {isa = PBXFileReference; explicitFileType = wrapper.application; includeInIndex = 0; path = Experiences.app; sourceTree = BUILT_PRODUCTS_DIR; };
		55525A5D2440C43A0084E97E /* AppDelegate.swift */ = {isa = PBXFileReference; lastKnownFileType = sourcecode.swift; path = AppDelegate.swift; sourceTree = "<group>"; };
		55525A5F2440C43A0084E97E /* SceneDelegate.swift */ = {isa = PBXFileReference; lastKnownFileType = sourcecode.swift; path = SceneDelegate.swift; sourceTree = "<group>"; };
		55525A642440C43A0084E97E /* Base */ = {isa = PBXFileReference; lastKnownFileType = file.storyboard; name = Base; path = Base.lproj/Main.storyboard; sourceTree = "<group>"; };
		55525A662440C43E0084E97E /* Assets.xcassets */ = {isa = PBXFileReference; lastKnownFileType = folder.assetcatalog; path = Assets.xcassets; sourceTree = "<group>"; };
		55525A692440C43E0084E97E /* Base */ = {isa = PBXFileReference; lastKnownFileType = file.storyboard; name = Base; path = Base.lproj/LaunchScreen.storyboard; sourceTree = "<group>"; };
		55525A6B2440C43E0084E97E /* Info.plist */ = {isa = PBXFileReference; lastKnownFileType = text.plist.xml; path = Info.plist; sourceTree = "<group>"; };
		55525A742440D13E0084E97E /* MapKit.framework */ = {isa = PBXFileReference; lastKnownFileType = wrapper.framework; name = MapKit.framework; path = System/Library/Frameworks/MapKit.framework; sourceTree = SDKROOT; };
		55525A7A2440D62F0084E97E /* MapViewController.swift */ = {isa = PBXFileReference; lastKnownFileType = sourcecode.swift; path = MapViewController.swift; sourceTree = "<group>"; };
		55525A7C2440E0250084E97E /* Experience.swift */ = {isa = PBXFileReference; lastKnownFileType = sourcecode.swift; path = Experience.swift; sourceTree = "<group>"; };
		55525A7E2440E0400084E97E /* Media.swift */ = {isa = PBXFileReference; lastKnownFileType = sourcecode.swift; path = Media.swift; sourceTree = "<group>"; };
/* End PBXFileReference section */

/* Begin PBXFrameworksBuildPhase section */
		55525A572440C43A0084E97E /* Frameworks */ = {
			isa = PBXFrameworksBuildPhase;
			buildActionMask = 2147483647;
			files = (
				55525A752440D13E0084E97E /* MapKit.framework in Frameworks */,
			);
			runOnlyForDeploymentPostprocessing = 0;
		};
/* End PBXFrameworksBuildPhase section */

/* Begin PBXGroup section */
		55525A512440C4390084E97E = {
			isa = PBXGroup;
			children = (
				55525A5C2440C43A0084E97E /* Experiences */,
				55525A5B2440C43A0084E97E /* Products */,
				55525A732440D13D0084E97E /* Frameworks */,
			);
			sourceTree = "<group>";
		};
		55525A5B2440C43A0084E97E /* Products */ = {
			isa = PBXGroup;
			children = (
				55525A5A2440C43A0084E97E /* Experiences.app */,
			);
			name = Products;
			sourceTree = "<group>";
		};
		55525A5C2440C43A0084E97E /* Experiences */ = {
			isa = PBXGroup;
			children = (
				55525A792440D42B0084E97E /* View Controllers */,
				55525A782440D41C0084E97E /* Model */,
				55525A5D2440C43A0084E97E /* AppDelegate.swift */,
				55525A5F2440C43A0084E97E /* SceneDelegate.swift */,
				55525A632440C43A0084E97E /* Main.storyboard */,
				55525A662440C43E0084E97E /* Assets.xcassets */,
				55525A682440C43E0084E97E /* LaunchScreen.storyboard */,
				55525A6B2440C43E0084E97E /* Info.plist */,
			);
			path = Experiences;
			sourceTree = "<group>";
		};
		55525A732440D13D0084E97E /* Frameworks */ = {
			isa = PBXGroup;
			children = (
				55525A742440D13E0084E97E /* MapKit.framework */,
			);
			name = Frameworks;
			sourceTree = "<group>";
		};
		55525A782440D41C0084E97E /* Model */ = {
			isa = PBXGroup;
			children = (
				55525A7C2440E0250084E97E /* Experience.swift */,
				55525A7E2440E0400084E97E /* Media.swift */,
			);
			path = Model;
			sourceTree = "<group>";
		};
		55525A792440D42B0084E97E /* View Controllers */ = {
			isa = PBXGroup;
			children = (
				55525A7A2440D62F0084E97E /* MapViewController.swift */,
			);
			path = "View Controllers";
			sourceTree = "<group>";
		};
/* End PBXGroup section */

/* Begin PBXNativeTarget section */
		55525A592440C43A0084E97E /* Experiences */ = {
			isa = PBXNativeTarget;
			buildConfigurationList = 55525A6E2440C43E0084E97E /* Build configuration list for PBXNativeTarget "Experiences" */;
			buildPhases = (
				55525A562440C43A0084E97E /* Sources */,
				55525A572440C43A0084E97E /* Frameworks */,
				55525A582440C43A0084E97E /* Resources */,
			);
			buildRules = (
			);
			dependencies = (
			);
			name = Experiences;
			productName = Experiences;
			productReference = 55525A5A2440C43A0084E97E /* Experiences.app */;
			productType = "com.apple.product-type.application";
		};
/* End PBXNativeTarget section */

/* Begin PBXProject section */
		55525A522440C4390084E97E /* Project object */ = {
			isa = PBXProject;
			attributes = {
				LastSwiftUpdateCheck = 1140;
				LastUpgradeCheck = 1140;
				ORGANIZATIONNAME = "Keri Levesque";
				TargetAttributes = {
					55525A592440C43A0084E97E = {
						CreatedOnToolsVersion = 11.4;
					};
				};
			};
			buildConfigurationList = 55525A552440C4390084E97E /* Build configuration list for PBXProject "Experiences" */;
			compatibilityVersion = "Xcode 9.3";
			developmentRegion = en;
			hasScannedForEncodings = 0;
			knownRegions = (
				en,
				Base,
			);
			mainGroup = 55525A512440C4390084E97E;
			productRefGroup = 55525A5B2440C43A0084E97E /* Products */;
			projectDirPath = "";
			projectRoot = "";
			targets = (
				55525A592440C43A0084E97E /* Experiences */,
			);
		};
/* End PBXProject section */

/* Begin PBXResourcesBuildPhase section */
		55525A582440C43A0084E97E /* Resources */ = {
			isa = PBXResourcesBuildPhase;
			buildActionMask = 2147483647;
			files = (
				55525A6A2440C43E0084E97E /* LaunchScreen.storyboard in Resources */,
				55525A672440C43E0084E97E /* Assets.xcassets in Resources */,
				55525A652440C43A0084E97E /* Main.storyboard in Resources */,
			);
			runOnlyForDeploymentPostprocessing = 0;
		};
/* End PBXResourcesBuildPhase section */

/* Begin PBXSourcesBuildPhase section */
		55525A562440C43A0084E97E /* Sources */ = {
			isa = PBXSourcesBuildPhase;
			buildActionMask = 2147483647;
			files = (
				55525A5E2440C43A0084E97E /* AppDelegate.swift in Sources */,
				55525A7B2440D62F0084E97E /* MapViewController.swift in Sources */,
				55525A602440C43A0084E97E /* SceneDelegate.swift in Sources */,
				55525A7D2440E0250084E97E /* Experience.swift in Sources */,
				55525A7F2440E0400084E97E /* Media.swift in Sources */,
			);
			runOnlyForDeploymentPostprocessing = 0;
		};
/* End PBXSourcesBuildPhase section */

/* Begin PBXVariantGroup section */
		55525A632440C43A0084E97E /* Main.storyboard */ = {
			isa = PBXVariantGroup;
			children = (
				55525A642440C43A0084E97E /* Base */,
			);
			name = Main.storyboard;
			sourceTree = "<group>";
		};
		55525A682440C43E0084E97E /* LaunchScreen.storyboard */ = {
			isa = PBXVariantGroup;
			children = (
				55525A692440C43E0084E97E /* Base */,
			);
			name = LaunchScreen.storyboard;
			sourceTree = "<group>";
		};
/* End PBXVariantGroup section */

/* Begin XCBuildConfiguration section */
		55525A6C2440C43E0084E97E /* Debug */ = {
			isa = XCBuildConfiguration;
			buildSettings = {
				ALWAYS_SEARCH_USER_PATHS = NO;
				CLANG_ANALYZER_NONNULL = YES;
				CLANG_ANALYZER_NUMBER_OBJECT_CONVERSION = YES_AGGRESSIVE;
				CLANG_CXX_LANGUAGE_STANDARD = "gnu++14";
				CLANG_CXX_LIBRARY = "libc++";
				CLANG_ENABLE_MODULES = YES;
				CLANG_ENABLE_OBJC_ARC = YES;
				CLANG_ENABLE_OBJC_WEAK = YES;
				CLANG_WARN_BLOCK_CAPTURE_AUTORELEASING = YES;
				CLANG_WARN_BOOL_CONVERSION = YES;
				CLANG_WARN_COMMA = YES;
				CLANG_WARN_CONSTANT_CONVERSION = YES;
				CLANG_WARN_DEPRECATED_OBJC_IMPLEMENTATIONS = YES;
				CLANG_WARN_DIRECT_OBJC_ISA_USAGE = YES_ERROR;
				CLANG_WARN_DOCUMENTATION_COMMENTS = YES;
				CLANG_WARN_EMPTY_BODY = YES;
				CLANG_WARN_ENUM_CONVERSION = YES;
				CLANG_WARN_INFINITE_RECURSION = YES;
				CLANG_WARN_INT_CONVERSION = YES;
				CLANG_WARN_NON_LITERAL_NULL_CONVERSION = YES;
				CLANG_WARN_OBJC_IMPLICIT_RETAIN_SELF = YES;
				CLANG_WARN_OBJC_LITERAL_CONVERSION = YES;
				CLANG_WARN_OBJC_ROOT_CLASS = YES_ERROR;
				CLANG_WARN_RANGE_LOOP_ANALYSIS = YES;
				CLANG_WARN_STRICT_PROTOTYPES = YES;
				CLANG_WARN_SUSPICIOUS_MOVE = YES;
				CLANG_WARN_UNGUARDED_AVAILABILITY = YES_AGGRESSIVE;
				CLANG_WARN_UNREACHABLE_CODE = YES;
				CLANG_WARN__DUPLICATE_METHOD_MATCH = YES;
				COPY_PHASE_STRIP = NO;
				DEBUG_INFORMATION_FORMAT = dwarf;
				ENABLE_STRICT_OBJC_MSGSEND = YES;
				ENABLE_TESTABILITY = YES;
				GCC_C_LANGUAGE_STANDARD = gnu11;
				GCC_DYNAMIC_NO_PIC = NO;
				GCC_NO_COMMON_BLOCKS = YES;
				GCC_OPTIMIZATION_LEVEL = 0;
				GCC_PREPROCESSOR_DEFINITIONS = (
					"DEBUG=1",
					"$(inherited)",
				);
				GCC_WARN_64_TO_32_BIT_CONVERSION = YES;
				GCC_WARN_ABOUT_RETURN_TYPE = YES_ERROR;
				GCC_WARN_UNDECLARED_SELECTOR = YES;
				GCC_WARN_UNINITIALIZED_AUTOS = YES_AGGRESSIVE;
				GCC_WARN_UNUSED_FUNCTION = YES;
				GCC_WARN_UNUSED_VARIABLE = YES;
				IPHONEOS_DEPLOYMENT_TARGET = 13.4;
				MTL_ENABLE_DEBUG_INFO = INCLUDE_SOURCE;
				MTL_FAST_MATH = YES;
				ONLY_ACTIVE_ARCH = YES;
				SDKROOT = iphoneos;
				SWIFT_ACTIVE_COMPILATION_CONDITIONS = DEBUG;
				SWIFT_OPTIMIZATION_LEVEL = "-Onone";
			};
			name = Debug;
		};
		55525A6D2440C43E0084E97E /* Release */ = {
			isa = XCBuildConfiguration;
			buildSettings = {
				ALWAYS_SEARCH_USER_PATHS = NO;
				CLANG_ANALYZER_NONNULL = YES;
				CLANG_ANALYZER_NUMBER_OBJECT_CONVERSION = YES_AGGRESSIVE;
				CLANG_CXX_LANGUAGE_STANDARD = "gnu++14";
				CLANG_CXX_LIBRARY = "libc++";
				CLANG_ENABLE_MODULES = YES;
				CLANG_ENABLE_OBJC_ARC = YES;
				CLANG_ENABLE_OBJC_WEAK = YES;
				CLANG_WARN_BLOCK_CAPTURE_AUTORELEASING = YES;
				CLANG_WARN_BOOL_CONVERSION = YES;
				CLANG_WARN_COMMA = YES;
				CLANG_WARN_CONSTANT_CONVERSION = YES;
				CLANG_WARN_DEPRECATED_OBJC_IMPLEMENTATIONS = YES;
				CLANG_WARN_DIRECT_OBJC_ISA_USAGE = YES_ERROR;
				CLANG_WARN_DOCUMENTATION_COMMENTS = YES;
				CLANG_WARN_EMPTY_BODY = YES;
				CLANG_WARN_ENUM_CONVERSION = YES;
				CLANG_WARN_INFINITE_RECURSION = YES;
				CLANG_WARN_INT_CONVERSION = YES;
				CLANG_WARN_NON_LITERAL_NULL_CONVERSION = YES;
				CLANG_WARN_OBJC_IMPLICIT_RETAIN_SELF = YES;
				CLANG_WARN_OBJC_LITERAL_CONVERSION = YES;
				CLANG_WARN_OBJC_ROOT_CLASS = YES_ERROR;
				CLANG_WARN_RANGE_LOOP_ANALYSIS = YES;
				CLANG_WARN_STRICT_PROTOTYPES = YES;
				CLANG_WARN_SUSPICIOUS_MOVE = YES;
				CLANG_WARN_UNGUARDED_AVAILABILITY = YES_AGGRESSIVE;
				CLANG_WARN_UNREACHABLE_CODE = YES;
				CLANG_WARN__DUPLICATE_METHOD_MATCH = YES;
				COPY_PHASE_STRIP = NO;
				DEBUG_INFORMATION_FORMAT = "dwarf-with-dsym";
				ENABLE_NS_ASSERTIONS = NO;
				ENABLE_STRICT_OBJC_MSGSEND = YES;
				GCC_C_LANGUAGE_STANDARD = gnu11;
				GCC_NO_COMMON_BLOCKS = YES;
				GCC_WARN_64_TO_32_BIT_CONVERSION = YES;
				GCC_WARN_ABOUT_RETURN_TYPE = YES_ERROR;
				GCC_WARN_UNDECLARED_SELECTOR = YES;
				GCC_WARN_UNINITIALIZED_AUTOS = YES_AGGRESSIVE;
				GCC_WARN_UNUSED_FUNCTION = YES;
				GCC_WARN_UNUSED_VARIABLE = YES;
				IPHONEOS_DEPLOYMENT_TARGET = 13.4;
				MTL_ENABLE_DEBUG_INFO = NO;
				MTL_FAST_MATH = YES;
				SDKROOT = iphoneos;
				SWIFT_COMPILATION_MODE = wholemodule;
				SWIFT_OPTIMIZATION_LEVEL = "-O";
				VALIDATE_PRODUCT = YES;
			};
			name = Release;
		};
		55525A6F2440C43E0084E97E /* Debug */ = {
			isa = XCBuildConfiguration;
			buildSettings = {
				ASSETCATALOG_COMPILER_APPICON_NAME = AppIcon;
				CODE_SIGN_STYLE = Automatic;
				INFOPLIST_FILE = Experiences/Info.plist;
				LD_RUNPATH_SEARCH_PATHS = (
					"$(inherited)",
					"@executable_path/Frameworks",
				);
				PRODUCT_BUNDLE_IDENTIFIER = com.example.Experiences;
				PRODUCT_NAME = "$(TARGET_NAME)";
				SWIFT_VERSION = 5.0;
				TARGETED_DEVICE_FAMILY = "1,2";
			};
			name = Debug;
		};
		55525A702440C43E0084E97E /* Release */ = {
			isa = XCBuildConfiguration;
			buildSettings = {
				ASSETCATALOG_COMPILER_APPICON_NAME = AppIcon;
				CODE_SIGN_STYLE = Automatic;
				INFOPLIST_FILE = Experiences/Info.plist;
				LD_RUNPATH_SEARCH_PATHS = (
					"$(inherited)",
					"@executable_path/Frameworks",
				);
				PRODUCT_BUNDLE_IDENTIFIER = com.example.Experiences;
				PRODUCT_NAME = "$(TARGET_NAME)";
				SWIFT_VERSION = 5.0;
				TARGETED_DEVICE_FAMILY = "1,2";
			};
			name = Release;
		};
/* End XCBuildConfiguration section */

/* Begin XCConfigurationList section */
		55525A552440C4390084E97E /* Build configuration list for PBXProject "Experiences" */ = {
			isa = XCConfigurationList;
			buildConfigurations = (
				55525A6C2440C43E0084E97E /* Debug */,
				55525A6D2440C43E0084E97E /* Release */,
			);
			defaultConfigurationIsVisible = 0;
			defaultConfigurationName = Release;
		};
		55525A6E2440C43E0084E97E /* Build configuration list for PBXNativeTarget "Experiences" */ = {
			isa = XCConfigurationList;
			buildConfigurations = (
				55525A6F2440C43E0084E97E /* Debug */,
				55525A702440C43E0084E97E /* Release */,
			);
			defaultConfigurationIsVisible = 0;
			defaultConfigurationName = Release;
		};
/* End XCConfigurationList section */
	};
	rootObject = 55525A522440C4390084E97E /* Project object */;
}
