// !$*UTF8*$!
{
	archiveVersion = 1;
	classes = {
	};
	objectVersion = 50;
	objects = {

/* Begin PBXBuildFile section */
		D72F65612479AF5E0006C91B /* AppDelegate.swift in Sources */ = {isa = PBXBuildFile; fileRef = D72F65602479AF5E0006C91B /* AppDelegate.swift */; };
		D72F65632479AF5E0006C91B /* SceneDelegate.swift in Sources */ = {isa = PBXBuildFile; fileRef = D72F65622479AF5E0006C91B /* SceneDelegate.swift */; };
		D72F656A2479AF600006C91B /* Assets.xcassets in Resources */ = {isa = PBXBuildFile; fileRef = D72F65692479AF600006C91B /* Assets.xcassets */; };
		D72F656D2479AF600006C91B /* LaunchScreen.storyboard in Resources */ = {isa = PBXBuildFile; fileRef = D72F656B2479AF600006C91B /* LaunchScreen.storyboard */; };
		D72F65782479B0A40006C91B /* ExperiencesTabBarController.swift in Sources */ = {isa = PBXBuildFile; fileRef = D72F65772479B0A40006C91B /* ExperiencesTabBarController.swift */; };
		D72F657A2479B1A30006C91B /* DocumentsTableViewController.swift in Sources */ = {isa = PBXBuildFile; fileRef = D72F65792479B1A30006C91B /* DocumentsTableViewController.swift */; };
		D72F657C2479B1E00006C91B /* ExperiencesMapViewController.swift in Sources */ = {isa = PBXBuildFile; fileRef = D72F657B2479B1E00006C91B /* ExperiencesMapViewController.swift */; };
		D72F65812479B66E0006C91B /* AudioManager.swift in Sources */ = {isa = PBXBuildFile; fileRef = D72F65802479B66E0006C91B /* AudioManager.swift */; };
		D72F65832479BDF00006C91B /* LocationManager.swift in Sources */ = {isa = PBXBuildFile; fileRef = D72F65822479BDF00006C91B /* LocationManager.swift */; };
		D72F65852479BF6D0006C91B /* VideoRecordingManager.swift in Sources */ = {isa = PBXBuildFile; fileRef = D72F65842479BF6D0006C91B /* VideoRecordingManager.swift */; };
		D72F65882479C46E0006C91B /* CameraPreviewView.swift in Sources */ = {isa = PBXBuildFile; fileRef = D72F65872479C46E0006C91B /* CameraPreviewView.swift */; };
		D72F658B2479C61B0006C91B /* UIImage+Scaling.swift in Sources */ = {isa = PBXBuildFile; fileRef = D72F658A2479C61B0006C91B /* UIImage+Scaling.swift */; };
		D72F658D2479C6910006C91B /* URL+Ext.swift in Sources */ = {isa = PBXBuildFile; fileRef = D72F658C2479C6910006C91B /* URL+Ext.swift */; };
		D72F658F2479C6E20006C91B /* Experience+MKAnnotation.swift in Sources */ = {isa = PBXBuildFile; fileRef = D72F658E2479C6E20006C91B /* Experience+MKAnnotation.swift */; };
		D72F65932479C7A80006C91B /* Experiences.xcdatamodeld in Sources */ = {isa = PBXBuildFile; fileRef = D72F65912479C7A80006C91B /* Experiences.xcdatamodeld */; };
		D72F65952479C9270006C91B /* Experience+Convenience.swift in Sources */ = {isa = PBXBuildFile; fileRef = D72F65942479C9270006C91B /* Experience+Convenience.swift */; };
		D72F65972479CA130006C91B /* CoreDataStack.swift in Sources */ = {isa = PBXBuildFile; fileRef = D72F65962479CA130006C91B /* CoreDataStack.swift */; };
/* End PBXBuildFile section */

/* Begin PBXFileReference section */
		D72F655D2479AF5E0006C91B /* Experiences.app */ = {isa = PBXFileReference; explicitFileType = wrapper.application; includeInIndex = 0; path = Experiences.app; sourceTree = BUILT_PRODUCTS_DIR; };
		D72F65602479AF5E0006C91B /* AppDelegate.swift */ = {isa = PBXFileReference; lastKnownFileType = sourcecode.swift; path = AppDelegate.swift; sourceTree = "<group>"; };
		D72F65622479AF5E0006C91B /* SceneDelegate.swift */ = {isa = PBXFileReference; lastKnownFileType = sourcecode.swift; path = SceneDelegate.swift; sourceTree = "<group>"; };
		D72F65692479AF600006C91B /* Assets.xcassets */ = {isa = PBXFileReference; lastKnownFileType = folder.assetcatalog; path = Assets.xcassets; sourceTree = "<group>"; };
		D72F656C2479AF600006C91B /* Base */ = {isa = PBXFileReference; lastKnownFileType = file.storyboard; name = Base; path = Base.lproj/LaunchScreen.storyboard; sourceTree = "<group>"; };
		D72F656E2479AF600006C91B /* Info.plist */ = {isa = PBXFileReference; lastKnownFileType = text.plist.xml; path = Info.plist; sourceTree = "<group>"; };
		D72F65772479B0A40006C91B /* ExperiencesTabBarController.swift */ = {isa = PBXFileReference; lastKnownFileType = sourcecode.swift; path = ExperiencesTabBarController.swift; sourceTree = "<group>"; };
		D72F65792479B1A30006C91B /* DocumentsTableViewController.swift */ = {isa = PBXFileReference; lastKnownFileType = sourcecode.swift; path = DocumentsTableViewController.swift; sourceTree = "<group>"; };
		D72F657B2479B1E00006C91B /* ExperiencesMapViewController.swift */ = {isa = PBXFileReference; lastKnownFileType = sourcecode.swift; path = ExperiencesMapViewController.swift; sourceTree = "<group>"; };
		D72F65802479B66E0006C91B /* AudioManager.swift */ = {isa = PBXFileReference; lastKnownFileType = sourcecode.swift; path = AudioManager.swift; sourceTree = "<group>"; };
		D72F65822479BDF00006C91B /* LocationManager.swift */ = {isa = PBXFileReference; lastKnownFileType = sourcecode.swift; path = LocationManager.swift; sourceTree = "<group>"; };
		D72F65842479BF6D0006C91B /* VideoRecordingManager.swift */ = {isa = PBXFileReference; lastKnownFileType = sourcecode.swift; path = VideoRecordingManager.swift; sourceTree = "<group>"; };
		D72F65872479C46E0006C91B /* CameraPreviewView.swift */ = {isa = PBXFileReference; lastKnownFileType = sourcecode.swift; path = CameraPreviewView.swift; sourceTree = "<group>"; };
		D72F658A2479C61B0006C91B /* UIImage+Scaling.swift */ = {isa = PBXFileReference; lastKnownFileType = sourcecode.swift; path = "UIImage+Scaling.swift"; sourceTree = "<group>"; };
		D72F658C2479C6910006C91B /* URL+Ext.swift */ = {isa = PBXFileReference; lastKnownFileType = sourcecode.swift; path = "URL+Ext.swift"; sourceTree = "<group>"; };
		D72F658E2479C6E20006C91B /* Experience+MKAnnotation.swift */ = {isa = PBXFileReference; lastKnownFileType = sourcecode.swift; path = "Experience+MKAnnotation.swift"; sourceTree = "<group>"; };
		D72F65922479C7A80006C91B /* Experiences.xcdatamodel */ = {isa = PBXFileReference; lastKnownFileType = wrapper.xcdatamodel; path = Experiences.xcdatamodel; sourceTree = "<group>"; };
		D72F65942479C9270006C91B /* Experience+Convenience.swift */ = {isa = PBXFileReference; lastKnownFileType = sourcecode.swift; path = "Experience+Convenience.swift"; sourceTree = "<group>"; };
		D72F65962479CA130006C91B /* CoreDataStack.swift */ = {isa = PBXFileReference; lastKnownFileType = sourcecode.swift; path = CoreDataStack.swift; sourceTree = "<group>"; };
/* End PBXFileReference section */

/* Begin PBXFrameworksBuildPhase section */
		D72F655A2479AF5E0006C91B /* Frameworks */ = {
			isa = PBXFrameworksBuildPhase;
			buildActionMask = 2147483647;
			files = (
			);
			runOnlyForDeploymentPostprocessing = 0;
		};
/* End PBXFrameworksBuildPhase section */

/* Begin PBXGroup section */
		D72F65542479AF5E0006C91B = {
			isa = PBXGroup;
			children = (
				D72F655F2479AF5E0006C91B /* Experiences */,
				D72F655E2479AF5E0006C91B /* Products */,
			);
			sourceTree = "<group>";
		};
		D72F655E2479AF5E0006C91B /* Products */ = {
			isa = PBXGroup;
			children = (
				D72F655D2479AF5E0006C91B /* Experiences.app */,
			);
			name = Products;
			sourceTree = "<group>";
		};
		D72F655F2479AF5E0006C91B /* Experiences */ = {
			isa = PBXGroup;
			children = (
				D72F65902479C7850006C91B /* Models */,
				D72F65752479B06B0006C91B /* Controllers */,
				D72F65762479B0740006C91B /* Helper */,
				D72F65742479AFF70006C91B /* Support */,
				D72F657D2479B6230006C91B /* View */,
			);
			path = Experiences;
			sourceTree = "<group>";
		};
		D72F65742479AFF70006C91B /* Support */ = {
			isa = PBXGroup;
			children = (
				D72F65862479C45F0006C91B /* Custom Views */,
				D72F65602479AF5E0006C91B /* AppDelegate.swift */,
				D72F65622479AF5E0006C91B /* SceneDelegate.swift */,
				D72F656E2479AF600006C91B /* Info.plist */,
				D72F65692479AF600006C91B /* Assets.xcassets */,
			);
			path = Support;
			sourceTree = "<group>";
		};
		D72F65752479B06B0006C91B /* Controllers */ = {
			isa = PBXGroup;
			children = (
				D72F65772479B0A40006C91B /* ExperiencesTabBarController.swift */,
				D72F65792479B1A30006C91B /* DocumentsTableViewController.swift */,
				D72F657B2479B1E00006C91B /* ExperiencesMapViewController.swift */,
			);
			path = Controllers;
			sourceTree = "<group>";
		};
		D72F65762479B0740006C91B /* Helper */ = {
			isa = PBXGroup;
			children = (
				D72F65892479C5EF0006C91B /* Extensions */,
				D72F657F2479B65C0006C91B /* Managers */,
			);
			path = Helper;
			sourceTree = "<group>";
		};
		D72F657D2479B6230006C91B /* View */ = {
			isa = PBXGroup;
			children = (
				D72F657E2479B62E0006C91B /* Storyboards */,
			);
			path = View;
			sourceTree = "<group>";
		};
		D72F657E2479B62E0006C91B /* Storyboards */ = {
			isa = PBXGroup;
			children = (
				D72F656B2479AF600006C91B /* LaunchScreen.storyboard */,
			);
			path = Storyboards;
			sourceTree = "<group>";
		};
		D72F657F2479B65C0006C91B /* Managers */ = {
			isa = PBXGroup;
			children = (
				D72F65802479B66E0006C91B /* AudioManager.swift */,
				D72F65822479BDF00006C91B /* LocationManager.swift */,
				D72F65842479BF6D0006C91B /* VideoRecordingManager.swift */,
			);
			path = Managers;
			sourceTree = "<group>";
		};
		D72F65862479C45F0006C91B /* Custom Views */ = {
			isa = PBXGroup;
			children = (
				D72F65872479C46E0006C91B /* CameraPreviewView.swift */,
			);
			path = "Custom Views";
			sourceTree = "<group>";
		};
		D72F65892479C5EF0006C91B /* Extensions */ = {
			isa = PBXGroup;
			children = (
				D72F658A2479C61B0006C91B /* UIImage+Scaling.swift */,
				D72F658C2479C6910006C91B /* URL+Ext.swift */,
				D72F658E2479C6E20006C91B /* Experience+MKAnnotation.swift */,
			);
			path = Extensions;
			sourceTree = "<group>";
		};
		D72F65902479C7850006C91B /* Models */ = {
			isa = PBXGroup;
			children = (
				D72F65912479C7A80006C91B /* Experiences.xcdatamodeld */,
				D72F65942479C9270006C91B /* Experience+Convenience.swift */,
				D72F65962479CA130006C91B /* CoreDataStack.swift */,
			);
			path = Models;
			sourceTree = "<group>";
		};
/* End PBXGroup section */

/* Begin PBXNativeTarget section */
		D72F655C2479AF5E0006C91B /* Experiences */ = {
			isa = PBXNativeTarget;
			buildConfigurationList = D72F65712479AF600006C91B /* Build configuration list for PBXNativeTarget "Experiences" */;
			buildPhases = (
				D72F65592479AF5E0006C91B /* Sources */,
				D72F655A2479AF5E0006C91B /* Frameworks */,
				D72F655B2479AF5E0006C91B /* Resources */,
			);
			buildRules = (
			);
			dependencies = (
			);
			name = Experiences;
			productName = Experiences;
			productReference = D72F655D2479AF5E0006C91B /* Experiences.app */;
			productType = "com.apple.product-type.application";
		};
/* End PBXNativeTarget section */

/* Begin PBXProject section */
		D72F65552479AF5E0006C91B /* Project object */ = {
			isa = PBXProject;
			attributes = {
				LastSwiftUpdateCheck = 1140;
				LastUpgradeCheck = 1140;
				ORGANIZATIONNAME = AlphaGradeINC;
				TargetAttributes = {
					D72F655C2479AF5E0006C91B = {
						CreatedOnToolsVersion = 11.4.1;
					};
				};
			};
			buildConfigurationList = D72F65582479AF5E0006C91B /* Build configuration list for PBXProject "Experiences" */;
			compatibilityVersion = "Xcode 9.3";
			developmentRegion = en;
			hasScannedForEncodings = 0;
			knownRegions = (
				en,
				Base,
			);
			mainGroup = D72F65542479AF5E0006C91B;
			productRefGroup = D72F655E2479AF5E0006C91B /* Products */;
			projectDirPath = "";
			projectRoot = "";
			targets = (
				D72F655C2479AF5E0006C91B /* Experiences */,
			);
		};
/* End PBXProject section */

/* Begin PBXResourcesBuildPhase section */
		D72F655B2479AF5E0006C91B /* Resources */ = {
			isa = PBXResourcesBuildPhase;
			buildActionMask = 2147483647;
			files = (
				D72F656D2479AF600006C91B /* LaunchScreen.storyboard in Resources */,
				D72F656A2479AF600006C91B /* Assets.xcassets in Resources */,
			);
			runOnlyForDeploymentPostprocessing = 0;
		};
/* End PBXResourcesBuildPhase section */

/* Begin PBXSourcesBuildPhase section */
		D72F65592479AF5E0006C91B /* Sources */ = {
			isa = PBXSourcesBuildPhase;
			buildActionMask = 2147483647;
			files = (
				D72F65972479CA130006C91B /* CoreDataStack.swift in Sources */,
				D72F65812479B66E0006C91B /* AudioManager.swift in Sources */,
				D72F658B2479C61B0006C91B /* UIImage+Scaling.swift in Sources */,
				D72F658F2479C6E20006C91B /* Experience+MKAnnotation.swift in Sources */,
				D72F657C2479B1E00006C91B /* ExperiencesMapViewController.swift in Sources */,
				D72F65882479C46E0006C91B /* CameraPreviewView.swift in Sources */,
				D72F65932479C7A80006C91B /* Experiences.xcdatamodeld in Sources */,
				D72F65782479B0A40006C91B /* ExperiencesTabBarController.swift in Sources */,
				D72F65832479BDF00006C91B /* LocationManager.swift in Sources */,
				D72F658D2479C6910006C91B /* URL+Ext.swift in Sources */,
				D72F657A2479B1A30006C91B /* DocumentsTableViewController.swift in Sources */,
				D72F65852479BF6D0006C91B /* VideoRecordingManager.swift in Sources */,
				D72F65612479AF5E0006C91B /* AppDelegate.swift in Sources */,
				D72F65632479AF5E0006C91B /* SceneDelegate.swift in Sources */,
				D72F65952479C9270006C91B /* Experience+Convenience.swift in Sources */,
			);
			runOnlyForDeploymentPostprocessing = 0;
		};
/* End PBXSourcesBuildPhase section */

/* Begin PBXVariantGroup section */
		D72F656B2479AF600006C91B /* LaunchScreen.storyboard */ = {
			isa = PBXVariantGroup;
			children = (
				D72F656C2479AF600006C91B /* Base */,
			);
			name = LaunchScreen.storyboard;
			sourceTree = "<group>";
		};
/* End PBXVariantGroup section */

/* Begin XCBuildConfiguration section */
		D72F656F2479AF600006C91B /* Debug */ = {
			isa = XCBuildConfiguration;
			buildSettings = {
				ALWAYS_SEARCH_USER_PATHS = NO;
				CLANG_ANALYZER_NONNULL = YES;
				CLANG_ANALYZER_NUMBER_OBJECT_CONVERSION = YES_AGGRESSIVE;
				CLANG_CXX_LANGUAGE_STANDARD = "gnu++14";
				CLANG_CXX_LIBRARY = "libc++";
				CLANG_ENABLE_MODULES = YES;
				CLANG_ENABLE_OBJC_ARC = YES;
				CLANG_ENABLE_OBJC_WEAK = YES;
				CLANG_WARN_BLOCK_CAPTURE_AUTORELEASING = YES;
				CLANG_WARN_BOOL_CONVERSION = YES;
				CLANG_WARN_COMMA = YES;
				CLANG_WARN_CONSTANT_CONVERSION = YES;
				CLANG_WARN_DEPRECATED_OBJC_IMPLEMENTATIONS = YES;
				CLANG_WARN_DIRECT_OBJC_ISA_USAGE = YES_ERROR;
				CLANG_WARN_DOCUMENTATION_COMMENTS = YES;
				CLANG_WARN_EMPTY_BODY = YES;
				CLANG_WARN_ENUM_CONVERSION = YES;
				CLANG_WARN_INFINITE_RECURSION = YES;
				CLANG_WARN_INT_CONVERSION = YES;
				CLANG_WARN_NON_LITERAL_NULL_CONVERSION = YES;
				CLANG_WARN_OBJC_IMPLICIT_RETAIN_SELF = YES;
				CLANG_WARN_OBJC_LITERAL_CONVERSION = YES;
				CLANG_WARN_OBJC_ROOT_CLASS = YES_ERROR;
				CLANG_WARN_RANGE_LOOP_ANALYSIS = YES;
				CLANG_WARN_STRICT_PROTOTYPES = YES;
				CLANG_WARN_SUSPICIOUS_MOVE = YES;
				CLANG_WARN_UNGUARDED_AVAILABILITY = YES_AGGRESSIVE;
				CLANG_WARN_UNREACHABLE_CODE = YES;
				CLANG_WARN__DUPLICATE_METHOD_MATCH = YES;
				COPY_PHASE_STRIP = NO;
				DEBUG_INFORMATION_FORMAT = dwarf;
				ENABLE_STRICT_OBJC_MSGSEND = YES;
				ENABLE_TESTABILITY = YES;
				GCC_C_LANGUAGE_STANDARD = gnu11;
				GCC_DYNAMIC_NO_PIC = NO;
				GCC_NO_COMMON_BLOCKS = YES;
				GCC_OPTIMIZATION_LEVEL = 0;
				GCC_PREPROCESSOR_DEFINITIONS = (
					"DEBUG=1",
					"$(inherited)",
				);
				GCC_WARN_64_TO_32_BIT_CONVERSION = YES;
				GCC_WARN_ABOUT_RETURN_TYPE = YES_ERROR;
				GCC_WARN_UNDECLARED_SELECTOR = YES;
				GCC_WARN_UNINITIALIZED_AUTOS = YES_AGGRESSIVE;
				GCC_WARN_UNUSED_FUNCTION = YES;
				GCC_WARN_UNUSED_VARIABLE = YES;
				IPHONEOS_DEPLOYMENT_TARGET = 13.4;
				MTL_ENABLE_DEBUG_INFO = INCLUDE_SOURCE;
				MTL_FAST_MATH = YES;
				ONLY_ACTIVE_ARCH = YES;
				SDKROOT = iphoneos;
				SWIFT_ACTIVE_COMPILATION_CONDITIONS = DEBUG;
				SWIFT_OPTIMIZATION_LEVEL = "-Onone";
			};
			name = Debug;
		};
		D72F65702479AF600006C91B /* Release */ = {
			isa = XCBuildConfiguration;
			buildSettings = {
				ALWAYS_SEARCH_USER_PATHS = NO;
				CLANG_ANALYZER_NONNULL = YES;
				CLANG_ANALYZER_NUMBER_OBJECT_CONVERSION = YES_AGGRESSIVE;
				CLANG_CXX_LANGUAGE_STANDARD = "gnu++14";
				CLANG_CXX_LIBRARY = "libc++";
				CLANG_ENABLE_MODULES = YES;
				CLANG_ENABLE_OBJC_ARC = YES;
				CLANG_ENABLE_OBJC_WEAK = YES;
				CLANG_WARN_BLOCK_CAPTURE_AUTORELEASING = YES;
				CLANG_WARN_BOOL_CONVERSION = YES;
				CLANG_WARN_COMMA = YES;
				CLANG_WARN_CONSTANT_CONVERSION = YES;
				CLANG_WARN_DEPRECATED_OBJC_IMPLEMENTATIONS = YES;
				CLANG_WARN_DIRECT_OBJC_ISA_USAGE = YES_ERROR;
				CLANG_WARN_DOCUMENTATION_COMMENTS = YES;
				CLANG_WARN_EMPTY_BODY = YES;
				CLANG_WARN_ENUM_CONVERSION = YES;
				CLANG_WARN_INFINITE_RECURSION = YES;
				CLANG_WARN_INT_CONVERSION = YES;
				CLANG_WARN_NON_LITERAL_NULL_CONVERSION = YES;
				CLANG_WARN_OBJC_IMPLICIT_RETAIN_SELF = YES;
				CLANG_WARN_OBJC_LITERAL_CONVERSION = YES;
				CLANG_WARN_OBJC_ROOT_CLASS = YES_ERROR;
				CLANG_WARN_RANGE_LOOP_ANALYSIS = YES;
				CLANG_WARN_STRICT_PROTOTYPES = YES;
				CLANG_WARN_SUSPICIOUS_MOVE = YES;
				CLANG_WARN_UNGUARDED_AVAILABILITY = YES_AGGRESSIVE;
				CLANG_WARN_UNREACHABLE_CODE = YES;
				CLANG_WARN__DUPLICATE_METHOD_MATCH = YES;
				COPY_PHASE_STRIP = NO;
				DEBUG_INFORMATION_FORMAT = "dwarf-with-dsym";
				ENABLE_NS_ASSERTIONS = NO;
				ENABLE_STRICT_OBJC_MSGSEND = YES;
				GCC_C_LANGUAGE_STANDARD = gnu11;
				GCC_NO_COMMON_BLOCKS = YES;
				GCC_WARN_64_TO_32_BIT_CONVERSION = YES;
				GCC_WARN_ABOUT_RETURN_TYPE = YES_ERROR;
				GCC_WARN_UNDECLARED_SELECTOR = YES;
				GCC_WARN_UNINITIALIZED_AUTOS = YES_AGGRESSIVE;
				GCC_WARN_UNUSED_FUNCTION = YES;
				GCC_WARN_UNUSED_VARIABLE = YES;
				IPHONEOS_DEPLOYMENT_TARGET = 13.4;
				MTL_ENABLE_DEBUG_INFO = NO;
				MTL_FAST_MATH = YES;
				SDKROOT = iphoneos;
				SWIFT_COMPILATION_MODE = wholemodule;
				SWIFT_OPTIMIZATION_LEVEL = "-O";
				VALIDATE_PRODUCT = YES;
			};
			name = Release;
		};
		D72F65722479AF600006C91B /* Debug */ = {
			isa = XCBuildConfiguration;
			buildSettings = {
				ASSETCATALOG_COMPILER_APPICON_NAME = AppIcon;
				CODE_SIGN_STYLE = Automatic;
				DEVELOPMENT_TEAM = WMWTV546RX;
				INFOPLIST_FILE = Experiences/Support/Info.plist;
				LD_RUNPATH_SEARCH_PATHS = (
					"$(inherited)",
					"@executable_path/Frameworks",
				);
				PRODUCT_BUNDLE_IDENTIFIER = com.AlphaGradeINC.Experiences;
				PRODUCT_NAME = "$(TARGET_NAME)";
				SWIFT_VERSION = 5.0;
				TARGETED_DEVICE_FAMILY = 1;
			};
			name = Debug;
		};
		D72F65732479AF600006C91B /* Release */ = {
			isa = XCBuildConfiguration;
			buildSettings = {
				ASSETCATALOG_COMPILER_APPICON_NAME = AppIcon;
				CODE_SIGN_STYLE = Automatic;
				DEVELOPMENT_TEAM = WMWTV546RX;
				INFOPLIST_FILE = Experiences/Support/Info.plist;
				LD_RUNPATH_SEARCH_PATHS = (
					"$(inherited)",
					"@executable_path/Frameworks",
				);
				PRODUCT_BUNDLE_IDENTIFIER = com.AlphaGradeINC.Experiences;
				PRODUCT_NAME = "$(TARGET_NAME)";
				SWIFT_VERSION = 5.0;
				TARGETED_DEVICE_FAMILY = 1;
			};
			name = Release;
		};
/* End XCBuildConfiguration section */

/* Begin XCConfigurationList section */
		D72F65582479AF5E0006C91B /* Build configuration list for PBXProject "Experiences" */ = {
			isa = XCConfigurationList;
			buildConfigurations = (
				D72F656F2479AF600006C91B /* Debug */,
				D72F65702479AF600006C91B /* Release */,
			);
			defaultConfigurationIsVisible = 0;
			defaultConfigurationName = Release;
		};
		D72F65712479AF600006C91B /* Build configuration list for PBXNativeTarget "Experiences" */ = {
			isa = XCConfigurationList;
			buildConfigurations = (
				D72F65722479AF600006C91B /* Debug */,
				D72F65732479AF600006C91B /* Release */,
			);
			defaultConfigurationIsVisible = 0;
			defaultConfigurationName = Release;
		};
/* End XCConfigurationList section */

/* Begin XCVersionGroup section */
		D72F65912479C7A80006C91B /* Experiences.xcdatamodeld */ = {
			isa = XCVersionGroup;
			children = (
				D72F65922479C7A80006C91B /* Experiences.xcdatamodel */,
			);
			currentVersion = D72F65922479C7A80006C91B /* Experiences.xcdatamodel */;
			path = Experiences.xcdatamodeld;
			sourceTree = "<group>";
			versionGroupType = wrapper.xcdatamodel;
		};
/* End XCVersionGroup section */
	};
	rootObject = D72F65552479AF5E0006C91B /* Project object */;
}
