// !$*UTF8*$!
{
	archiveVersion = 1;
	classes = {
	};
	objectVersion = 50;
	objects = {

/* Begin PBXBuildFile section */
		FC3FAE8722D8008000343EAF /* AppDelegate.swift in Sources */ = {isa = PBXBuildFile; fileRef = FC3FAE8622D8008000343EAF /* AppDelegate.swift */; };
		FC3FAE8922D8008000343EAF /* ExperiencesMapViewController.swift in Sources */ = {isa = PBXBuildFile; fileRef = FC3FAE8822D8008000343EAF /* ExperiencesMapViewController.swift */; };
		FC3FAE8C22D8008000343EAF /* Main.storyboard in Resources */ = {isa = PBXBuildFile; fileRef = FC3FAE8A22D8008000343EAF /* Main.storyboard */; };
		FC3FAE8E22D8008100343EAF /* Assets.xcassets in Resources */ = {isa = PBXBuildFile; fileRef = FC3FAE8D22D8008100343EAF /* Assets.xcassets */; };
		FC3FAE9122D8008100343EAF /* LaunchScreen.storyboard in Resources */ = {isa = PBXBuildFile; fileRef = FC3FAE8F22D8008100343EAF /* LaunchScreen.storyboard */; };
		FC3FAE9922D8482A00343EAF /* NewExperienceViewController.swift in Sources */ = {isa = PBXBuildFile; fileRef = FC3FAE9822D8482A00343EAF /* NewExperienceViewController.swift */; };
		FC3FAE9B22D8486000343EAF /* VideoCaptureViewController.swift in Sources */ = {isa = PBXBuildFile; fileRef = FC3FAE9A22D8486000343EAF /* VideoCaptureViewController.swift */; };
		FC3FAE9D22D8AE1A00343EAF /* Experience.swift in Sources */ = {isa = PBXBuildFile; fileRef = FC3FAE9C22D8AE1900343EAF /* Experience.swift */; };
		FC3FAEA422D8E26400343EAF /* NewExperienceViewController+InformationalAlert.swift in Sources */ = {isa = PBXBuildFile; fileRef = FC3FAEA322D8E26400343EAF /* NewExperienceViewController+InformationalAlert.swift */; };
		FC3FAEA622D8F7AB00343EAF /* UIImage+Scaling.swift in Sources */ = {isa = PBXBuildFile; fileRef = FC3FAEA522D8F7AB00343EAF /* UIImage+Scaling.swift */; };
		FC3FAEA922D9083900343EAF /* Recorder.swift in Sources */ = {isa = PBXBuildFile; fileRef = FC3FAEA822D9083900343EAF /* Recorder.swift */; };
		FC3FAEAE22D927CB00343EAF /* CameraPreviewView.swift in Sources */ = {isa = PBXBuildFile; fileRef = FC3FAEAD22D927CB00343EAF /* CameraPreviewView.swift */; };
		FC3FAEB022D9465100343EAF /* ExperienceDetailView.swift in Sources */ = {isa = PBXBuildFile; fileRef = FC3FAEAF22D9465100343EAF /* ExperienceDetailView.swift */; };
/* End PBXBuildFile section */

/* Begin PBXFileReference section */
		FC3FAE8322D8008000343EAF /* ExperiencesPractice.app */ = {isa = PBXFileReference; explicitFileType = wrapper.application; includeInIndex = 0; path = ExperiencesPractice.app; sourceTree = BUILT_PRODUCTS_DIR; };
		FC3FAE8622D8008000343EAF /* AppDelegate.swift */ = {isa = PBXFileReference; lastKnownFileType = sourcecode.swift; path = AppDelegate.swift; sourceTree = "<group>"; };
		FC3FAE8822D8008000343EAF /* ExperiencesMapViewController.swift */ = {isa = PBXFileReference; lastKnownFileType = sourcecode.swift; path = ExperiencesMapViewController.swift; sourceTree = "<group>"; };
		FC3FAE8B22D8008000343EAF /* Base */ = {isa = PBXFileReference; lastKnownFileType = file.storyboard; name = Base; path = Base.lproj/Main.storyboard; sourceTree = "<group>"; };
		FC3FAE8D22D8008100343EAF /* Assets.xcassets */ = {isa = PBXFileReference; lastKnownFileType = folder.assetcatalog; path = Assets.xcassets; sourceTree = "<group>"; };
		FC3FAE9022D8008100343EAF /* Base */ = {isa = PBXFileReference; lastKnownFileType = file.storyboard; name = Base; path = Base.lproj/LaunchScreen.storyboard; sourceTree = "<group>"; };
		FC3FAE9222D8008100343EAF /* Info.plist */ = {isa = PBXFileReference; lastKnownFileType = text.plist.xml; path = Info.plist; sourceTree = "<group>"; };
		FC3FAE9822D8482A00343EAF /* NewExperienceViewController.swift */ = {isa = PBXFileReference; lastKnownFileType = sourcecode.swift; path = NewExperienceViewController.swift; sourceTree = "<group>"; };
		FC3FAE9A22D8486000343EAF /* VideoCaptureViewController.swift */ = {isa = PBXFileReference; lastKnownFileType = sourcecode.swift; path = VideoCaptureViewController.swift; sourceTree = "<group>"; };
		FC3FAE9C22D8AE1900343EAF /* Experience.swift */ = {isa = PBXFileReference; lastKnownFileType = sourcecode.swift; path = Experience.swift; sourceTree = "<group>"; };
		FC3FAEA322D8E26400343EAF /* NewExperienceViewController+InformationalAlert.swift */ = {isa = PBXFileReference; lastKnownFileType = sourcecode.swift; name = "NewExperienceViewController+InformationalAlert.swift"; path = "../../View Controllers/NewExperienceViewController+InformationalAlert.swift"; sourceTree = "<group>"; };
		FC3FAEA522D8F7AB00343EAF /* UIImage+Scaling.swift */ = {isa = PBXFileReference; lastKnownFileType = sourcecode.swift; path = "UIImage+Scaling.swift"; sourceTree = "<group>"; };
		FC3FAEA822D9083900343EAF /* Recorder.swift */ = {isa = PBXFileReference; lastKnownFileType = sourcecode.swift; name = Recorder.swift; path = ../Recorder.swift; sourceTree = "<group>"; };
		FC3FAEAD22D927CB00343EAF /* CameraPreviewView.swift */ = {isa = PBXFileReference; lastKnownFileType = sourcecode.swift; path = CameraPreviewView.swift; sourceTree = "<group>"; };
		FC3FAEAF22D9465100343EAF /* ExperienceDetailView.swift */ = {isa = PBXFileReference; lastKnownFileType = sourcecode.swift; path = ExperienceDetailView.swift; sourceTree = "<group>"; };
/* End PBXFileReference section */

/* Begin PBXFrameworksBuildPhase section */
		FC3FAE8022D8008000343EAF /* Frameworks */ = {
			isa = PBXFrameworksBuildPhase;
			buildActionMask = 2147483647;
			files = (
			);
			runOnlyForDeploymentPostprocessing = 0;
		};
/* End PBXFrameworksBuildPhase section */

/* Begin PBXGroup section */
		FC3FAE7A22D8008000343EAF = {
			isa = PBXGroup;
			children = (
				FC3FAE8522D8008000343EAF /* ExperiencesPractice */,
				FC3FAE8422D8008000343EAF /* Products */,
			);
			sourceTree = "<group>";
		};
		FC3FAE8422D8008000343EAF /* Products */ = {
			isa = PBXGroup;
			children = (
				FC3FAE8322D8008000343EAF /* ExperiencesPractice.app */,
			);
			name = Products;
			sourceTree = "<group>";
		};
		FC3FAE8522D8008000343EAF /* ExperiencesPractice */ = {
			isa = PBXGroup;
			children = (
				FC3FAE8622D8008000343EAF /* AppDelegate.swift */,
				FC3FAEA222D8DB7A00343EAF /* View Controllers */,
				FC3FAEA122D8DB6700343EAF /* STORYBOARD */,
				FC3FAEA022D8DB4600343EAF /* MODEL */,
				FC3FAE8D22D8008100343EAF /* Assets.xcassets */,
				FC3FAE8F22D8008100343EAF /* LaunchScreen.storyboard */,
				FC3FAE9222D8008100343EAF /* Info.plist */,
			);
			path = ExperiencesPractice;
			sourceTree = "<group>";
		};
		FC3FAEA022D8DB4600343EAF /* MODEL */ = {
			isa = PBXGroup;
			children = (
				FC3FAE9C22D8AE1900343EAF /* Experience.swift */,
				FC3FAEA722D8F7BF00343EAF /* Helpers */,
			);
			path = MODEL;
			sourceTree = "<group>";
		};
		FC3FAEA122D8DB6700343EAF /* STORYBOARD */ = {
			isa = PBXGroup;
			children = (
				FC3FAE8A22D8008000343EAF /* Main.storyboard */,
			);
			path = STORYBOARD;
			sourceTree = "<group>";
		};
		FC3FAEA222D8DB7A00343EAF /* View Controllers */ = {
			isa = PBXGroup;
			children = (
				FC3FAE9A22D8486000343EAF /* VideoCaptureViewController.swift */,
				FC3FAE9822D8482A00343EAF /* NewExperienceViewController.swift */,
				FC3FAE8822D8008000343EAF /* ExperiencesMapViewController.swift */,
				FC3FAEAA22D9084E00343EAF /* Utility */,
			);
			path = "View Controllers";
			sourceTree = "<group>";
		};
		FC3FAEA722D8F7BF00343EAF /* Helpers */ = {
			isa = PBXGroup;
			children = (
				FC3FAEA322D8E26400343EAF /* NewExperienceViewController+InformationalAlert.swift */,
				FC3FAEA522D8F7AB00343EAF /* UIImage+Scaling.swift */,
				FC3FAEAF22D9465100343EAF /* ExperienceDetailView.swift */,
			);
			path = Helpers;
			sourceTree = "<group>";
		};
		FC3FAEAA22D9084E00343EAF /* Utility */ = {
			isa = PBXGroup;
			children = (
				FC3FAEA822D9083900343EAF /* Recorder.swift */,
				FC3FAEAD22D927CB00343EAF /* CameraPreviewView.swift */,
			);
			path = Utility;
			sourceTree = "<group>";
		};
/* End PBXGroup section */

/* Begin PBXNativeTarget section */
		FC3FAE8222D8008000343EAF /* ExperiencesPractice */ = {
			isa = PBXNativeTarget;
			buildConfigurationList = FC3FAE9522D8008100343EAF /* Build configuration list for PBXNativeTarget "ExperiencesPractice" */;
			buildPhases = (
				FC3FAE7F22D8008000343EAF /* Sources */,
				FC3FAE8022D8008000343EAF /* Frameworks */,
				FC3FAE8122D8008000343EAF /* Resources */,
			);
			buildRules = (
			);
			dependencies = (
			);
			name = ExperiencesPractice;
			productName = ExperiencesPractice;
			productReference = FC3FAE8322D8008000343EAF /* ExperiencesPractice.app */;
			productType = "com.apple.product-type.application";
		};
/* End PBXNativeTarget section */

/* Begin PBXProject section */
		FC3FAE7B22D8008000343EAF /* Project object */ = {
			isa = PBXProject;
			attributes = {
				LastSwiftUpdateCheck = 1020;
				LastUpgradeCheck = 1020;
				ORGANIZATIONNAME = johnpitts;
				TargetAttributes = {
					FC3FAE8222D8008000343EAF = {
						CreatedOnToolsVersion = 10.2.1;
					};
				};
			};
			buildConfigurationList = FC3FAE7E22D8008000343EAF /* Build configuration list for PBXProject "ExperiencesPractice" */;
			compatibilityVersion = "Xcode 9.3";
			developmentRegion = en;
			hasScannedForEncodings = 0;
			knownRegions = (
				en,
				Base,
			);
			mainGroup = FC3FAE7A22D8008000343EAF;
			productRefGroup = FC3FAE8422D8008000343EAF /* Products */;
			projectDirPath = "";
			projectRoot = "";
			targets = (
				FC3FAE8222D8008000343EAF /* ExperiencesPractice */,
			);
		};
/* End PBXProject section */

/* Begin PBXResourcesBuildPhase section */
		FC3FAE8122D8008000343EAF /* Resources */ = {
			isa = PBXResourcesBuildPhase;
			buildActionMask = 2147483647;
			files = (
				FC3FAE9122D8008100343EAF /* LaunchScreen.storyboard in Resources */,
				FC3FAE8E22D8008100343EAF /* Assets.xcassets in Resources */,
				FC3FAE8C22D8008000343EAF /* Main.storyboard in Resources */,
			);
			runOnlyForDeploymentPostprocessing = 0;
		};
/* End PBXResourcesBuildPhase section */

/* Begin PBXSourcesBuildPhase section */
		FC3FAE7F22D8008000343EAF /* Sources */ = {
			isa = PBXSourcesBuildPhase;
			buildActionMask = 2147483647;
			files = (
				FC3FAEA922D9083900343EAF /* Recorder.swift in Sources */,
				FC3FAE8922D8008000343EAF /* ExperiencesMapViewController.swift in Sources */,
				FC3FAEAE22D927CB00343EAF /* CameraPreviewView.swift in Sources */,
				FC3FAE8722D8008000343EAF /* AppDelegate.swift in Sources */,
				FC3FAE9B22D8486000343EAF /* VideoCaptureViewController.swift in Sources */,
				FC3FAE9D22D8AE1A00343EAF /* Experience.swift in Sources */,
				FC3FAEA622D8F7AB00343EAF /* UIImage+Scaling.swift in Sources */,
				FC3FAEA422D8E26400343EAF /* NewExperienceViewController+InformationalAlert.swift in Sources */,
				FC3FAEB022D9465100343EAF /* ExperienceDetailView.swift in Sources */,
				FC3FAE9922D8482A00343EAF /* NewExperienceViewController.swift in Sources */,
			);
			runOnlyForDeploymentPostprocessing = 0;
		};
/* End PBXSourcesBuildPhase section */

/* Begin PBXVariantGroup section */
		FC3FAE8A22D8008000343EAF /* Main.storyboard */ = {
			isa = PBXVariantGroup;
			children = (
				FC3FAE8B22D8008000343EAF /* Base */,
			);
			name = Main.storyboard;
			sourceTree = "<group>";
		};
		FC3FAE8F22D8008100343EAF /* LaunchScreen.storyboard */ = {
			isa = PBXVariantGroup;
			children = (
				FC3FAE9022D8008100343EAF /* Base */,
			);
			name = LaunchScreen.storyboard;
			sourceTree = "<group>";
		};
/* End PBXVariantGroup section */

/* Begin XCBuildConfiguration section */
		FC3FAE9322D8008100343EAF /* Debug */ = {
			isa = XCBuildConfiguration;
			buildSettings = {
				ALWAYS_SEARCH_USER_PATHS = NO;
				CLANG_ANALYZER_NONNULL = YES;
				CLANG_ANALYZER_NUMBER_OBJECT_CONVERSION = YES_AGGRESSIVE;
				CLANG_CXX_LANGUAGE_STANDARD = "gnu++14";
				CLANG_CXX_LIBRARY = "libc++";
				CLANG_ENABLE_MODULES = YES;
				CLANG_ENABLE_OBJC_ARC = YES;
				CLANG_ENABLE_OBJC_WEAK = YES;
				CLANG_WARN_BLOCK_CAPTURE_AUTORELEASING = YES;
				CLANG_WARN_BOOL_CONVERSION = YES;
				CLANG_WARN_COMMA = YES;
				CLANG_WARN_CONSTANT_CONVERSION = YES;
				CLANG_WARN_DEPRECATED_OBJC_IMPLEMENTATIONS = YES;
				CLANG_WARN_DIRECT_OBJC_ISA_USAGE = YES_ERROR;
				CLANG_WARN_DOCUMENTATION_COMMENTS = YES;
				CLANG_WARN_EMPTY_BODY = YES;
				CLANG_WARN_ENUM_CONVERSION = YES;
				CLANG_WARN_INFINITE_RECURSION = YES;
				CLANG_WARN_INT_CONVERSION = YES;
				CLANG_WARN_NON_LITERAL_NULL_CONVERSION = YES;
				CLANG_WARN_OBJC_IMPLICIT_RETAIN_SELF = YES;
				CLANG_WARN_OBJC_LITERAL_CONVERSION = YES;
				CLANG_WARN_OBJC_ROOT_CLASS = YES_ERROR;
				CLANG_WARN_RANGE_LOOP_ANALYSIS = YES;
				CLANG_WARN_STRICT_PROTOTYPES = YES;
				CLANG_WARN_SUSPICIOUS_MOVE = YES;
				CLANG_WARN_UNGUARDED_AVAILABILITY = YES_AGGRESSIVE;
				CLANG_WARN_UNREACHABLE_CODE = YES;
				CLANG_WARN__DUPLICATE_METHOD_MATCH = YES;
				CODE_SIGN_IDENTITY = "iPhone Developer";
				COPY_PHASE_STRIP = NO;
				DEBUG_INFORMATION_FORMAT = dwarf;
				ENABLE_STRICT_OBJC_MSGSEND = YES;
				ENABLE_TESTABILITY = YES;
				GCC_C_LANGUAGE_STANDARD = gnu11;
				GCC_DYNAMIC_NO_PIC = NO;
				GCC_NO_COMMON_BLOCKS = YES;
				GCC_OPTIMIZATION_LEVEL = 0;
				GCC_PREPROCESSOR_DEFINITIONS = (
					"DEBUG=1",
					"$(inherited)",
				);
				GCC_WARN_64_TO_32_BIT_CONVERSION = YES;
				GCC_WARN_ABOUT_RETURN_TYPE = YES_ERROR;
				GCC_WARN_UNDECLARED_SELECTOR = YES;
				GCC_WARN_UNINITIALIZED_AUTOS = YES_AGGRESSIVE;
				GCC_WARN_UNUSED_FUNCTION = YES;
				GCC_WARN_UNUSED_VARIABLE = YES;
				IPHONEOS_DEPLOYMENT_TARGET = 12.2;
				MTL_ENABLE_DEBUG_INFO = INCLUDE_SOURCE;
				MTL_FAST_MATH = YES;
				ONLY_ACTIVE_ARCH = YES;
				SDKROOT = iphoneos;
				SWIFT_ACTIVE_COMPILATION_CONDITIONS = DEBUG;
				SWIFT_OPTIMIZATION_LEVEL = "-Onone";
			};
			name = Debug;
		};
		FC3FAE9422D8008100343EAF /* Release */ = {
			isa = XCBuildConfiguration;
			buildSettings = {
				ALWAYS_SEARCH_USER_PATHS = NO;
				CLANG_ANALYZER_NONNULL = YES;
				CLANG_ANALYZER_NUMBER_OBJECT_CONVERSION = YES_AGGRESSIVE;
				CLANG_CXX_LANGUAGE_STANDARD = "gnu++14";
				CLANG_CXX_LIBRARY = "libc++";
				CLANG_ENABLE_MODULES = YES;
				CLANG_ENABLE_OBJC_ARC = YES;
				CLANG_ENABLE_OBJC_WEAK = YES;
				CLANG_WARN_BLOCK_CAPTURE_AUTORELEASING = YES;
				CLANG_WARN_BOOL_CONVERSION = YES;
				CLANG_WARN_COMMA = YES;
				CLANG_WARN_CONSTANT_CONVERSION = YES;
				CLANG_WARN_DEPRECATED_OBJC_IMPLEMENTATIONS = YES;
				CLANG_WARN_DIRECT_OBJC_ISA_USAGE = YES_ERROR;
				CLANG_WARN_DOCUMENTATION_COMMENTS = YES;
				CLANG_WARN_EMPTY_BODY = YES;
				CLANG_WARN_ENUM_CONVERSION = YES;
				CLANG_WARN_INFINITE_RECURSION = YES;
				CLANG_WARN_INT_CONVERSION = YES;
				CLANG_WARN_NON_LITERAL_NULL_CONVERSION = YES;
				CLANG_WARN_OBJC_IMPLICIT_RETAIN_SELF = YES;
				CLANG_WARN_OBJC_LITERAL_CONVERSION = YES;
				CLANG_WARN_OBJC_ROOT_CLASS = YES_ERROR;
				CLANG_WARN_RANGE_LOOP_ANALYSIS = YES;
				CLANG_WARN_STRICT_PROTOTYPES = YES;
				CLANG_WARN_SUSPICIOUS_MOVE = YES;
				CLANG_WARN_UNGUARDED_AVAILABILITY = YES_AGGRESSIVE;
				CLANG_WARN_UNREACHABLE_CODE = YES;
				CLANG_WARN__DUPLICATE_METHOD_MATCH = YES;
				CODE_SIGN_IDENTITY = "iPhone Developer";
				COPY_PHASE_STRIP = NO;
				DEBUG_INFORMATION_FORMAT = "dwarf-with-dsym";
				ENABLE_NS_ASSERTIONS = NO;
				ENABLE_STRICT_OBJC_MSGSEND = YES;
				GCC_C_LANGUAGE_STANDARD = gnu11;
				GCC_NO_COMMON_BLOCKS = YES;
				GCC_WARN_64_TO_32_BIT_CONVERSION = YES;
				GCC_WARN_ABOUT_RETURN_TYPE = YES_ERROR;
				GCC_WARN_UNDECLARED_SELECTOR = YES;
				GCC_WARN_UNINITIALIZED_AUTOS = YES_AGGRESSIVE;
				GCC_WARN_UNUSED_FUNCTION = YES;
				GCC_WARN_UNUSED_VARIABLE = YES;
				IPHONEOS_DEPLOYMENT_TARGET = 12.2;
				MTL_ENABLE_DEBUG_INFO = NO;
				MTL_FAST_MATH = YES;
				SDKROOT = iphoneos;
				SWIFT_COMPILATION_MODE = wholemodule;
				SWIFT_OPTIMIZATION_LEVEL = "-O";
				VALIDATE_PRODUCT = YES;
			};
			name = Release;
		};
		FC3FAE9622D8008100343EAF /* Debug */ = {
			isa = XCBuildConfiguration;
			buildSettings = {
				ASSETCATALOG_COMPILER_APPICON_NAME = AppIcon;
				CODE_SIGN_STYLE = Automatic;
				DEVELOPMENT_TEAM = ASMS2YJYR9;
				INFOPLIST_FILE = ExperiencesPractice/Info.plist;
				IPHONEOS_DEPLOYMENT_TARGET = 11.3;
				LD_RUNPATH_SEARCH_PATHS = (
					"$(inherited)",
					"@executable_path/Frameworks",
				);
				PRODUCT_BUNDLE_IDENTIFIER = com.johnpitts.ExperiencesPractice;
				PRODUCT_NAME = "$(TARGET_NAME)";
				SWIFT_VERSION = 5.0;
				TARGETED_DEVICE_FAMILY = "1,2";
			};
			name = Debug;
		};
		FC3FAE9722D8008100343EAF /* Release */ = {
			isa = XCBuildConfiguration;
			buildSettings = {
				ASSETCATALOG_COMPILER_APPICON_NAME = AppIcon;
				CODE_SIGN_STYLE = Automatic;
				DEVELOPMENT_TEAM = ASMS2YJYR9;
				INFOPLIST_FILE = ExperiencesPractice/Info.plist;
				IPHONEOS_DEPLOYMENT_TARGET = 11.3;
				LD_RUNPATH_SEARCH_PATHS = (
					"$(inherited)",
					"@executable_path/Frameworks",
				);
				PRODUCT_BUNDLE_IDENTIFIER = com.johnpitts.ExperiencesPractice;
				PRODUCT_NAME = "$(TARGET_NAME)";
				SWIFT_VERSION = 5.0;
				TARGETED_DEVICE_FAMILY = "1,2";
			};
			name = Release;
		};
/* End XCBuildConfiguration section */

/* Begin XCConfigurationList section */
		FC3FAE7E22D8008000343EAF /* Build configuration list for PBXProject "ExperiencesPractice" */ = {
			isa = XCConfigurationList;
			buildConfigurations = (
				FC3FAE9322D8008100343EAF /* Debug */,
				FC3FAE9422D8008100343EAF /* Release */,
			);
			defaultConfigurationIsVisible = 0;
			defaultConfigurationName = Release;
		};
		FC3FAE9522D8008100343EAF /* Build configuration list for PBXNativeTarget "ExperiencesPractice" */ = {
			isa = XCConfigurationList;
			buildConfigurations = (
				FC3FAE9622D8008100343EAF /* Debug */,
				FC3FAE9722D8008100343EAF /* Release */,
			);
			defaultConfigurationIsVisible = 0;
			defaultConfigurationName = Release;
		};
/* End XCConfigurationList section */
	};
	rootObject = FC3FAE7B22D8008000343EAF /* Project object */;
}
