// !$*UTF8*$!
{
	archiveVersion = 1;
	classes = {
	};
	objectVersion = 50;
	objects = {

/* Begin PBXBuildFile section */
		ABF508D9221FF0B300EA38FC /* AppDelegate.swift in Sources */ = {isa = PBXBuildFile; fileRef = ABF508D8221FF0B300EA38FC /* AppDelegate.swift */; };
		ABF508DB221FF0B300EA38FC /* ExperiencesMapViewController.swift in Sources */ = {isa = PBXBuildFile; fileRef = ABF508DA221FF0B300EA38FC /* ExperiencesMapViewController.swift */; };
		ABF508DE221FF0B300EA38FC /* Main.storyboard in Resources */ = {isa = PBXBuildFile; fileRef = ABF508DC221FF0B300EA38FC /* Main.storyboard */; };
		ABF508E0221FF0B400EA38FC /* Assets.xcassets in Resources */ = {isa = PBXBuildFile; fileRef = ABF508DF221FF0B400EA38FC /* Assets.xcassets */; };
		ABF508E3221FF0B400EA38FC /* LaunchScreen.storyboard in Resources */ = {isa = PBXBuildFile; fileRef = ABF508E1221FF0B400EA38FC /* LaunchScreen.storyboard */; };
		ABF508EC221FF22D00EA38FC /* Experience.swift in Sources */ = {isa = PBXBuildFile; fileRef = ABF508EB221FF22D00EA38FC /* Experience.swift */; };
		ABF508EF221FF27700EA38FC /* Experience+Mapping.swift in Sources */ = {isa = PBXBuildFile; fileRef = ABF508EE221FF27700EA38FC /* Experience+Mapping.swift */; };
		ABF508F122205D7F00EA38FC /* AddExperienceViewController.swift in Sources */ = {isa = PBXBuildFile; fileRef = ABF508F022205D7F00EA38FC /* AddExperienceViewController.swift */; };
		ABF508F322205F9700EA38FC /* RecordVideoViewController.swift in Sources */ = {isa = PBXBuildFile; fileRef = ABF508F222205F9700EA38FC /* RecordVideoViewController.swift */; };
		ABF508F52220601600EA38FC /* VideoPreviewView.swift in Sources */ = {isa = PBXBuildFile; fileRef = ABF508F42220601600EA38FC /* VideoPreviewView.swift */; };
		ABF508F72220666F00EA38FC /* CameraPermissionsViewController.swift in Sources */ = {isa = PBXBuildFile; fileRef = ABF508F62220666F00EA38FC /* CameraPermissionsViewController.swift */; };
/* End PBXBuildFile section */

/* Begin PBXFileReference section */
		ABF508D5221FF0B300EA38FC /* Experiences.app */ = {isa = PBXFileReference; explicitFileType = wrapper.application; includeInIndex = 0; path = Experiences.app; sourceTree = BUILT_PRODUCTS_DIR; };
		ABF508D8221FF0B300EA38FC /* AppDelegate.swift */ = {isa = PBXFileReference; lastKnownFileType = sourcecode.swift; path = AppDelegate.swift; sourceTree = "<group>"; };
		ABF508DA221FF0B300EA38FC /* ExperiencesMapViewController.swift */ = {isa = PBXFileReference; lastKnownFileType = sourcecode.swift; path = ExperiencesMapViewController.swift; sourceTree = "<group>"; };
		ABF508DD221FF0B300EA38FC /* Base */ = {isa = PBXFileReference; lastKnownFileType = file.storyboard; name = Base; path = Base.lproj/Main.storyboard; sourceTree = "<group>"; };
		ABF508DF221FF0B400EA38FC /* Assets.xcassets */ = {isa = PBXFileReference; lastKnownFileType = folder.assetcatalog; path = Assets.xcassets; sourceTree = "<group>"; };
		ABF508E2221FF0B400EA38FC /* Base */ = {isa = PBXFileReference; lastKnownFileType = file.storyboard; name = Base; path = Base.lproj/LaunchScreen.storyboard; sourceTree = "<group>"; };
		ABF508E4221FF0B400EA38FC /* Info.plist */ = {isa = PBXFileReference; lastKnownFileType = text.plist.xml; path = Info.plist; sourceTree = "<group>"; };
		ABF508EB221FF22D00EA38FC /* Experience.swift */ = {isa = PBXFileReference; lastKnownFileType = sourcecode.swift; path = Experience.swift; sourceTree = "<group>"; };
		ABF508EE221FF27700EA38FC /* Experience+Mapping.swift */ = {isa = PBXFileReference; lastKnownFileType = sourcecode.swift; path = "Experience+Mapping.swift"; sourceTree = "<group>"; };
		ABF508F022205D7F00EA38FC /* AddExperienceViewController.swift */ = {isa = PBXFileReference; lastKnownFileType = sourcecode.swift; path = AddExperienceViewController.swift; sourceTree = "<group>"; };
		ABF508F222205F9700EA38FC /* RecordVideoViewController.swift */ = {isa = PBXFileReference; lastKnownFileType = sourcecode.swift; path = RecordVideoViewController.swift; sourceTree = "<group>"; };
		ABF508F42220601600EA38FC /* VideoPreviewView.swift */ = {isa = PBXFileReference; lastKnownFileType = sourcecode.swift; path = VideoPreviewView.swift; sourceTree = "<group>"; };
		ABF508F62220666F00EA38FC /* CameraPermissionsViewController.swift */ = {isa = PBXFileReference; lastKnownFileType = sourcecode.swift; path = CameraPermissionsViewController.swift; sourceTree = "<group>"; };
/* End PBXFileReference section */

/* Begin PBXFrameworksBuildPhase section */
		ABF508D2221FF0B300EA38FC /* Frameworks */ = {
			isa = PBXFrameworksBuildPhase;
			buildActionMask = 2147483647;
			files = (
			);
			runOnlyForDeploymentPostprocessing = 0;
		};
/* End PBXFrameworksBuildPhase section */

/* Begin PBXGroup section */
		ABF508CC221FF0B300EA38FC = {
			isa = PBXGroup;
			children = (
				ABF508D7221FF0B300EA38FC /* Experiences */,
				ABF508D6221FF0B300EA38FC /* Products */,
			);
			sourceTree = "<group>";
		};
		ABF508D6221FF0B300EA38FC /* Products */ = {
			isa = PBXGroup;
			children = (
				ABF508D5221FF0B300EA38FC /* Experiences.app */,
			);
			name = Products;
			sourceTree = "<group>";
		};
		ABF508D7221FF0B300EA38FC /* Experiences */ = {
			isa = PBXGroup;
			children = (
				ABF508D8221FF0B300EA38FC /* AppDelegate.swift */,
				ABF508ED221FF23900EA38FC /* Model */,
				ABF508EA221FF0F800EA38FC /* View Controllers */,
				ABF508DC221FF0B300EA38FC /* Main.storyboard */,
				ABF508DF221FF0B400EA38FC /* Assets.xcassets */,
				ABF508E1221FF0B400EA38FC /* LaunchScreen.storyboard */,
				ABF508E4221FF0B400EA38FC /* Info.plist */,
			);
			path = Experiences;
			sourceTree = "<group>";
		};
		ABF508EA221FF0F800EA38FC /* View Controllers */ = {
			isa = PBXGroup;
			children = (
				ABF508DA221FF0B300EA38FC /* ExperiencesMapViewController.swift */,
				ABF508F62220666F00EA38FC /* CameraPermissionsViewController.swift */,
				ABF508F222205F9700EA38FC /* RecordVideoViewController.swift */,
				ABF508F42220601600EA38FC /* VideoPreviewView.swift */,
				ABF508F022205D7F00EA38FC /* AddExperienceViewController.swift */,
			);
			path = "View Controllers";
			sourceTree = "<group>";
		};
		ABF508ED221FF23900EA38FC /* Model */ = {
			isa = PBXGroup;
			children = (
				ABF508EB221FF22D00EA38FC /* Experience.swift */,
				ABF508EE221FF27700EA38FC /* Experience+Mapping.swift */,
			);
			path = Model;
			sourceTree = "<group>";
		};
/* End PBXGroup section */

/* Begin PBXNativeTarget section */
		ABF508D4221FF0B300EA38FC /* Experiences */ = {
			isa = PBXNativeTarget;
			buildConfigurationList = ABF508E7221FF0B400EA38FC /* Build configuration list for PBXNativeTarget "Experiences" */;
			buildPhases = (
				ABF508D1221FF0B300EA38FC /* Sources */,
				ABF508D2221FF0B300EA38FC /* Frameworks */,
				ABF508D3221FF0B300EA38FC /* Resources */,
			);
			buildRules = (
			);
			dependencies = (
			);
			name = Experiences;
			productName = Experiences;
			productReference = ABF508D5221FF0B300EA38FC /* Experiences.app */;
			productType = "com.apple.product-type.application";
		};
/* End PBXNativeTarget section */

/* Begin PBXProject section */
		ABF508CD221FF0B300EA38FC /* Project object */ = {
			isa = PBXProject;
			attributes = {
				LastSwiftUpdateCheck = 1010;
				LastUpgradeCheck = 1010;
				ORGANIZATIONNAME = jkaunert;
				TargetAttributes = {
					ABF508D4221FF0B300EA38FC = {
						CreatedOnToolsVersion = 10.1;
					};
				};
			};
			buildConfigurationList = ABF508D0221FF0B300EA38FC /* Build configuration list for PBXProject "Experiences" */;
			compatibilityVersion = "Xcode 9.3";
			developmentRegion = en;
			hasScannedForEncodings = 0;
			knownRegions = (
				en,
				Base,
			);
			mainGroup = ABF508CC221FF0B300EA38FC;
			productRefGroup = ABF508D6221FF0B300EA38FC /* Products */;
			projectDirPath = "";
			projectRoot = "";
			targets = (
				ABF508D4221FF0B300EA38FC /* Experiences */,
			);
		};
/* End PBXProject section */

/* Begin PBXResourcesBuildPhase section */
		ABF508D3221FF0B300EA38FC /* Resources */ = {
			isa = PBXResourcesBuildPhase;
			buildActionMask = 2147483647;
			files = (
				ABF508E3221FF0B400EA38FC /* LaunchScreen.storyboard in Resources */,
				ABF508E0221FF0B400EA38FC /* Assets.xcassets in Resources */,
				ABF508DE221FF0B300EA38FC /* Main.storyboard in Resources */,
			);
			runOnlyForDeploymentPostprocessing = 0;
		};
/* End PBXResourcesBuildPhase section */

/* Begin PBXSourcesBuildPhase section */
		ABF508D1221FF0B300EA38FC /* Sources */ = {
			isa = PBXSourcesBuildPhase;
			buildActionMask = 2147483647;
			files = (
				ABF508F52220601600EA38FC /* VideoPreviewView.swift in Sources */,
				ABF508EC221FF22D00EA38FC /* Experience.swift in Sources */,
				ABF508F322205F9700EA38FC /* RecordVideoViewController.swift in Sources */,
				ABF508DB221FF0B300EA38FC /* ExperiencesMapViewController.swift in Sources */,
				ABF508F72220666F00EA38FC /* CameraPermissionsViewController.swift in Sources */,
				ABF508EF221FF27700EA38FC /* Experience+Mapping.swift in Sources */,
				ABF508F122205D7F00EA38FC /* AddExperienceViewController.swift in Sources */,
				ABF508D9221FF0B300EA38FC /* AppDelegate.swift in Sources */,
			);
			runOnlyForDeploymentPostprocessing = 0;
		};
/* End PBXSourcesBuildPhase section */

/* Begin PBXVariantGroup section */
		ABF508DC221FF0B300EA38FC /* Main.storyboard */ = {
			isa = PBXVariantGroup;
			children = (
				ABF508DD221FF0B300EA38FC /* Base */,
			);
			name = Main.storyboard;
			sourceTree = "<group>";
		};
		ABF508E1221FF0B400EA38FC /* LaunchScreen.storyboard */ = {
			isa = PBXVariantGroup;
			children = (
				ABF508E2221FF0B400EA38FC /* Base */,
			);
			name = LaunchScreen.storyboard;
			sourceTree = "<group>";
		};
/* End PBXVariantGroup section */

/* Begin XCBuildConfiguration section */
		ABF508E5221FF0B400EA38FC /* Debug */ = {
			isa = XCBuildConfiguration;
			buildSettings = {
				ALWAYS_SEARCH_USER_PATHS = NO;
				CLANG_ANALYZER_NONNULL = YES;
				CLANG_ANALYZER_NUMBER_OBJECT_CONVERSION = YES_AGGRESSIVE;
				CLANG_CXX_LANGUAGE_STANDARD = "gnu++14";
				CLANG_CXX_LIBRARY = "libc++";
				CLANG_ENABLE_MODULES = YES;
				CLANG_ENABLE_OBJC_ARC = YES;
				CLANG_ENABLE_OBJC_WEAK = YES;
				CLANG_WARN_BLOCK_CAPTURE_AUTORELEASING = YES;
				CLANG_WARN_BOOL_CONVERSION = YES;
				CLANG_WARN_COMMA = YES;
				CLANG_WARN_CONSTANT_CONVERSION = YES;
				CLANG_WARN_DEPRECATED_OBJC_IMPLEMENTATIONS = YES;
				CLANG_WARN_DIRECT_OBJC_ISA_USAGE = YES_ERROR;
				CLANG_WARN_DOCUMENTATION_COMMENTS = YES;
				CLANG_WARN_EMPTY_BODY = YES;
				CLANG_WARN_ENUM_CONVERSION = YES;
				CLANG_WARN_INFINITE_RECURSION = YES;
				CLANG_WARN_INT_CONVERSION = YES;
				CLANG_WARN_NON_LITERAL_NULL_CONVERSION = YES;
				CLANG_WARN_OBJC_IMPLICIT_RETAIN_SELF = YES;
				CLANG_WARN_OBJC_LITERAL_CONVERSION = YES;
				CLANG_WARN_OBJC_ROOT_CLASS = YES_ERROR;
				CLANG_WARN_RANGE_LOOP_ANALYSIS = YES;
				CLANG_WARN_STRICT_PROTOTYPES = YES;
				CLANG_WARN_SUSPICIOUS_MOVE = YES;
				CLANG_WARN_UNGUARDED_AVAILABILITY = YES_AGGRESSIVE;
				CLANG_WARN_UNREACHABLE_CODE = YES;
				CLANG_WARN__DUPLICATE_METHOD_MATCH = YES;
				CODE_SIGN_IDENTITY = "iPhone Developer";
				COPY_PHASE_STRIP = NO;
				DEBUG_INFORMATION_FORMAT = dwarf;
				ENABLE_STRICT_OBJC_MSGSEND = YES;
				ENABLE_TESTABILITY = YES;
				GCC_C_LANGUAGE_STANDARD = gnu11;
				GCC_DYNAMIC_NO_PIC = NO;
				GCC_NO_COMMON_BLOCKS = YES;
				GCC_OPTIMIZATION_LEVEL = 0;
				GCC_PREPROCESSOR_DEFINITIONS = (
					"DEBUG=1",
					"$(inherited)",
				);
				GCC_WARN_64_TO_32_BIT_CONVERSION = YES;
				GCC_WARN_ABOUT_RETURN_TYPE = YES_ERROR;
				GCC_WARN_UNDECLARED_SELECTOR = YES;
				GCC_WARN_UNINITIALIZED_AUTOS = YES_AGGRESSIVE;
				GCC_WARN_UNUSED_FUNCTION = YES;
				GCC_WARN_UNUSED_VARIABLE = YES;
				IPHONEOS_DEPLOYMENT_TARGET = 12.1;
				MTL_ENABLE_DEBUG_INFO = INCLUDE_SOURCE;
				MTL_FAST_MATH = YES;
				ONLY_ACTIVE_ARCH = YES;
				SDKROOT = iphoneos;
				SWIFT_ACTIVE_COMPILATION_CONDITIONS = DEBUG;
				SWIFT_OPTIMIZATION_LEVEL = "-Onone";
			};
			name = Debug;
		};
		ABF508E6221FF0B400EA38FC /* Release */ = {
			isa = XCBuildConfiguration;
			buildSettings = {
				ALWAYS_SEARCH_USER_PATHS = NO;
				CLANG_ANALYZER_NONNULL = YES;
				CLANG_ANALYZER_NUMBER_OBJECT_CONVERSION = YES_AGGRESSIVE;
				CLANG_CXX_LANGUAGE_STANDARD = "gnu++14";
				CLANG_CXX_LIBRARY = "libc++";
				CLANG_ENABLE_MODULES = YES;
				CLANG_ENABLE_OBJC_ARC = YES;
				CLANG_ENABLE_OBJC_WEAK = YES;
				CLANG_WARN_BLOCK_CAPTURE_AUTORELEASING = YES;
				CLANG_WARN_BOOL_CONVERSION = YES;
				CLANG_WARN_COMMA = YES;
				CLANG_WARN_CONSTANT_CONVERSION = YES;
				CLANG_WARN_DEPRECATED_OBJC_IMPLEMENTATIONS = YES;
				CLANG_WARN_DIRECT_OBJC_ISA_USAGE = YES_ERROR;
				CLANG_WARN_DOCUMENTATION_COMMENTS = YES;
				CLANG_WARN_EMPTY_BODY = YES;
				CLANG_WARN_ENUM_CONVERSION = YES;
				CLANG_WARN_INFINITE_RECURSION = YES;
				CLANG_WARN_INT_CONVERSION = YES;
				CLANG_WARN_NON_LITERAL_NULL_CONVERSION = YES;
				CLANG_WARN_OBJC_IMPLICIT_RETAIN_SELF = YES;
				CLANG_WARN_OBJC_LITERAL_CONVERSION = YES;
				CLANG_WARN_OBJC_ROOT_CLASS = YES_ERROR;
				CLANG_WARN_RANGE_LOOP_ANALYSIS = YES;
				CLANG_WARN_STRICT_PROTOTYPES = YES;
				CLANG_WARN_SUSPICIOUS_MOVE = YES;
				CLANG_WARN_UNGUARDED_AVAILABILITY = YES_AGGRESSIVE;
				CLANG_WARN_UNREACHABLE_CODE = YES;
				CLANG_WARN__DUPLICATE_METHOD_MATCH = YES;
				CODE_SIGN_IDENTITY = "iPhone Developer";
				COPY_PHASE_STRIP = NO;
				DEBUG_INFORMATION_FORMAT = "dwarf-with-dsym";
				ENABLE_NS_ASSERTIONS = NO;
				ENABLE_STRICT_OBJC_MSGSEND = YES;
				GCC_C_LANGUAGE_STANDARD = gnu11;
				GCC_NO_COMMON_BLOCKS = YES;
				GCC_WARN_64_TO_32_BIT_CONVERSION = YES;
				GCC_WARN_ABOUT_RETURN_TYPE = YES_ERROR;
				GCC_WARN_UNDECLARED_SELECTOR = YES;
				GCC_WARN_UNINITIALIZED_AUTOS = YES_AGGRESSIVE;
				GCC_WARN_UNUSED_FUNCTION = YES;
				GCC_WARN_UNUSED_VARIABLE = YES;
				IPHONEOS_DEPLOYMENT_TARGET = 12.1;
				MTL_ENABLE_DEBUG_INFO = NO;
				MTL_FAST_MATH = YES;
				SDKROOT = iphoneos;
				SWIFT_COMPILATION_MODE = wholemodule;
				SWIFT_OPTIMIZATION_LEVEL = "-O";
				VALIDATE_PRODUCT = YES;
			};
			name = Release;
		};
		ABF508E8221FF0B400EA38FC /* Debug */ = {
			isa = XCBuildConfiguration;
			buildSettings = {
				ASSETCATALOG_COMPILER_APPICON_NAME = AppIcon;
				CODE_SIGN_STYLE = Automatic;
				DEVELOPMENT_TEAM = HSRQC9N69B;
				INFOPLIST_FILE = Experiences/Info.plist;
				LD_RUNPATH_SEARCH_PATHS = (
					"$(inherited)",
					"@executable_path/Frameworks",
				);
				PRODUCT_BUNDLE_IDENTIFIER = com.jkaunert.Experiences;
				PRODUCT_NAME = "$(TARGET_NAME)";
				SWIFT_VERSION = 4.2;
				TARGETED_DEVICE_FAMILY = "1,2";
			};
			name = Debug;
		};
		ABF508E9221FF0B400EA38FC /* Release */ = {
			isa = XCBuildConfiguration;
			buildSettings = {
				ASSETCATALOG_COMPILER_APPICON_NAME = AppIcon;
				CODE_SIGN_STYLE = Automatic;
				DEVELOPMENT_TEAM = HSRQC9N69B;
				INFOPLIST_FILE = Experiences/Info.plist;
				LD_RUNPATH_SEARCH_PATHS = (
					"$(inherited)",
					"@executable_path/Frameworks",
				);
				PRODUCT_BUNDLE_IDENTIFIER = com.jkaunert.Experiences;
				PRODUCT_NAME = "$(TARGET_NAME)";
				SWIFT_VERSION = 4.2;
				TARGETED_DEVICE_FAMILY = "1,2";
			};
			name = Release;
		};
/* End XCBuildConfiguration section */

/* Begin XCConfigurationList section */
		ABF508D0221FF0B300EA38FC /* Build configuration list for PBXProject "Experiences" */ = {
			isa = XCConfigurationList;
			buildConfigurations = (
				ABF508E5221FF0B400EA38FC /* Debug */,
				ABF508E6221FF0B400EA38FC /* Release */,
			);
			defaultConfigurationIsVisible = 0;
			defaultConfigurationName = Release;
		};
		ABF508E7221FF0B400EA38FC /* Build configuration list for PBXNativeTarget "Experiences" */ = {
			isa = XCConfigurationList;
			buildConfigurations = (
				ABF508E8221FF0B400EA38FC /* Debug */,
				ABF508E9221FF0B400EA38FC /* Release */,
			);
			defaultConfigurationIsVisible = 0;
			defaultConfigurationName = Release;
		};
/* End XCConfigurationList section */
	};
	rootObject = ABF508CD221FF0B300EA38FC /* Project object */;
}
