// !$*UTF8*$!
{
	archiveVersion = 1;
	classes = {
	};
	objectVersion = 50;
	objects = {

/* Begin PBXBuildFile section */
		955A3DB023D203770011EDE3 /* AppDelegate.swift in Sources */ = {isa = PBXBuildFile; fileRef = 955A3DAF23D203770011EDE3 /* AppDelegate.swift */; };
		955A3DB223D203770011EDE3 /* SceneDelegate.swift in Sources */ = {isa = PBXBuildFile; fileRef = 955A3DB123D203770011EDE3 /* SceneDelegate.swift */; };
		955A3DB723D203770011EDE3 /* Main.storyboard in Resources */ = {isa = PBXBuildFile; fileRef = 955A3DB523D203770011EDE3 /* Main.storyboard */; };
		955A3DB923D203780011EDE3 /* Assets.xcassets in Resources */ = {isa = PBXBuildFile; fileRef = 955A3DB823D203780011EDE3 /* Assets.xcassets */; };
		955A3DBC23D203780011EDE3 /* LaunchScreen.storyboard in Resources */ = {isa = PBXBuildFile; fileRef = 955A3DBA23D203780011EDE3 /* LaunchScreen.storyboard */; };
		955A3DC723D203780011EDE3 /* ExperiencesTests.swift in Sources */ = {isa = PBXBuildFile; fileRef = 955A3DC623D203780011EDE3 /* ExperiencesTests.swift */; };
		955A3DD223D203790011EDE3 /* ExperiencesUITests.swift in Sources */ = {isa = PBXBuildFile; fileRef = 955A3DD123D203790011EDE3 /* ExperiencesUITests.swift */; };
		955A3DE023D203BC0011EDE3 /* MapViewController.swift in Sources */ = {isa = PBXBuildFile; fileRef = 955A3DDF23D203BC0011EDE3 /* MapViewController.swift */; };
		955A3DE223D203E80011EDE3 /* AddViewController.swift in Sources */ = {isa = PBXBuildFile; fileRef = 955A3DE123D203E80011EDE3 /* AddViewController.swift */; };
		955A3DE423D204010011EDE3 /* RecordViewController.swift in Sources */ = {isa = PBXBuildFile; fileRef = 955A3DE323D204010011EDE3 /* RecordViewController.swift */; };
		955A3DE723D20B690011EDE3 /* ExpController.swift in Sources */ = {isa = PBXBuildFile; fileRef = 955A3DE623D20B690011EDE3 /* ExpController.swift */; };
		955A3DE923D20B740011EDE3 /* Experience.swift in Sources */ = {isa = PBXBuildFile; fileRef = 955A3DE823D20B740011EDE3 /* Experience.swift */; };
		955A3DED23D230D70011EDE3 /* CameraPreviewView.swift in Sources */ = {isa = PBXBuildFile; fileRef = 955A3DEC23D230D70011EDE3 /* CameraPreviewView.swift */; };
/* End PBXBuildFile section */

/* Begin PBXContainerItemProxy section */
		955A3DC323D203780011EDE3 /* PBXContainerItemProxy */ = {
			isa = PBXContainerItemProxy;
			containerPortal = 955A3DA423D203770011EDE3 /* Project object */;
			proxyType = 1;
			remoteGlobalIDString = 955A3DAB23D203770011EDE3;
			remoteInfo = Experiences;
		};
		955A3DCE23D203790011EDE3 /* PBXContainerItemProxy */ = {
			isa = PBXContainerItemProxy;
			containerPortal = 955A3DA423D203770011EDE3 /* Project object */;
			proxyType = 1;
			remoteGlobalIDString = 955A3DAB23D203770011EDE3;
			remoteInfo = Experiences;
		};
/* End PBXContainerItemProxy section */

/* Begin PBXFileReference section */
		955A3DAC23D203770011EDE3 /* Experiences.app */ = {isa = PBXFileReference; explicitFileType = wrapper.application; includeInIndex = 0; path = Experiences.app; sourceTree = BUILT_PRODUCTS_DIR; };
		955A3DAF23D203770011EDE3 /* AppDelegate.swift */ = {isa = PBXFileReference; lastKnownFileType = sourcecode.swift; path = AppDelegate.swift; sourceTree = "<group>"; };
		955A3DB123D203770011EDE3 /* SceneDelegate.swift */ = {isa = PBXFileReference; lastKnownFileType = sourcecode.swift; path = SceneDelegate.swift; sourceTree = "<group>"; };
		955A3DB623D203770011EDE3 /* Base */ = {isa = PBXFileReference; lastKnownFileType = file.storyboard; name = Base; path = Base.lproj/Main.storyboard; sourceTree = "<group>"; };
		955A3DB823D203780011EDE3 /* Assets.xcassets */ = {isa = PBXFileReference; lastKnownFileType = folder.assetcatalog; path = Assets.xcassets; sourceTree = "<group>"; };
		955A3DBB23D203780011EDE3 /* Base */ = {isa = PBXFileReference; lastKnownFileType = file.storyboard; name = Base; path = Base.lproj/LaunchScreen.storyboard; sourceTree = "<group>"; };
		955A3DBD23D203780011EDE3 /* Info.plist */ = {isa = PBXFileReference; lastKnownFileType = text.plist.xml; path = Info.plist; sourceTree = "<group>"; };
		955A3DC223D203780011EDE3 /* ExperiencesTests.xctest */ = {isa = PBXFileReference; explicitFileType = wrapper.cfbundle; includeInIndex = 0; path = ExperiencesTests.xctest; sourceTree = BUILT_PRODUCTS_DIR; };
		955A3DC623D203780011EDE3 /* ExperiencesTests.swift */ = {isa = PBXFileReference; lastKnownFileType = sourcecode.swift; path = ExperiencesTests.swift; sourceTree = "<group>"; };
		955A3DC823D203780011EDE3 /* Info.plist */ = {isa = PBXFileReference; lastKnownFileType = text.plist.xml; path = Info.plist; sourceTree = "<group>"; };
		955A3DCD23D203790011EDE3 /* ExperiencesUITests.xctest */ = {isa = PBXFileReference; explicitFileType = wrapper.cfbundle; includeInIndex = 0; path = ExperiencesUITests.xctest; sourceTree = BUILT_PRODUCTS_DIR; };
		955A3DD123D203790011EDE3 /* ExperiencesUITests.swift */ = {isa = PBXFileReference; lastKnownFileType = sourcecode.swift; path = ExperiencesUITests.swift; sourceTree = "<group>"; };
		955A3DD323D203790011EDE3 /* Info.plist */ = {isa = PBXFileReference; lastKnownFileType = text.plist.xml; path = Info.plist; sourceTree = "<group>"; };
		955A3DDF23D203BC0011EDE3 /* MapViewController.swift */ = {isa = PBXFileReference; lastKnownFileType = sourcecode.swift; path = MapViewController.swift; sourceTree = "<group>"; };
		955A3DE123D203E80011EDE3 /* AddViewController.swift */ = {isa = PBXFileReference; lastKnownFileType = sourcecode.swift; path = AddViewController.swift; sourceTree = "<group>"; };
		955A3DE323D204010011EDE3 /* RecordViewController.swift */ = {isa = PBXFileReference; lastKnownFileType = sourcecode.swift; path = RecordViewController.swift; sourceTree = "<group>"; };
		955A3DE623D20B690011EDE3 /* ExpController.swift */ = {isa = PBXFileReference; lastKnownFileType = sourcecode.swift; path = ExpController.swift; sourceTree = "<group>"; };
		955A3DE823D20B740011EDE3 /* Experience.swift */ = {isa = PBXFileReference; lastKnownFileType = sourcecode.swift; path = Experience.swift; sourceTree = "<group>"; };
		955A3DEC23D230D70011EDE3 /* CameraPreviewView.swift */ = {isa = PBXFileReference; lastKnownFileType = sourcecode.swift; path = CameraPreviewView.swift; sourceTree = "<group>"; };
/* End PBXFileReference section */

/* Begin PBXFrameworksBuildPhase section */
		955A3DA923D203770011EDE3 /* Frameworks */ = {
			isa = PBXFrameworksBuildPhase;
			buildActionMask = 2147483647;
			files = (
			);
			runOnlyForDeploymentPostprocessing = 0;
		};
		955A3DBF23D203780011EDE3 /* Frameworks */ = {
			isa = PBXFrameworksBuildPhase;
			buildActionMask = 2147483647;
			files = (
			);
			runOnlyForDeploymentPostprocessing = 0;
		};
		955A3DCA23D203790011EDE3 /* Frameworks */ = {
			isa = PBXFrameworksBuildPhase;
			buildActionMask = 2147483647;
			files = (
			);
			runOnlyForDeploymentPostprocessing = 0;
		};
/* End PBXFrameworksBuildPhase section */

/* Begin PBXGroup section */
		955A3DA323D203770011EDE3 = {
			isa = PBXGroup;
			children = (
				955A3DAE23D203770011EDE3 /* Experiences */,
				955A3DC523D203780011EDE3 /* ExperiencesTests */,
				955A3DD023D203790011EDE3 /* ExperiencesUITests */,
				955A3DAD23D203770011EDE3 /* Products */,
			);
			sourceTree = "<group>";
		};
		955A3DAD23D203770011EDE3 /* Products */ = {
			isa = PBXGroup;
			children = (
				955A3DAC23D203770011EDE3 /* Experiences.app */,
				955A3DC223D203780011EDE3 /* ExperiencesTests.xctest */,
				955A3DCD23D203790011EDE3 /* ExperiencesUITests.xctest */,
			);
			name = Products;
			sourceTree = "<group>";
		};
		955A3DAE23D203770011EDE3 /* Experiences */ = {
			isa = PBXGroup;
			children = (
				955A3DAF23D203770011EDE3 /* AppDelegate.swift */,
				955A3DB123D203770011EDE3 /* SceneDelegate.swift */,
				955A3DEB23D20B870011EDE3 /* Models */,
				955A3DEA23D20B780011EDE3 /* Model Controllers */,
				955A3DE523D20B520011EDE3 /* View Controllers */,
				955A3DB523D203770011EDE3 /* Main.storyboard */,
				955A3DB823D203780011EDE3 /* Assets.xcassets */,
				955A3DBA23D203780011EDE3 /* LaunchScreen.storyboard */,
				955A3DBD23D203780011EDE3 /* Info.plist */,
			);
			path = Experiences;
			sourceTree = "<group>";
		};
		955A3DC523D203780011EDE3 /* ExperiencesTests */ = {
			isa = PBXGroup;
			children = (
				955A3DC623D203780011EDE3 /* ExperiencesTests.swift */,
				955A3DC823D203780011EDE3 /* Info.plist */,
			);
			path = ExperiencesTests;
			sourceTree = "<group>";
		};
		955A3DD023D203790011EDE3 /* ExperiencesUITests */ = {
			isa = PBXGroup;
			children = (
				955A3DD123D203790011EDE3 /* ExperiencesUITests.swift */,
				955A3DD323D203790011EDE3 /* Info.plist */,
			);
			path = ExperiencesUITests;
			sourceTree = "<group>";
		};
		955A3DE523D20B520011EDE3 /* View Controllers */ = {
			isa = PBXGroup;
			children = (
				955A3DDF23D203BC0011EDE3 /* MapViewController.swift */,
				955A3DE123D203E80011EDE3 /* AddViewController.swift */,
				955A3DE323D204010011EDE3 /* RecordViewController.swift */,
				955A3DEC23D230D70011EDE3 /* CameraPreviewView.swift */,
			);
			path = "View Controllers";
			sourceTree = "<group>";
		};
		955A3DEA23D20B780011EDE3 /* Model Controllers */ = {
			isa = PBXGroup;
			children = (
				955A3DE623D20B690011EDE3 /* ExpController.swift */,
			);
			path = "Model Controllers";
			sourceTree = "<group>";
		};
		955A3DEB23D20B870011EDE3 /* Models */ = {
			isa = PBXGroup;
			children = (
				955A3DE823D20B740011EDE3 /* Experience.swift */,
			);
			path = Models;
			sourceTree = "<group>";
		};
/* End PBXGroup section */

/* Begin PBXNativeTarget section */
		955A3DAB23D203770011EDE3 /* Experiences */ = {
			isa = PBXNativeTarget;
			buildConfigurationList = 955A3DD623D203790011EDE3 /* Build configuration list for PBXNativeTarget "Experiences" */;
			buildPhases = (
				955A3DA823D203770011EDE3 /* Sources */,
				955A3DA923D203770011EDE3 /* Frameworks */,
				955A3DAA23D203770011EDE3 /* Resources */,
			);
			buildRules = (
			);
			dependencies = (
			);
			name = Experiences;
			productName = Experiences;
			productReference = 955A3DAC23D203770011EDE3 /* Experiences.app */;
			productType = "com.apple.product-type.application";
		};
		955A3DC123D203780011EDE3 /* ExperiencesTests */ = {
			isa = PBXNativeTarget;
			buildConfigurationList = 955A3DD923D203790011EDE3 /* Build configuration list for PBXNativeTarget "ExperiencesTests" */;
			buildPhases = (
				955A3DBE23D203780011EDE3 /* Sources */,
				955A3DBF23D203780011EDE3 /* Frameworks */,
				955A3DC023D203780011EDE3 /* Resources */,
			);
			buildRules = (
			);
			dependencies = (
				955A3DC423D203780011EDE3 /* PBXTargetDependency */,
			);
			name = ExperiencesTests;
			productName = ExperiencesTests;
			productReference = 955A3DC223D203780011EDE3 /* ExperiencesTests.xctest */;
			productType = "com.apple.product-type.bundle.unit-test";
		};
		955A3DCC23D203790011EDE3 /* ExperiencesUITests */ = {
			isa = PBXNativeTarget;
			buildConfigurationList = 955A3DDC23D203790011EDE3 /* Build configuration list for PBXNativeTarget "ExperiencesUITests" */;
			buildPhases = (
				955A3DC923D203790011EDE3 /* Sources */,
				955A3DCA23D203790011EDE3 /* Frameworks */,
				955A3DCB23D203790011EDE3 /* Resources */,
			);
			buildRules = (
			);
			dependencies = (
				955A3DCF23D203790011EDE3 /* PBXTargetDependency */,
			);
			name = ExperiencesUITests;
			productName = ExperiencesUITests;
			productReference = 955A3DCD23D203790011EDE3 /* ExperiencesUITests.xctest */;
			productType = "com.apple.product-type.bundle.ui-testing";
		};
/* End PBXNativeTarget section */

/* Begin PBXProject section */
		955A3DA423D203770011EDE3 /* Project object */ = {
			isa = PBXProject;
			attributes = {
				LastSwiftUpdateCheck = 1110;
				LastUpgradeCheck = 1110;
				ORGANIZATIONNAME = "Lambda School";
				TargetAttributes = {
					955A3DAB23D203770011EDE3 = {
						CreatedOnToolsVersion = 11.1;
					};
					955A3DC123D203780011EDE3 = {
						CreatedOnToolsVersion = 11.1;
						TestTargetID = 955A3DAB23D203770011EDE3;
					};
					955A3DCC23D203790011EDE3 = {
						CreatedOnToolsVersion = 11.1;
						TestTargetID = 955A3DAB23D203770011EDE3;
					};
				};
			};
			buildConfigurationList = 955A3DA723D203770011EDE3 /* Build configuration list for PBXProject "Experiences" */;
			compatibilityVersion = "Xcode 9.3";
			developmentRegion = en;
			hasScannedForEncodings = 0;
			knownRegions = (
				en,
				Base,
			);
			mainGroup = 955A3DA323D203770011EDE3;
			productRefGroup = 955A3DAD23D203770011EDE3 /* Products */;
			projectDirPath = "";
			projectRoot = "";
			targets = (
				955A3DAB23D203770011EDE3 /* Experiences */,
				955A3DC123D203780011EDE3 /* ExperiencesTests */,
				955A3DCC23D203790011EDE3 /* ExperiencesUITests */,
			);
		};
/* End PBXProject section */

/* Begin PBXResourcesBuildPhase section */
		955A3DAA23D203770011EDE3 /* Resources */ = {
			isa = PBXResourcesBuildPhase;
			buildActionMask = 2147483647;
			files = (
				955A3DBC23D203780011EDE3 /* LaunchScreen.storyboard in Resources */,
				955A3DB923D203780011EDE3 /* Assets.xcassets in Resources */,
				955A3DB723D203770011EDE3 /* Main.storyboard in Resources */,
			);
			runOnlyForDeploymentPostprocessing = 0;
		};
		955A3DC023D203780011EDE3 /* Resources */ = {
			isa = PBXResourcesBuildPhase;
			buildActionMask = 2147483647;
			files = (
			);
			runOnlyForDeploymentPostprocessing = 0;
		};
		955A3DCB23D203790011EDE3 /* Resources */ = {
			isa = PBXResourcesBuildPhase;
			buildActionMask = 2147483647;
			files = (
			);
			runOnlyForDeploymentPostprocessing = 0;
		};
/* End PBXResourcesBuildPhase section */

/* Begin PBXSourcesBuildPhase section */
		955A3DA823D203770011EDE3 /* Sources */ = {
			isa = PBXSourcesBuildPhase;
			buildActionMask = 2147483647;
			files = (
				955A3DED23D230D70011EDE3 /* CameraPreviewView.swift in Sources */,
				955A3DB023D203770011EDE3 /* AppDelegate.swift in Sources */,
				955A3DE023D203BC0011EDE3 /* MapViewController.swift in Sources */,
				955A3DE423D204010011EDE3 /* RecordViewController.swift in Sources */,
				955A3DE923D20B740011EDE3 /* Experience.swift in Sources */,
				955A3DE723D20B690011EDE3 /* ExpController.swift in Sources */,
				955A3DE223D203E80011EDE3 /* AddViewController.swift in Sources */,
				955A3DB223D203770011EDE3 /* SceneDelegate.swift in Sources */,
			);
			runOnlyForDeploymentPostprocessing = 0;
		};
		955A3DBE23D203780011EDE3 /* Sources */ = {
			isa = PBXSourcesBuildPhase;
			buildActionMask = 2147483647;
			files = (
				955A3DC723D203780011EDE3 /* ExperiencesTests.swift in Sources */,
			);
			runOnlyForDeploymentPostprocessing = 0;
		};
		955A3DC923D203790011EDE3 /* Sources */ = {
			isa = PBXSourcesBuildPhase;
			buildActionMask = 2147483647;
			files = (
				955A3DD223D203790011EDE3 /* ExperiencesUITests.swift in Sources */,
			);
			runOnlyForDeploymentPostprocessing = 0;
		};
/* End PBXSourcesBuildPhase section */

/* Begin PBXTargetDependency section */
		955A3DC423D203780011EDE3 /* PBXTargetDependency */ = {
			isa = PBXTargetDependency;
			target = 955A3DAB23D203770011EDE3 /* Experiences */;
			targetProxy = 955A3DC323D203780011EDE3 /* PBXContainerItemProxy */;
		};
		955A3DCF23D203790011EDE3 /* PBXTargetDependency */ = {
			isa = PBXTargetDependency;
			target = 955A3DAB23D203770011EDE3 /* Experiences */;
			targetProxy = 955A3DCE23D203790011EDE3 /* PBXContainerItemProxy */;
		};
/* End PBXTargetDependency section */

/* Begin PBXVariantGroup section */
		955A3DB523D203770011EDE3 /* Main.storyboard */ = {
			isa = PBXVariantGroup;
			children = (
				955A3DB623D203770011EDE3 /* Base */,
			);
			name = Main.storyboard;
			sourceTree = "<group>";
		};
		955A3DBA23D203780011EDE3 /* LaunchScreen.storyboard */ = {
			isa = PBXVariantGroup;
			children = (
				955A3DBB23D203780011EDE3 /* Base */,
			);
			name = LaunchScreen.storyboard;
			sourceTree = "<group>";
		};
/* End PBXVariantGroup section */

/* Begin XCBuildConfiguration section */
		955A3DD423D203790011EDE3 /* Debug */ = {
			isa = XCBuildConfiguration;
			buildSettings = {
				ALWAYS_SEARCH_USER_PATHS = NO;
				CLANG_ANALYZER_NONNULL = YES;
				CLANG_ANALYZER_NUMBER_OBJECT_CONVERSION = YES_AGGRESSIVE;
				CLANG_CXX_LANGUAGE_STANDARD = "gnu++14";
				CLANG_CXX_LIBRARY = "libc++";
				CLANG_ENABLE_MODULES = YES;
				CLANG_ENABLE_OBJC_ARC = YES;
				CLANG_ENABLE_OBJC_WEAK = YES;
				CLANG_WARN_BLOCK_CAPTURE_AUTORELEASING = YES;
				CLANG_WARN_BOOL_CONVERSION = YES;
				CLANG_WARN_COMMA = YES;
				CLANG_WARN_CONSTANT_CONVERSION = YES;
				CLANG_WARN_DEPRECATED_OBJC_IMPLEMENTATIONS = YES;
				CLANG_WARN_DIRECT_OBJC_ISA_USAGE = YES_ERROR;
				CLANG_WARN_DOCUMENTATION_COMMENTS = YES;
				CLANG_WARN_EMPTY_BODY = YES;
				CLANG_WARN_ENUM_CONVERSION = YES;
				CLANG_WARN_INFINITE_RECURSION = YES;
				CLANG_WARN_INT_CONVERSION = YES;
				CLANG_WARN_NON_LITERAL_NULL_CONVERSION = YES;
				CLANG_WARN_OBJC_IMPLICIT_RETAIN_SELF = YES;
				CLANG_WARN_OBJC_LITERAL_CONVERSION = YES;
				CLANG_WARN_OBJC_ROOT_CLASS = YES_ERROR;
				CLANG_WARN_RANGE_LOOP_ANALYSIS = YES;
				CLANG_WARN_STRICT_PROTOTYPES = YES;
				CLANG_WARN_SUSPICIOUS_MOVE = YES;
				CLANG_WARN_UNGUARDED_AVAILABILITY = YES_AGGRESSIVE;
				CLANG_WARN_UNREACHABLE_CODE = YES;
				CLANG_WARN__DUPLICATE_METHOD_MATCH = YES;
				COPY_PHASE_STRIP = NO;
				DEBUG_INFORMATION_FORMAT = dwarf;
				ENABLE_STRICT_OBJC_MSGSEND = YES;
				ENABLE_TESTABILITY = YES;
				GCC_C_LANGUAGE_STANDARD = gnu11;
				GCC_DYNAMIC_NO_PIC = NO;
				GCC_NO_COMMON_BLOCKS = YES;
				GCC_OPTIMIZATION_LEVEL = 0;
				GCC_PREPROCESSOR_DEFINITIONS = (
					"DEBUG=1",
					"$(inherited)",
				);
				GCC_WARN_64_TO_32_BIT_CONVERSION = YES;
				GCC_WARN_ABOUT_RETURN_TYPE = YES_ERROR;
				GCC_WARN_UNDECLARED_SELECTOR = YES;
				GCC_WARN_UNINITIALIZED_AUTOS = YES_AGGRESSIVE;
				GCC_WARN_UNUSED_FUNCTION = YES;
				GCC_WARN_UNUSED_VARIABLE = YES;
				IPHONEOS_DEPLOYMENT_TARGET = 13.1;
				MTL_ENABLE_DEBUG_INFO = INCLUDE_SOURCE;
				MTL_FAST_MATH = YES;
				ONLY_ACTIVE_ARCH = YES;
				SDKROOT = iphoneos;
				SWIFT_ACTIVE_COMPILATION_CONDITIONS = DEBUG;
				SWIFT_OPTIMIZATION_LEVEL = "-Onone";
			};
			name = Debug;
		};
		955A3DD523D203790011EDE3 /* Release */ = {
			isa = XCBuildConfiguration;
			buildSettings = {
				ALWAYS_SEARCH_USER_PATHS = NO;
				CLANG_ANALYZER_NONNULL = YES;
				CLANG_ANALYZER_NUMBER_OBJECT_CONVERSION = YES_AGGRESSIVE;
				CLANG_CXX_LANGUAGE_STANDARD = "gnu++14";
				CLANG_CXX_LIBRARY = "libc++";
				CLANG_ENABLE_MODULES = YES;
				CLANG_ENABLE_OBJC_ARC = YES;
				CLANG_ENABLE_OBJC_WEAK = YES;
				CLANG_WARN_BLOCK_CAPTURE_AUTORELEASING = YES;
				CLANG_WARN_BOOL_CONVERSION = YES;
				CLANG_WARN_COMMA = YES;
				CLANG_WARN_CONSTANT_CONVERSION = YES;
				CLANG_WARN_DEPRECATED_OBJC_IMPLEMENTATIONS = YES;
				CLANG_WARN_DIRECT_OBJC_ISA_USAGE = YES_ERROR;
				CLANG_WARN_DOCUMENTATION_COMMENTS = YES;
				CLANG_WARN_EMPTY_BODY = YES;
				CLANG_WARN_ENUM_CONVERSION = YES;
				CLANG_WARN_INFINITE_RECURSION = YES;
				CLANG_WARN_INT_CONVERSION = YES;
				CLANG_WARN_NON_LITERAL_NULL_CONVERSION = YES;
				CLANG_WARN_OBJC_IMPLICIT_RETAIN_SELF = YES;
				CLANG_WARN_OBJC_LITERAL_CONVERSION = YES;
				CLANG_WARN_OBJC_ROOT_CLASS = YES_ERROR;
				CLANG_WARN_RANGE_LOOP_ANALYSIS = YES;
				CLANG_WARN_STRICT_PROTOTYPES = YES;
				CLANG_WARN_SUSPICIOUS_MOVE = YES;
				CLANG_WARN_UNGUARDED_AVAILABILITY = YES_AGGRESSIVE;
				CLANG_WARN_UNREACHABLE_CODE = YES;
				CLANG_WARN__DUPLICATE_METHOD_MATCH = YES;
				COPY_PHASE_STRIP = NO;
				DEBUG_INFORMATION_FORMAT = "dwarf-with-dsym";
				ENABLE_NS_ASSERTIONS = NO;
				ENABLE_STRICT_OBJC_MSGSEND = YES;
				GCC_C_LANGUAGE_STANDARD = gnu11;
				GCC_NO_COMMON_BLOCKS = YES;
				GCC_WARN_64_TO_32_BIT_CONVERSION = YES;
				GCC_WARN_ABOUT_RETURN_TYPE = YES_ERROR;
				GCC_WARN_UNDECLARED_SELECTOR = YES;
				GCC_WARN_UNINITIALIZED_AUTOS = YES_AGGRESSIVE;
				GCC_WARN_UNUSED_FUNCTION = YES;
				GCC_WARN_UNUSED_VARIABLE = YES;
				IPHONEOS_DEPLOYMENT_TARGET = 13.1;
				MTL_ENABLE_DEBUG_INFO = NO;
				MTL_FAST_MATH = YES;
				SDKROOT = iphoneos;
				SWIFT_COMPILATION_MODE = wholemodule;
				SWIFT_OPTIMIZATION_LEVEL = "-O";
				VALIDATE_PRODUCT = YES;
			};
			name = Release;
		};
		955A3DD723D203790011EDE3 /* Debug */ = {
			isa = XCBuildConfiguration;
			buildSettings = {
				ASSETCATALOG_COMPILER_APPICON_NAME = AppIcon;
				CODE_SIGN_STYLE = Automatic;
				INFOPLIST_FILE = Experiences/Info.plist;
				LD_RUNPATH_SEARCH_PATHS = (
					"$(inherited)",
					"@executable_path/Frameworks",
				);
				PRODUCT_BUNDLE_IDENTIFIER = com.lambdaschool.Experiences;
				PRODUCT_NAME = "$(TARGET_NAME)";
				SWIFT_VERSION = 5.0;
				TARGETED_DEVICE_FAMILY = "1,2";
			};
			name = Debug;
		};
		955A3DD823D203790011EDE3 /* Release */ = {
			isa = XCBuildConfiguration;
			buildSettings = {
				ASSETCATALOG_COMPILER_APPICON_NAME = AppIcon;
				CODE_SIGN_STYLE = Automatic;
				INFOPLIST_FILE = Experiences/Info.plist;
				LD_RUNPATH_SEARCH_PATHS = (
					"$(inherited)",
					"@executable_path/Frameworks",
				);
				PRODUCT_BUNDLE_IDENTIFIER = com.lambdaschool.Experiences;
				PRODUCT_NAME = "$(TARGET_NAME)";
				SWIFT_VERSION = 5.0;
				TARGETED_DEVICE_FAMILY = "1,2";
			};
			name = Release;
		};
		955A3DDA23D203790011EDE3 /* Debug */ = {
			isa = XCBuildConfiguration;
			buildSettings = {
				ALWAYS_EMBED_SWIFT_STANDARD_LIBRARIES = YES;
				BUNDLE_LOADER = "$(TEST_HOST)";
				CODE_SIGN_STYLE = Automatic;
				INFOPLIST_FILE = ExperiencesTests/Info.plist;
				IPHONEOS_DEPLOYMENT_TARGET = 13.1;
				LD_RUNPATH_SEARCH_PATHS = (
					"$(inherited)",
					"@executable_path/Frameworks",
					"@loader_path/Frameworks",
				);
				PRODUCT_BUNDLE_IDENTIFIER = com.lambdaschool.ExperiencesTests;
				PRODUCT_NAME = "$(TARGET_NAME)";
				SWIFT_VERSION = 5.0;
				TARGETED_DEVICE_FAMILY = "1,2";
				TEST_HOST = "$(BUILT_PRODUCTS_DIR)/Experiences.app/Experiences";
			};
			name = Debug;
		};
		955A3DDB23D203790011EDE3 /* Release */ = {
			isa = XCBuildConfiguration;
			buildSettings = {
				ALWAYS_EMBED_SWIFT_STANDARD_LIBRARIES = YES;
				BUNDLE_LOADER = "$(TEST_HOST)";
				CODE_SIGN_STYLE = Automatic;
				INFOPLIST_FILE = ExperiencesTests/Info.plist;
				IPHONEOS_DEPLOYMENT_TARGET = 13.1;
				LD_RUNPATH_SEARCH_PATHS = (
					"$(inherited)",
					"@executable_path/Frameworks",
					"@loader_path/Frameworks",
				);
				PRODUCT_BUNDLE_IDENTIFIER = com.lambdaschool.ExperiencesTests;
				PRODUCT_NAME = "$(TARGET_NAME)";
				SWIFT_VERSION = 5.0;
				TARGETED_DEVICE_FAMILY = "1,2";
				TEST_HOST = "$(BUILT_PRODUCTS_DIR)/Experiences.app/Experiences";
			};
			name = Release;
		};
		955A3DDD23D203790011EDE3 /* Debug */ = {
			isa = XCBuildConfiguration;
			buildSettings = {
				ALWAYS_EMBED_SWIFT_STANDARD_LIBRARIES = YES;
				CODE_SIGN_STYLE = Automatic;
				INFOPLIST_FILE = ExperiencesUITests/Info.plist;
				LD_RUNPATH_SEARCH_PATHS = (
					"$(inherited)",
					"@executable_path/Frameworks",
					"@loader_path/Frameworks",
				);
				PRODUCT_BUNDLE_IDENTIFIER = com.lambdaschool.ExperiencesUITests;
				PRODUCT_NAME = "$(TARGET_NAME)";
				SWIFT_VERSION = 5.0;
				TARGETED_DEVICE_FAMILY = "1,2";
				TEST_TARGET_NAME = Experiences;
			};
			name = Debug;
		};
		955A3DDE23D203790011EDE3 /* Release */ = {
			isa = XCBuildConfiguration;
			buildSettings = {
				ALWAYS_EMBED_SWIFT_STANDARD_LIBRARIES = YES;
				CODE_SIGN_STYLE = Automatic;
				INFOPLIST_FILE = ExperiencesUITests/Info.plist;
				LD_RUNPATH_SEARCH_PATHS = (
					"$(inherited)",
					"@executable_path/Frameworks",
					"@loader_path/Frameworks",
				);
				PRODUCT_BUNDLE_IDENTIFIER = com.lambdaschool.ExperiencesUITests;
				PRODUCT_NAME = "$(TARGET_NAME)";
				SWIFT_VERSION = 5.0;
				TARGETED_DEVICE_FAMILY = "1,2";
				TEST_TARGET_NAME = Experiences;
			};
			name = Release;
		};
/* End XCBuildConfiguration section */

/* Begin XCConfigurationList section */
		955A3DA723D203770011EDE3 /* Build configuration list for PBXProject "Experiences" */ = {
			isa = XCConfigurationList;
			buildConfigurations = (
				955A3DD423D203790011EDE3 /* Debug */,
				955A3DD523D203790011EDE3 /* Release */,
			);
			defaultConfigurationIsVisible = 0;
			defaultConfigurationName = Release;
		};
		955A3DD623D203790011EDE3 /* Build configuration list for PBXNativeTarget "Experiences" */ = {
			isa = XCConfigurationList;
			buildConfigurations = (
				955A3DD723D203790011EDE3 /* Debug */,
				955A3DD823D203790011EDE3 /* Release */,
			);
			defaultConfigurationIsVisible = 0;
			defaultConfigurationName = Release;
		};
		955A3DD923D203790011EDE3 /* Build configuration list for PBXNativeTarget "ExperiencesTests" */ = {
			isa = XCConfigurationList;
			buildConfigurations = (
				955A3DDA23D203790011EDE3 /* Debug */,
				955A3DDB23D203790011EDE3 /* Release */,
			);
			defaultConfigurationIsVisible = 0;
			defaultConfigurationName = Release;
		};
		955A3DDC23D203790011EDE3 /* Build configuration list for PBXNativeTarget "ExperiencesUITests" */ = {
			isa = XCConfigurationList;
			buildConfigurations = (
				955A3DDD23D203790011EDE3 /* Debug */,
				955A3DDE23D203790011EDE3 /* Release */,
			);
			defaultConfigurationIsVisible = 0;
			defaultConfigurationName = Release;
		};
/* End XCConfigurationList section */
	};
	rootObject = 955A3DA423D203770011EDE3 /* Project object */;
}
