// !$*UTF8*$!
{
	archiveVersion = 1;
	classes = {
	};
	objectVersion = 50;
	objects = {

/* Begin PBXBuildFile section */
		755FFC4423479C7E0085C5E5 /* AppDelegate.swift in Sources */ = {isa = PBXBuildFile; fileRef = 755FFC4323479C7E0085C5E5 /* AppDelegate.swift */; };
		755FFC4623479C7E0085C5E5 /* SceneDelegate.swift in Sources */ = {isa = PBXBuildFile; fileRef = 755FFC4523479C7E0085C5E5 /* SceneDelegate.swift */; };
		755FFC4B23479C7E0085C5E5 /* Main.storyboard in Resources */ = {isa = PBXBuildFile; fileRef = 755FFC4923479C7E0085C5E5 /* Main.storyboard */; };
		755FFC4D23479C840085C5E5 /* Assets.xcassets in Resources */ = {isa = PBXBuildFile; fileRef = 755FFC4C23479C840085C5E5 /* Assets.xcassets */; };
		755FFC5023479C840085C5E5 /* LaunchScreen.storyboard in Resources */ = {isa = PBXBuildFile; fileRef = 755FFC4E23479C840085C5E5 /* LaunchScreen.storyboard */; };
		755FFC5923479C9E0085C5E5 /* Post.swift in Sources */ = {isa = PBXBuildFile; fileRef = 755FFC5823479C9E0085C5E5 /* Post.swift */; };
		755FFC5B23479CAB0085C5E5 /* PostAnnotation.swift in Sources */ = {isa = PBXBuildFile; fileRef = 755FFC5A23479CAB0085C5E5 /* PostAnnotation.swift */; };
		755FFC5D23479F360085C5E5 /* MapViewController.swift in Sources */ = {isa = PBXBuildFile; fileRef = 755FFC5C23479F360085C5E5 /* MapViewController.swift */; };
		755FFC602347A5780085C5E5 /* PostEditorViewController.swift in Sources */ = {isa = PBXBuildFile; fileRef = 755FFC5F2347A5780085C5E5 /* PostEditorViewController.swift */; };
		755FFC622347A67D0085C5E5 /* CameraViewController.swift in Sources */ = {isa = PBXBuildFile; fileRef = 755FFC612347A67D0085C5E5 /* CameraViewController.swift */; };
		755FFC652347A8530085C5E5 /* CameraPreviewView.swift in Sources */ = {isa = PBXBuildFile; fileRef = 755FFC642347A8530085C5E5 /* CameraPreviewView.swift */; };
		755FFC682347B4A00085C5E5 /* AudioRecorder.swift in Sources */ = {isa = PBXBuildFile; fileRef = 755FFC672347B4A00085C5E5 /* AudioRecorder.swift */; };
		755FFC6B2347B7CB0085C5E5 /* PostController.swift in Sources */ = {isa = PBXBuildFile; fileRef = 755FFC6A2347B7CB0085C5E5 /* PostController.swift */; };
		755FFC6D2347BA3D0085C5E5 /* LocationHelper.swift in Sources */ = {isa = PBXBuildFile; fileRef = 755FFC6C2347BA3D0085C5E5 /* LocationHelper.swift */; };
/* End PBXBuildFile section */

/* Begin PBXFileReference section */
		755FFC4023479C7E0085C5E5 /* ExperienceLog.app */ = {isa = PBXFileReference; explicitFileType = wrapper.application; includeInIndex = 0; path = ExperienceLog.app; sourceTree = BUILT_PRODUCTS_DIR; };
		755FFC4323479C7E0085C5E5 /* AppDelegate.swift */ = {isa = PBXFileReference; lastKnownFileType = sourcecode.swift; path = AppDelegate.swift; sourceTree = "<group>"; };
		755FFC4523479C7E0085C5E5 /* SceneDelegate.swift */ = {isa = PBXFileReference; lastKnownFileType = sourcecode.swift; path = SceneDelegate.swift; sourceTree = "<group>"; };
		755FFC4A23479C7E0085C5E5 /* Base */ = {isa = PBXFileReference; lastKnownFileType = file.storyboard; name = Base; path = Base.lproj/Main.storyboard; sourceTree = "<group>"; };
		755FFC4C23479C840085C5E5 /* Assets.xcassets */ = {isa = PBXFileReference; lastKnownFileType = folder.assetcatalog; path = Assets.xcassets; sourceTree = "<group>"; };
		755FFC4F23479C840085C5E5 /* Base */ = {isa = PBXFileReference; lastKnownFileType = file.storyboard; name = Base; path = Base.lproj/LaunchScreen.storyboard; sourceTree = "<group>"; };
		755FFC5123479C840085C5E5 /* Info.plist */ = {isa = PBXFileReference; lastKnownFileType = text.plist.xml; path = Info.plist; sourceTree = "<group>"; };
		755FFC5823479C9E0085C5E5 /* Post.swift */ = {isa = PBXFileReference; lastKnownFileType = sourcecode.swift; path = Post.swift; sourceTree = "<group>"; };
		755FFC5A23479CAB0085C5E5 /* PostAnnotation.swift */ = {isa = PBXFileReference; lastKnownFileType = sourcecode.swift; path = PostAnnotation.swift; sourceTree = "<group>"; };
		755FFC5C23479F360085C5E5 /* MapViewController.swift */ = {isa = PBXFileReference; lastKnownFileType = sourcecode.swift; path = MapViewController.swift; sourceTree = "<group>"; };
		755FFC5F2347A5780085C5E5 /* PostEditorViewController.swift */ = {isa = PBXFileReference; lastKnownFileType = sourcecode.swift; path = PostEditorViewController.swift; sourceTree = "<group>"; };
		755FFC612347A67D0085C5E5 /* CameraViewController.swift */ = {isa = PBXFileReference; lastKnownFileType = sourcecode.swift; path = CameraViewController.swift; sourceTree = "<group>"; };
		755FFC642347A8530085C5E5 /* CameraPreviewView.swift */ = {isa = PBXFileReference; lastKnownFileType = sourcecode.swift; path = CameraPreviewView.swift; sourceTree = "<group>"; };
		755FFC672347B4A00085C5E5 /* AudioRecorder.swift */ = {isa = PBXFileReference; lastKnownFileType = sourcecode.swift; path = AudioRecorder.swift; sourceTree = "<group>"; };
		755FFC6A2347B7CB0085C5E5 /* PostController.swift */ = {isa = PBXFileReference; lastKnownFileType = sourcecode.swift; path = PostController.swift; sourceTree = "<group>"; };
		755FFC6C2347BA3D0085C5E5 /* LocationHelper.swift */ = {isa = PBXFileReference; lastKnownFileType = sourcecode.swift; path = LocationHelper.swift; sourceTree = "<group>"; };
/* End PBXFileReference section */

/* Begin PBXFrameworksBuildPhase section */
		755FFC3D23479C7E0085C5E5 /* Frameworks */ = {
			isa = PBXFrameworksBuildPhase;
			buildActionMask = 2147483647;
			files = (
			);
			runOnlyForDeploymentPostprocessing = 0;
		};
/* End PBXFrameworksBuildPhase section */

/* Begin PBXGroup section */
		755FFC3723479C7E0085C5E5 = {
			isa = PBXGroup;
			children = (
				755FFC4223479C7E0085C5E5 /* ExperienceLog */,
				755FFC4123479C7E0085C5E5 /* Products */,
			);
			sourceTree = "<group>";
		};
		755FFC4123479C7E0085C5E5 /* Products */ = {
			isa = PBXGroup;
			children = (
				755FFC4023479C7E0085C5E5 /* ExperienceLog.app */,
			);
			name = Products;
			sourceTree = "<group>";
		};
		755FFC4223479C7E0085C5E5 /* ExperienceLog */ = {
			isa = PBXGroup;
			children = (
				755FFC632347A8390085C5E5 /* View */,
				755FFC692347B7B50085C5E5 /* ModalController */,
				755FFC5723479C8C0085C5E5 /* Model */,
				755FFC4323479C7E0085C5E5 /* AppDelegate.swift */,
				755FFC4523479C7E0085C5E5 /* SceneDelegate.swift */,
				755FFC4923479C7E0085C5E5 /* Main.storyboard */,
				755FFC4C23479C840085C5E5 /* Assets.xcassets */,
				755FFC4E23479C840085C5E5 /* LaunchScreen.storyboard */,
				755FFC5123479C840085C5E5 /* Info.plist */,
				755FFC662347B4770085C5E5 /* Helper */,
				755FFC5E23479F3C0085C5E5 /* ViewController */,
			);
			path = ExperienceLog;
			sourceTree = "<group>";
		};
		755FFC5723479C8C0085C5E5 /* Model */ = {
			isa = PBXGroup;
			children = (
				755FFC5823479C9E0085C5E5 /* Post.swift */,
				755FFC5A23479CAB0085C5E5 /* PostAnnotation.swift */,
			);
			path = Model;
			sourceTree = "<group>";
		};
		755FFC5E23479F3C0085C5E5 /* ViewController */ = {
			isa = PBXGroup;
			children = (
				755FFC5C23479F360085C5E5 /* MapViewController.swift */,
				755FFC5F2347A5780085C5E5 /* PostEditorViewController.swift */,
				755FFC612347A67D0085C5E5 /* CameraViewController.swift */,
			);
			path = ViewController;
			sourceTree = "<group>";
		};
		755FFC632347A8390085C5E5 /* View */ = {
			isa = PBXGroup;
			children = (
				755FFC642347A8530085C5E5 /* CameraPreviewView.swift */,
			);
			path = View;
			sourceTree = "<group>";
		};
		755FFC662347B4770085C5E5 /* Helper */ = {
			isa = PBXGroup;
			children = (
				755FFC672347B4A00085C5E5 /* AudioRecorder.swift */,
				755FFC6C2347BA3D0085C5E5 /* LocationHelper.swift */,
			);
			path = Helper;
			sourceTree = "<group>";
		};
		755FFC692347B7B50085C5E5 /* ModalController */ = {
			isa = PBXGroup;
			children = (
				755FFC6A2347B7CB0085C5E5 /* PostController.swift */,
			);
			path = ModalController;
			sourceTree = "<group>";
		};
/* End PBXGroup section */

/* Begin PBXNativeTarget section */
		755FFC3F23479C7E0085C5E5 /* ExperienceLog */ = {
			isa = PBXNativeTarget;
			buildConfigurationList = 755FFC5423479C840085C5E5 /* Build configuration list for PBXNativeTarget "ExperienceLog" */;
			buildPhases = (
				755FFC3C23479C7E0085C5E5 /* Sources */,
				755FFC3D23479C7E0085C5E5 /* Frameworks */,
				755FFC3E23479C7E0085C5E5 /* Resources */,
			);
			buildRules = (
			);
			dependencies = (
			);
			name = ExperienceLog;
			productName = ExperienceLog;
			productReference = 755FFC4023479C7E0085C5E5 /* ExperienceLog.app */;
			productType = "com.apple.product-type.application";
		};
/* End PBXNativeTarget section */

/* Begin PBXProject section */
		755FFC3823479C7E0085C5E5 /* Project object */ = {
			isa = PBXProject;
			attributes = {
				LastSwiftUpdateCheck = 1100;
				LastUpgradeCheck = 1100;
				ORGANIZATIONNAME = bradleyyin;
				TargetAttributes = {
					755FFC3F23479C7E0085C5E5 = {
						CreatedOnToolsVersion = 11.0;
					};
				};
			};
			buildConfigurationList = 755FFC3B23479C7E0085C5E5 /* Build configuration list for PBXProject "ExperienceLog" */;
			compatibilityVersion = "Xcode 9.3";
			developmentRegion = en;
			hasScannedForEncodings = 0;
			knownRegions = (
				en,
				Base,
			);
			mainGroup = 755FFC3723479C7E0085C5E5;
			productRefGroup = 755FFC4123479C7E0085C5E5 /* Products */;
			projectDirPath = "";
			projectRoot = "";
			targets = (
				755FFC3F23479C7E0085C5E5 /* ExperienceLog */,
			);
		};
/* End PBXProject section */

/* Begin PBXResourcesBuildPhase section */
		755FFC3E23479C7E0085C5E5 /* Resources */ = {
			isa = PBXResourcesBuildPhase;
			buildActionMask = 2147483647;
			files = (
				755FFC5023479C840085C5E5 /* LaunchScreen.storyboard in Resources */,
				755FFC4D23479C840085C5E5 /* Assets.xcassets in Resources */,
				755FFC4B23479C7E0085C5E5 /* Main.storyboard in Resources */,
			);
			runOnlyForDeploymentPostprocessing = 0;
		};
/* End PBXResourcesBuildPhase section */

/* Begin PBXSourcesBuildPhase section */
		755FFC3C23479C7E0085C5E5 /* Sources */ = {
			isa = PBXSourcesBuildPhase;
			buildActionMask = 2147483647;
			files = (
				755FFC682347B4A00085C5E5 /* AudioRecorder.swift in Sources */,
				755FFC6D2347BA3D0085C5E5 /* LocationHelper.swift in Sources */,
				755FFC652347A8530085C5E5 /* CameraPreviewView.swift in Sources */,
				755FFC5D23479F360085C5E5 /* MapViewController.swift in Sources */,
				755FFC4423479C7E0085C5E5 /* AppDelegate.swift in Sources */,
				755FFC4623479C7E0085C5E5 /* SceneDelegate.swift in Sources */,
				755FFC6B2347B7CB0085C5E5 /* PostController.swift in Sources */,
				755FFC5923479C9E0085C5E5 /* Post.swift in Sources */,
				755FFC622347A67D0085C5E5 /* CameraViewController.swift in Sources */,
				755FFC5B23479CAB0085C5E5 /* PostAnnotation.swift in Sources */,
				755FFC602347A5780085C5E5 /* PostEditorViewController.swift in Sources */,
			);
			runOnlyForDeploymentPostprocessing = 0;
		};
/* End PBXSourcesBuildPhase section */

/* Begin PBXVariantGroup section */
		755FFC4923479C7E0085C5E5 /* Main.storyboard */ = {
			isa = PBXVariantGroup;
			children = (
				755FFC4A23479C7E0085C5E5 /* Base */,
			);
			name = Main.storyboard;
			sourceTree = "<group>";
		};
		755FFC4E23479C840085C5E5 /* LaunchScreen.storyboard */ = {
			isa = PBXVariantGroup;
			children = (
				755FFC4F23479C840085C5E5 /* Base */,
			);
			name = LaunchScreen.storyboard;
			sourceTree = "<group>";
		};
/* End PBXVariantGroup section */

/* Begin XCBuildConfiguration section */
		755FFC5223479C840085C5E5 /* Debug */ = {
			isa = XCBuildConfiguration;
			buildSettings = {
				ALWAYS_SEARCH_USER_PATHS = NO;
				CLANG_ANALYZER_NONNULL = YES;
				CLANG_ANALYZER_NUMBER_OBJECT_CONVERSION = YES_AGGRESSIVE;
				CLANG_CXX_LANGUAGE_STANDARD = "gnu++14";
				CLANG_CXX_LIBRARY = "libc++";
				CLANG_ENABLE_MODULES = YES;
				CLANG_ENABLE_OBJC_ARC = YES;
				CLANG_ENABLE_OBJC_WEAK = YES;
				CLANG_WARN_BLOCK_CAPTURE_AUTORELEASING = YES;
				CLANG_WARN_BOOL_CONVERSION = YES;
				CLANG_WARN_COMMA = YES;
				CLANG_WARN_CONSTANT_CONVERSION = YES;
				CLANG_WARN_DEPRECATED_OBJC_IMPLEMENTATIONS = YES;
				CLANG_WARN_DIRECT_OBJC_ISA_USAGE = YES_ERROR;
				CLANG_WARN_DOCUMENTATION_COMMENTS = YES;
				CLANG_WARN_EMPTY_BODY = YES;
				CLANG_WARN_ENUM_CONVERSION = YES;
				CLANG_WARN_INFINITE_RECURSION = YES;
				CLANG_WARN_INT_CONVERSION = YES;
				CLANG_WARN_NON_LITERAL_NULL_CONVERSION = YES;
				CLANG_WARN_OBJC_IMPLICIT_RETAIN_SELF = YES;
				CLANG_WARN_OBJC_LITERAL_CONVERSION = YES;
				CLANG_WARN_OBJC_ROOT_CLASS = YES_ERROR;
				CLANG_WARN_RANGE_LOOP_ANALYSIS = YES;
				CLANG_WARN_STRICT_PROTOTYPES = YES;
				CLANG_WARN_SUSPICIOUS_MOVE = YES;
				CLANG_WARN_UNGUARDED_AVAILABILITY = YES_AGGRESSIVE;
				CLANG_WARN_UNREACHABLE_CODE = YES;
				CLANG_WARN__DUPLICATE_METHOD_MATCH = YES;
				COPY_PHASE_STRIP = NO;
				DEBUG_INFORMATION_FORMAT = dwarf;
				ENABLE_STRICT_OBJC_MSGSEND = YES;
				ENABLE_TESTABILITY = YES;
				GCC_C_LANGUAGE_STANDARD = gnu11;
				GCC_DYNAMIC_NO_PIC = NO;
				GCC_NO_COMMON_BLOCKS = YES;
				GCC_OPTIMIZATION_LEVEL = 0;
				GCC_PREPROCESSOR_DEFINITIONS = (
					"DEBUG=1",
					"$(inherited)",
				);
				GCC_WARN_64_TO_32_BIT_CONVERSION = YES;
				GCC_WARN_ABOUT_RETURN_TYPE = YES_ERROR;
				GCC_WARN_UNDECLARED_SELECTOR = YES;
				GCC_WARN_UNINITIALIZED_AUTOS = YES_AGGRESSIVE;
				GCC_WARN_UNUSED_FUNCTION = YES;
				GCC_WARN_UNUSED_VARIABLE = YES;
				IPHONEOS_DEPLOYMENT_TARGET = 13.0;
				MTL_ENABLE_DEBUG_INFO = INCLUDE_SOURCE;
				MTL_FAST_MATH = YES;
				ONLY_ACTIVE_ARCH = YES;
				SDKROOT = iphoneos;
				SWIFT_ACTIVE_COMPILATION_CONDITIONS = DEBUG;
				SWIFT_OPTIMIZATION_LEVEL = "-Onone";
			};
			name = Debug;
		};
		755FFC5323479C840085C5E5 /* Release */ = {
			isa = XCBuildConfiguration;
			buildSettings = {
				ALWAYS_SEARCH_USER_PATHS = NO;
				CLANG_ANALYZER_NONNULL = YES;
				CLANG_ANALYZER_NUMBER_OBJECT_CONVERSION = YES_AGGRESSIVE;
				CLANG_CXX_LANGUAGE_STANDARD = "gnu++14";
				CLANG_CXX_LIBRARY = "libc++";
				CLANG_ENABLE_MODULES = YES;
				CLANG_ENABLE_OBJC_ARC = YES;
				CLANG_ENABLE_OBJC_WEAK = YES;
				CLANG_WARN_BLOCK_CAPTURE_AUTORELEASING = YES;
				CLANG_WARN_BOOL_CONVERSION = YES;
				CLANG_WARN_COMMA = YES;
				CLANG_WARN_CONSTANT_CONVERSION = YES;
				CLANG_WARN_DEPRECATED_OBJC_IMPLEMENTATIONS = YES;
				CLANG_WARN_DIRECT_OBJC_ISA_USAGE = YES_ERROR;
				CLANG_WARN_DOCUMENTATION_COMMENTS = YES;
				CLANG_WARN_EMPTY_BODY = YES;
				CLANG_WARN_ENUM_CONVERSION = YES;
				CLANG_WARN_INFINITE_RECURSION = YES;
				CLANG_WARN_INT_CONVERSION = YES;
				CLANG_WARN_NON_LITERAL_NULL_CONVERSION = YES;
				CLANG_WARN_OBJC_IMPLICIT_RETAIN_SELF = YES;
				CLANG_WARN_OBJC_LITERAL_CONVERSION = YES;
				CLANG_WARN_OBJC_ROOT_CLASS = YES_ERROR;
				CLANG_WARN_RANGE_LOOP_ANALYSIS = YES;
				CLANG_WARN_STRICT_PROTOTYPES = YES;
				CLANG_WARN_SUSPICIOUS_MOVE = YES;
				CLANG_WARN_UNGUARDED_AVAILABILITY = YES_AGGRESSIVE;
				CLANG_WARN_UNREACHABLE_CODE = YES;
				CLANG_WARN__DUPLICATE_METHOD_MATCH = YES;
				COPY_PHASE_STRIP = NO;
				DEBUG_INFORMATION_FORMAT = "dwarf-with-dsym";
				ENABLE_NS_ASSERTIONS = NO;
				ENABLE_STRICT_OBJC_MSGSEND = YES;
				GCC_C_LANGUAGE_STANDARD = gnu11;
				GCC_NO_COMMON_BLOCKS = YES;
				GCC_WARN_64_TO_32_BIT_CONVERSION = YES;
				GCC_WARN_ABOUT_RETURN_TYPE = YES_ERROR;
				GCC_WARN_UNDECLARED_SELECTOR = YES;
				GCC_WARN_UNINITIALIZED_AUTOS = YES_AGGRESSIVE;
				GCC_WARN_UNUSED_FUNCTION = YES;
				GCC_WARN_UNUSED_VARIABLE = YES;
				IPHONEOS_DEPLOYMENT_TARGET = 13.0;
				MTL_ENABLE_DEBUG_INFO = NO;
				MTL_FAST_MATH = YES;
				SDKROOT = iphoneos;
				SWIFT_COMPILATION_MODE = wholemodule;
				SWIFT_OPTIMIZATION_LEVEL = "-O";
				VALIDATE_PRODUCT = YES;
			};
			name = Release;
		};
		755FFC5523479C840085C5E5 /* Debug */ = {
			isa = XCBuildConfiguration;
			buildSettings = {
				ASSETCATALOG_COMPILER_APPICON_NAME = AppIcon;
				CODE_SIGN_STYLE = Automatic;
				DEVELOPMENT_TEAM = 8367QTYVY6;
				INFOPLIST_FILE = ExperienceLog/Info.plist;
				LD_RUNPATH_SEARCH_PATHS = (
					"$(inherited)",
					"@executable_path/Frameworks",
				);
				PRODUCT_BUNDLE_IDENTIFIER = com.bradleyyin.ExperienceLog;
				PRODUCT_NAME = "$(TARGET_NAME)";
				SWIFT_VERSION = 5.0;
				TARGETED_DEVICE_FAMILY = "1,2";
			};
			name = Debug;
		};
		755FFC5623479C840085C5E5 /* Release */ = {
			isa = XCBuildConfiguration;
			buildSettings = {
				ASSETCATALOG_COMPILER_APPICON_NAME = AppIcon;
				CODE_SIGN_STYLE = Automatic;
				DEVELOPMENT_TEAM = 8367QTYVY6;
				INFOPLIST_FILE = ExperienceLog/Info.plist;
				LD_RUNPATH_SEARCH_PATHS = (
					"$(inherited)",
					"@executable_path/Frameworks",
				);
				PRODUCT_BUNDLE_IDENTIFIER = com.bradleyyin.ExperienceLog;
				PRODUCT_NAME = "$(TARGET_NAME)";
				SWIFT_VERSION = 5.0;
				TARGETED_DEVICE_FAMILY = "1,2";
			};
			name = Release;
		};
/* End XCBuildConfiguration section */

/* Begin XCConfigurationList section */
		755FFC3B23479C7E0085C5E5 /* Build configuration list for PBXProject "ExperienceLog" */ = {
			isa = XCConfigurationList;
			buildConfigurations = (
				755FFC5223479C840085C5E5 /* Debug */,
				755FFC5323479C840085C5E5 /* Release */,
			);
			defaultConfigurationIsVisible = 0;
			defaultConfigurationName = Release;
		};
		755FFC5423479C840085C5E5 /* Build configuration list for PBXNativeTarget "ExperienceLog" */ = {
			isa = XCConfigurationList;
			buildConfigurations = (
				755FFC5523479C840085C5E5 /* Debug */,
				755FFC5623479C840085C5E5 /* Release */,
			);
			defaultConfigurationIsVisible = 0;
			defaultConfigurationName = Release;
		};
/* End XCConfigurationList section */
	};
	rootObject = 755FFC3823479C7E0085C5E5 /* Project object */;
}
