// !$*UTF8*$!
{
	archiveVersion = 1;
	classes = {
	};
	objectVersion = 50;
	objects = {

/* Begin PBXBuildFile section */
		BB25747723D17C7900B31F8B /* AppDelegate.swift in Sources */ = {isa = PBXBuildFile; fileRef = BB25747623D17C7900B31F8B /* AppDelegate.swift */; };
		BB25747923D17C7A00B31F8B /* SceneDelegate.swift in Sources */ = {isa = PBXBuildFile; fileRef = BB25747823D17C7A00B31F8B /* SceneDelegate.swift */; };
		BB25747E23D17C7A00B31F8B /* Main.storyboard in Resources */ = {isa = PBXBuildFile; fileRef = BB25747C23D17C7A00B31F8B /* Main.storyboard */; };
		BB25748023D17C7D00B31F8B /* Assets.xcassets in Resources */ = {isa = PBXBuildFile; fileRef = BB25747F23D17C7D00B31F8B /* Assets.xcassets */; };
		BB25748323D17C7D00B31F8B /* LaunchScreen.storyboard in Resources */ = {isa = PBXBuildFile; fileRef = BB25748123D17C7D00B31F8B /* LaunchScreen.storyboard */; };
		BB25748D23D1803200B31F8B /* JournalTableViewController.swift in Sources */ = {isa = PBXBuildFile; fileRef = BB25748C23D1803200B31F8B /* JournalTableViewController.swift */; };
		BB25748F23D1829B00B31F8B /* MapViewController.swift in Sources */ = {isa = PBXBuildFile; fileRef = BB25748E23D1829B00B31F8B /* MapViewController.swift */; };
		BB25749123D1847A00B31F8B /* ImageViewController.swift in Sources */ = {isa = PBXBuildFile; fileRef = BB25749023D1847A00B31F8B /* ImageViewController.swift */; };
		BB25749323D1848800B31F8B /* AudioViewController.swift in Sources */ = {isa = PBXBuildFile; fileRef = BB25749223D1848800B31F8B /* AudioViewController.swift */; };
		BB25749523D1849100B31F8B /* VideoViewController.swift in Sources */ = {isa = PBXBuildFile; fileRef = BB25749423D1849100B31F8B /* VideoViewController.swift */; };
		BB25749923D1878F00B31F8B /* MapKit.framework in Frameworks */ = {isa = PBXBuildFile; fileRef = BB25749823D1878F00B31F8B /* MapKit.framework */; };
		BB25749B23D1895B00B31F8B /* Entry.swift in Sources */ = {isa = PBXBuildFile; fileRef = BB25749A23D1895B00B31F8B /* Entry.swift */; };
		BB25749D23D1897500B31F8B /* EntryController.swift in Sources */ = {isa = PBXBuildFile; fileRef = BB25749C23D1897500B31F8B /* EntryController.swift */; };
		BBBCEB6E23D2152E00506CAF /* CameraPreviewVIew.swift in Sources */ = {isa = PBXBuildFile; fileRef = BBBCEB6D23D2152E00506CAF /* CameraPreviewVIew.swift */; };
		BBBCEB7323D220BB00506CAF /* UIViewController+InformationAlert.swift in Sources */ = {isa = PBXBuildFile; fileRef = BBBCEB7223D220BB00506CAF /* UIViewController+InformationAlert.swift */; };
		BBBCEB7723D2226500506CAF /* UIImage+Scaling.swift in Sources */ = {isa = PBXBuildFile; fileRef = BBBCEB7623D2226500506CAF /* UIImage+Scaling.swift */; };
/* End PBXBuildFile section */

/* Begin PBXFileReference section */
		BB25747323D17C7900B31F8B /* Unit4-SprintChallenge1.app */ = {isa = PBXFileReference; explicitFileType = wrapper.application; includeInIndex = 0; path = "Unit4-SprintChallenge1.app"; sourceTree = BUILT_PRODUCTS_DIR; };
		BB25747623D17C7900B31F8B /* AppDelegate.swift */ = {isa = PBXFileReference; lastKnownFileType = sourcecode.swift; path = AppDelegate.swift; sourceTree = "<group>"; };
		BB25747823D17C7A00B31F8B /* SceneDelegate.swift */ = {isa = PBXFileReference; lastKnownFileType = sourcecode.swift; path = SceneDelegate.swift; sourceTree = "<group>"; };
		BB25747D23D17C7A00B31F8B /* Base */ = {isa = PBXFileReference; lastKnownFileType = file.storyboard; name = Base; path = Base.lproj/Main.storyboard; sourceTree = "<group>"; };
		BB25747F23D17C7D00B31F8B /* Assets.xcassets */ = {isa = PBXFileReference; lastKnownFileType = folder.assetcatalog; path = Assets.xcassets; sourceTree = "<group>"; };
		BB25748223D17C7D00B31F8B /* Base */ = {isa = PBXFileReference; lastKnownFileType = file.storyboard; name = Base; path = Base.lproj/LaunchScreen.storyboard; sourceTree = "<group>"; };
		BB25748423D17C7D00B31F8B /* Info.plist */ = {isa = PBXFileReference; lastKnownFileType = text.plist.xml; path = Info.plist; sourceTree = "<group>"; };
		BB25748C23D1803200B31F8B /* JournalTableViewController.swift */ = {isa = PBXFileReference; lastKnownFileType = sourcecode.swift; path = JournalTableViewController.swift; sourceTree = "<group>"; };
		BB25748E23D1829B00B31F8B /* MapViewController.swift */ = {isa = PBXFileReference; lastKnownFileType = sourcecode.swift; path = MapViewController.swift; sourceTree = "<group>"; };
		BB25749023D1847A00B31F8B /* ImageViewController.swift */ = {isa = PBXFileReference; lastKnownFileType = sourcecode.swift; path = ImageViewController.swift; sourceTree = "<group>"; };
		BB25749223D1848800B31F8B /* AudioViewController.swift */ = {isa = PBXFileReference; lastKnownFileType = sourcecode.swift; path = AudioViewController.swift; sourceTree = "<group>"; };
		BB25749423D1849100B31F8B /* VideoViewController.swift */ = {isa = PBXFileReference; lastKnownFileType = sourcecode.swift; path = VideoViewController.swift; sourceTree = "<group>"; };
		BB25749823D1878F00B31F8B /* MapKit.framework */ = {isa = PBXFileReference; lastKnownFileType = wrapper.framework; name = MapKit.framework; path = System/Library/Frameworks/MapKit.framework; sourceTree = SDKROOT; };
		BB25749A23D1895B00B31F8B /* Entry.swift */ = {isa = PBXFileReference; lastKnownFileType = sourcecode.swift; path = Entry.swift; sourceTree = "<group>"; };
		BB25749C23D1897500B31F8B /* EntryController.swift */ = {isa = PBXFileReference; lastKnownFileType = sourcecode.swift; path = EntryController.swift; sourceTree = "<group>"; };
		BBBCEB6D23D2152E00506CAF /* CameraPreviewVIew.swift */ = {isa = PBXFileReference; lastKnownFileType = sourcecode.swift; path = CameraPreviewVIew.swift; sourceTree = "<group>"; };
		BBBCEB7223D220BB00506CAF /* UIViewController+InformationAlert.swift */ = {isa = PBXFileReference; lastKnownFileType = sourcecode.swift; path = "UIViewController+InformationAlert.swift"; sourceTree = "<group>"; };
		BBBCEB7623D2226500506CAF /* UIImage+Scaling.swift */ = {isa = PBXFileReference; lastKnownFileType = sourcecode.swift; path = "UIImage+Scaling.swift"; sourceTree = "<group>"; };
/* End PBXFileReference section */

/* Begin PBXFrameworksBuildPhase section */
		BB25747023D17C7900B31F8B /* Frameworks */ = {
			isa = PBXFrameworksBuildPhase;
			buildActionMask = 2147483647;
			files = (
				BB25749923D1878F00B31F8B /* MapKit.framework in Frameworks */,
			);
			runOnlyForDeploymentPostprocessing = 0;
		};
/* End PBXFrameworksBuildPhase section */

/* Begin PBXGroup section */
		BB25746A23D17C7900B31F8B = {
			isa = PBXGroup;
			children = (
				BB25747523D17C7900B31F8B /* Unit4-SprintChallenge1 */,
				BB25747423D17C7900B31F8B /* Products */,
				BB25749723D1878F00B31F8B /* Frameworks */,
			);
			sourceTree = "<group>";
		};
		BB25747423D17C7900B31F8B /* Products */ = {
			isa = PBXGroup;
			children = (
				BB25747323D17C7900B31F8B /* Unit4-SprintChallenge1.app */,
			);
			name = Products;
			sourceTree = "<group>";
		};
		BB25747523D17C7900B31F8B /* Unit4-SprintChallenge1 */ = {
			isa = PBXGroup;
			children = (
				BBBCEB7123D21A0F00506CAF /* Views */,
				BB25749623D184A000B31F8B /* View Controllers */,
				BBBCEB7023D219FC00506CAF /* Models */,
				BBBCEB6F23D219ED00506CAF /* Model Controllers */,
				BBBCEB7423D220CC00506CAF /* Helpers */,
				BB25747623D17C7900B31F8B /* AppDelegate.swift */,
				BB25747823D17C7A00B31F8B /* SceneDelegate.swift */,
				BB25747C23D17C7A00B31F8B /* Main.storyboard */,
				BB25747F23D17C7D00B31F8B /* Assets.xcassets */,
				BB25748123D17C7D00B31F8B /* LaunchScreen.storyboard */,
				BB25748423D17C7D00B31F8B /* Info.plist */,
			);
			path = "Unit4-SprintChallenge1";
			sourceTree = "<group>";
		};
		BB25749623D184A000B31F8B /* View Controllers */ = {
			isa = PBXGroup;
			children = (
				BB25748C23D1803200B31F8B /* JournalTableViewController.swift */,
				BB25749023D1847A00B31F8B /* ImageViewController.swift */,
				BB25749223D1848800B31F8B /* AudioViewController.swift */,
				BB25749423D1849100B31F8B /* VideoViewController.swift */,
				BB25748E23D1829B00B31F8B /* MapViewController.swift */,
			);
			path = "View Controllers";
			sourceTree = "<group>";
		};
		BB25749723D1878F00B31F8B /* Frameworks */ = {
			isa = PBXGroup;
			children = (
				BB25749823D1878F00B31F8B /* MapKit.framework */,
			);
			name = Frameworks;
			sourceTree = "<group>";
		};
		BBBCEB6F23D219ED00506CAF /* Model Controllers */ = {
			isa = PBXGroup;
			children = (
				BB25749C23D1897500B31F8B /* EntryController.swift */,
			);
			path = "Model Controllers";
			sourceTree = "<group>";
		};
		BBBCEB7023D219FC00506CAF /* Models */ = {
			isa = PBXGroup;
			children = (
				BB25749A23D1895B00B31F8B /* Entry.swift */,
			);
			path = Models;
			sourceTree = "<group>";
		};
		BBBCEB7123D21A0F00506CAF /* Views */ = {
			isa = PBXGroup;
			children = (
				BBBCEB6D23D2152E00506CAF /* CameraPreviewVIew.swift */,
			);
			path = Views;
			sourceTree = "<group>";
		};
		BBBCEB7423D220CC00506CAF /* Helpers */ = {
			isa = PBXGroup;
			children = (
				BBBCEB7523D2223200506CAF /* Extensions */,
			);
			path = Helpers;
			sourceTree = "<group>";
		};
		BBBCEB7523D2223200506CAF /* Extensions */ = {
			isa = PBXGroup;
			children = (
				BBBCEB7223D220BB00506CAF /* UIViewController+InformationAlert.swift */,
				BBBCEB7623D2226500506CAF /* UIImage+Scaling.swift */,
			);
			path = Extensions;
			sourceTree = "<group>";
		};
/* End PBXGroup section */

/* Begin PBXNativeTarget section */
		BB25747223D17C7900B31F8B /* Unit4-SprintChallenge1 */ = {
			isa = PBXNativeTarget;
			buildConfigurationList = BB25748723D17C7D00B31F8B /* Build configuration list for PBXNativeTarget "Unit4-SprintChallenge1" */;
			buildPhases = (
				BB25746F23D17C7900B31F8B /* Sources */,
				BB25747023D17C7900B31F8B /* Frameworks */,
				BB25747123D17C7900B31F8B /* Resources */,
			);
			buildRules = (
			);
			dependencies = (
			);
			name = "Unit4-SprintChallenge1";
			productName = "Unit4-SprintChallenge1";
			productReference = BB25747323D17C7900B31F8B /* Unit4-SprintChallenge1.app */;
			productType = "com.apple.product-type.application";
		};
/* End PBXNativeTarget section */

/* Begin PBXProject section */
		BB25746B23D17C7900B31F8B /* Project object */ = {
			isa = PBXProject;
			attributes = {
				LastSwiftUpdateCheck = 1130;
				LastUpgradeCheck = 1130;
				ORGANIZATIONNAME = "Lambda School";
				TargetAttributes = {
					BB25747223D17C7900B31F8B = {
						CreatedOnToolsVersion = 11.3;
					};
				};
			};
			buildConfigurationList = BB25746E23D17C7900B31F8B /* Build configuration list for PBXProject "Unit4-SprintChallenge1" */;
			compatibilityVersion = "Xcode 9.3";
			developmentRegion = en;
			hasScannedForEncodings = 0;
			knownRegions = (
				en,
				Base,
			);
			mainGroup = BB25746A23D17C7900B31F8B;
			productRefGroup = BB25747423D17C7900B31F8B /* Products */;
			projectDirPath = "";
			projectRoot = "";
			targets = (
				BB25747223D17C7900B31F8B /* Unit4-SprintChallenge1 */,
			);
		};
/* End PBXProject section */

/* Begin PBXResourcesBuildPhase section */
		BB25747123D17C7900B31F8B /* Resources */ = {
			isa = PBXResourcesBuildPhase;
			buildActionMask = 2147483647;
			files = (
				BB25748323D17C7D00B31F8B /* LaunchScreen.storyboard in Resources */,
				BB25748023D17C7D00B31F8B /* Assets.xcassets in Resources */,
				BB25747E23D17C7A00B31F8B /* Main.storyboard in Resources */,
			);
			runOnlyForDeploymentPostprocessing = 0;
		};
/* End PBXResourcesBuildPhase section */

/* Begin PBXSourcesBuildPhase section */
		BB25746F23D17C7900B31F8B /* Sources */ = {
			isa = PBXSourcesBuildPhase;
			buildActionMask = 2147483647;
			files = (
				BBBCEB6E23D2152E00506CAF /* CameraPreviewVIew.swift in Sources */,
				BB25749B23D1895B00B31F8B /* Entry.swift in Sources */,
				BB25747723D17C7900B31F8B /* AppDelegate.swift in Sources */,
				BB25749523D1849100B31F8B /* VideoViewController.swift in Sources */,
				BB25749D23D1897500B31F8B /* EntryController.swift in Sources */,
				BB25748D23D1803200B31F8B /* JournalTableViewController.swift in Sources */,
				BB25749123D1847A00B31F8B /* ImageViewController.swift in Sources */,
				BB25747923D17C7A00B31F8B /* SceneDelegate.swift in Sources */,
				BB25748F23D1829B00B31F8B /* MapViewController.swift in Sources */,
				BBBCEB7723D2226500506CAF /* UIImage+Scaling.swift in Sources */,
				BB25749323D1848800B31F8B /* AudioViewController.swift in Sources */,
				BBBCEB7323D220BB00506CAF /* UIViewController+InformationAlert.swift in Sources */,
			);
			runOnlyForDeploymentPostprocessing = 0;
		};
/* End PBXSourcesBuildPhase section */

/* Begin PBXVariantGroup section */
		BB25747C23D17C7A00B31F8B /* Main.storyboard */ = {
			isa = PBXVariantGroup;
			children = (
				BB25747D23D17C7A00B31F8B /* Base */,
			);
			name = Main.storyboard;
			sourceTree = "<group>";
		};
		BB25748123D17C7D00B31F8B /* LaunchScreen.storyboard */ = {
			isa = PBXVariantGroup;
			children = (
				BB25748223D17C7D00B31F8B /* Base */,
			);
			name = LaunchScreen.storyboard;
			sourceTree = "<group>";
		};
/* End PBXVariantGroup section */

/* Begin XCBuildConfiguration section */
		BB25748523D17C7D00B31F8B /* Debug */ = {
			isa = XCBuildConfiguration;
			buildSettings = {
				ALWAYS_SEARCH_USER_PATHS = NO;
				CLANG_ANALYZER_NONNULL = YES;
				CLANG_ANALYZER_NUMBER_OBJECT_CONVERSION = YES_AGGRESSIVE;
				CLANG_CXX_LANGUAGE_STANDARD = "gnu++14";
				CLANG_CXX_LIBRARY = "libc++";
				CLANG_ENABLE_MODULES = YES;
				CLANG_ENABLE_OBJC_ARC = YES;
				CLANG_ENABLE_OBJC_WEAK = YES;
				CLANG_WARN_BLOCK_CAPTURE_AUTORELEASING = YES;
				CLANG_WARN_BOOL_CONVERSION = YES;
				CLANG_WARN_COMMA = YES;
				CLANG_WARN_CONSTANT_CONVERSION = YES;
				CLANG_WARN_DEPRECATED_OBJC_IMPLEMENTATIONS = YES;
				CLANG_WARN_DIRECT_OBJC_ISA_USAGE = YES_ERROR;
				CLANG_WARN_DOCUMENTATION_COMMENTS = YES;
				CLANG_WARN_EMPTY_BODY = YES;
				CLANG_WARN_ENUM_CONVERSION = YES;
				CLANG_WARN_INFINITE_RECURSION = YES;
				CLANG_WARN_INT_CONVERSION = YES;
				CLANG_WARN_NON_LITERAL_NULL_CONVERSION = YES;
				CLANG_WARN_OBJC_IMPLICIT_RETAIN_SELF = YES;
				CLANG_WARN_OBJC_LITERAL_CONVERSION = YES;
				CLANG_WARN_OBJC_ROOT_CLASS = YES_ERROR;
				CLANG_WARN_RANGE_LOOP_ANALYSIS = YES;
				CLANG_WARN_STRICT_PROTOTYPES = YES;
				CLANG_WARN_SUSPICIOUS_MOVE = YES;
				CLANG_WARN_UNGUARDED_AVAILABILITY = YES_AGGRESSIVE;
				CLANG_WARN_UNREACHABLE_CODE = YES;
				CLANG_WARN__DUPLICATE_METHOD_MATCH = YES;
				COPY_PHASE_STRIP = NO;
				DEBUG_INFORMATION_FORMAT = dwarf;
				ENABLE_STRICT_OBJC_MSGSEND = YES;
				ENABLE_TESTABILITY = YES;
				GCC_C_LANGUAGE_STANDARD = gnu11;
				GCC_DYNAMIC_NO_PIC = NO;
				GCC_NO_COMMON_BLOCKS = YES;
				GCC_OPTIMIZATION_LEVEL = 0;
				GCC_PREPROCESSOR_DEFINITIONS = (
					"DEBUG=1",
					"$(inherited)",
				);
				GCC_WARN_64_TO_32_BIT_CONVERSION = YES;
				GCC_WARN_ABOUT_RETURN_TYPE = YES_ERROR;
				GCC_WARN_UNDECLARED_SELECTOR = YES;
				GCC_WARN_UNINITIALIZED_AUTOS = YES_AGGRESSIVE;
				GCC_WARN_UNUSED_FUNCTION = YES;
				GCC_WARN_UNUSED_VARIABLE = YES;
				IPHONEOS_DEPLOYMENT_TARGET = 13.2;
				MTL_ENABLE_DEBUG_INFO = INCLUDE_SOURCE;
				MTL_FAST_MATH = YES;
				ONLY_ACTIVE_ARCH = YES;
				SDKROOT = iphoneos;
				SWIFT_ACTIVE_COMPILATION_CONDITIONS = DEBUG;
				SWIFT_OPTIMIZATION_LEVEL = "-Onone";
			};
			name = Debug;
		};
		BB25748623D17C7D00B31F8B /* Release */ = {
			isa = XCBuildConfiguration;
			buildSettings = {
				ALWAYS_SEARCH_USER_PATHS = NO;
				CLANG_ANALYZER_NONNULL = YES;
				CLANG_ANALYZER_NUMBER_OBJECT_CONVERSION = YES_AGGRESSIVE;
				CLANG_CXX_LANGUAGE_STANDARD = "gnu++14";
				CLANG_CXX_LIBRARY = "libc++";
				CLANG_ENABLE_MODULES = YES;
				CLANG_ENABLE_OBJC_ARC = YES;
				CLANG_ENABLE_OBJC_WEAK = YES;
				CLANG_WARN_BLOCK_CAPTURE_AUTORELEASING = YES;
				CLANG_WARN_BOOL_CONVERSION = YES;
				CLANG_WARN_COMMA = YES;
				CLANG_WARN_CONSTANT_CONVERSION = YES;
				CLANG_WARN_DEPRECATED_OBJC_IMPLEMENTATIONS = YES;
				CLANG_WARN_DIRECT_OBJC_ISA_USAGE = YES_ERROR;
				CLANG_WARN_DOCUMENTATION_COMMENTS = YES;
				CLANG_WARN_EMPTY_BODY = YES;
				CLANG_WARN_ENUM_CONVERSION = YES;
				CLANG_WARN_INFINITE_RECURSION = YES;
				CLANG_WARN_INT_CONVERSION = YES;
				CLANG_WARN_NON_LITERAL_NULL_CONVERSION = YES;
				CLANG_WARN_OBJC_IMPLICIT_RETAIN_SELF = YES;
				CLANG_WARN_OBJC_LITERAL_CONVERSION = YES;
				CLANG_WARN_OBJC_ROOT_CLASS = YES_ERROR;
				CLANG_WARN_RANGE_LOOP_ANALYSIS = YES;
				CLANG_WARN_STRICT_PROTOTYPES = YES;
				CLANG_WARN_SUSPICIOUS_MOVE = YES;
				CLANG_WARN_UNGUARDED_AVAILABILITY = YES_AGGRESSIVE;
				CLANG_WARN_UNREACHABLE_CODE = YES;
				CLANG_WARN__DUPLICATE_METHOD_MATCH = YES;
				COPY_PHASE_STRIP = NO;
				DEBUG_INFORMATION_FORMAT = "dwarf-with-dsym";
				ENABLE_NS_ASSERTIONS = NO;
				ENABLE_STRICT_OBJC_MSGSEND = YES;
				GCC_C_LANGUAGE_STANDARD = gnu11;
				GCC_NO_COMMON_BLOCKS = YES;
				GCC_WARN_64_TO_32_BIT_CONVERSION = YES;
				GCC_WARN_ABOUT_RETURN_TYPE = YES_ERROR;
				GCC_WARN_UNDECLARED_SELECTOR = YES;
				GCC_WARN_UNINITIALIZED_AUTOS = YES_AGGRESSIVE;
				GCC_WARN_UNUSED_FUNCTION = YES;
				GCC_WARN_UNUSED_VARIABLE = YES;
				IPHONEOS_DEPLOYMENT_TARGET = 13.2;
				MTL_ENABLE_DEBUG_INFO = NO;
				MTL_FAST_MATH = YES;
				SDKROOT = iphoneos;
				SWIFT_COMPILATION_MODE = wholemodule;
				SWIFT_OPTIMIZATION_LEVEL = "-O";
				VALIDATE_PRODUCT = YES;
			};
			name = Release;
		};
		BB25748823D17C7D00B31F8B /* Debug */ = {
			isa = XCBuildConfiguration;
			buildSettings = {
				ASSETCATALOG_COMPILER_APPICON_NAME = AppIcon;
				CODE_SIGN_STYLE = Automatic;
				DEVELOPMENT_TEAM = VXUQXR6S56;
				INFOPLIST_FILE = "Unit4-SprintChallenge1/Info.plist";
				LD_RUNPATH_SEARCH_PATHS = (
					"$(inherited)",
					"@executable_path/Frameworks",
				);
				PRODUCT_BUNDLE_IDENTIFIER = "com.lambdaschool.Unit4-SprintChallenge1";
				PRODUCT_NAME = "$(TARGET_NAME)";
				SWIFT_VERSION = 5.0;
				TARGETED_DEVICE_FAMILY = "1,2";
			};
			name = Debug;
		};
		BB25748923D17C7D00B31F8B /* Release */ = {
			isa = XCBuildConfiguration;
			buildSettings = {
				ASSETCATALOG_COMPILER_APPICON_NAME = AppIcon;
				CODE_SIGN_STYLE = Automatic;
				DEVELOPMENT_TEAM = VXUQXR6S56;
				INFOPLIST_FILE = "Unit4-SprintChallenge1/Info.plist";
				LD_RUNPATH_SEARCH_PATHS = (
					"$(inherited)",
					"@executable_path/Frameworks",
				);
				PRODUCT_BUNDLE_IDENTIFIER = "com.lambdaschool.Unit4-SprintChallenge1";
				PRODUCT_NAME = "$(TARGET_NAME)";
				SWIFT_VERSION = 5.0;
				TARGETED_DEVICE_FAMILY = "1,2";
			};
			name = Release;
		};
/* End XCBuildConfiguration section */

/* Begin XCConfigurationList section */
		BB25746E23D17C7900B31F8B /* Build configuration list for PBXProject "Unit4-SprintChallenge1" */ = {
			isa = XCConfigurationList;
			buildConfigurations = (
				BB25748523D17C7D00B31F8B /* Debug */,
				BB25748623D17C7D00B31F8B /* Release */,
			);
			defaultConfigurationIsVisible = 0;
			defaultConfigurationName = Release;
		};
		BB25748723D17C7D00B31F8B /* Build configuration list for PBXNativeTarget "Unit4-SprintChallenge1" */ = {
			isa = XCConfigurationList;
			buildConfigurations = (
				BB25748823D17C7D00B31F8B /* Debug */,
				BB25748923D17C7D00B31F8B /* Release */,
			);
			defaultConfigurationIsVisible = 0;
			defaultConfigurationName = Release;
		};
/* End XCConfigurationList section */
	};
	rootObject = BB25746B23D17C7900B31F8B /* Project object */;
}
