// !$*UTF8*$!
{
	archiveVersion = 1;
	classes = {
	};
	objectVersion = 50;
	objects = {

/* Begin PBXBuildFile section */
		4F53B07923D22278000BBDA4 /* AppDelegate.swift in Sources */ = {isa = PBXBuildFile; fileRef = 4F53B07823D22278000BBDA4 /* AppDelegate.swift */; };
		4F53B07B23D22278000BBDA4 /* SceneDelegate.swift in Sources */ = {isa = PBXBuildFile; fileRef = 4F53B07A23D22278000BBDA4 /* SceneDelegate.swift */; };
		4F53B07D23D22278000BBDA4 /* ViewController.swift in Sources */ = {isa = PBXBuildFile; fileRef = 4F53B07C23D22278000BBDA4 /* ViewController.swift */; };
		4F53B08023D22278000BBDA4 /* Main.storyboard in Resources */ = {isa = PBXBuildFile; fileRef = 4F53B07E23D22278000BBDA4 /* Main.storyboard */; };
		4F53B08223D2227F000BBDA4 /* Assets.xcassets in Resources */ = {isa = PBXBuildFile; fileRef = 4F53B08123D2227F000BBDA4 /* Assets.xcassets */; };
		4F53B08523D2227F000BBDA4 /* LaunchScreen.storyboard in Resources */ = {isa = PBXBuildFile; fileRef = 4F53B08323D2227F000BBDA4 /* LaunchScreen.storyboard */; };
		4F53B08D23D22650000BBDA4 /* Data Extension.swift in Sources */ = {isa = PBXBuildFile; fileRef = 4F53B08C23D22650000BBDA4 /* Data Extension.swift */; };
		4F53B08F23D2266C000BBDA4 /* Player.swift in Sources */ = {isa = PBXBuildFile; fileRef = 4F53B08E23D2266C000BBDA4 /* Player.swift */; };
		4F53B09123D2268D000BBDA4 /* Recorder.swift in Sources */ = {isa = PBXBuildFile; fileRef = 4F53B09023D2268D000BBDA4 /* Recorder.swift */; };
		4F53B09523D226AF000BBDA4 /* Experience.swift in Sources */ = {isa = PBXBuildFile; fileRef = 4F53B09423D226AF000BBDA4 /* Experience.swift */; };
		4F53B09723D226B8000BBDA4 /* Media.swift in Sources */ = {isa = PBXBuildFile; fileRef = 4F53B09623D226B8000BBDA4 /* Media.swift */; };
		4F53B09923D226CD000BBDA4 /* Experience Controller.swift in Sources */ = {isa = PBXBuildFile; fileRef = 4F53B09823D226CD000BBDA4 /* Experience Controller.swift */; };
		4F53B09B23D226FB000BBDA4 /* CameraPreview.swift in Sources */ = {isa = PBXBuildFile; fileRef = 4F53B09A23D226FB000BBDA4 /* CameraPreview.swift */; };
		4F53B09D23D22731000BBDA4 /* ExperienceViewController.swift in Sources */ = {isa = PBXBuildFile; fileRef = 4F53B09C23D22731000BBDA4 /* ExperienceViewController.swift */; };
		4F53B09F23D22742000BBDA4 /* ContainerViewController.swift in Sources */ = {isa = PBXBuildFile; fileRef = 4F53B09E23D22742000BBDA4 /* ContainerViewController.swift */; };
		4F53B0A123D22754000BBDA4 /* VideoViewController.swift in Sources */ = {isa = PBXBuildFile; fileRef = 4F53B0A023D22754000BBDA4 /* VideoViewController.swift */; };
		4F53B0A323D22765000BBDA4 /* AudioViewController.swift in Sources */ = {isa = PBXBuildFile; fileRef = 4F53B0A223D22765000BBDA4 /* AudioViewController.swift */; };
		4F53B0A523D22771000BBDA4 /* ImageViewController.swift in Sources */ = {isa = PBXBuildFile; fileRef = 4F53B0A423D22771000BBDA4 /* ImageViewController.swift */; };
/* End PBXBuildFile section */

/* Begin PBXFileReference section */
		4F53B07523D22278000BBDA4 /* Experiences-Sprint-Challenge.app */ = {isa = PBXFileReference; explicitFileType = wrapper.application; includeInIndex = 0; path = "Experiences-Sprint-Challenge.app"; sourceTree = BUILT_PRODUCTS_DIR; };
		4F53B07823D22278000BBDA4 /* AppDelegate.swift */ = {isa = PBXFileReference; lastKnownFileType = sourcecode.swift; path = AppDelegate.swift; sourceTree = "<group>"; };
		4F53B07A23D22278000BBDA4 /* SceneDelegate.swift */ = {isa = PBXFileReference; lastKnownFileType = sourcecode.swift; path = SceneDelegate.swift; sourceTree = "<group>"; };
		4F53B07C23D22278000BBDA4 /* ViewController.swift */ = {isa = PBXFileReference; lastKnownFileType = sourcecode.swift; path = ViewController.swift; sourceTree = "<group>"; };
		4F53B07F23D22278000BBDA4 /* Base */ = {isa = PBXFileReference; lastKnownFileType = file.storyboard; name = Base; path = Base.lproj/Main.storyboard; sourceTree = "<group>"; };
		4F53B08123D2227F000BBDA4 /* Assets.xcassets */ = {isa = PBXFileReference; lastKnownFileType = folder.assetcatalog; path = Assets.xcassets; sourceTree = "<group>"; };
		4F53B08423D2227F000BBDA4 /* Base */ = {isa = PBXFileReference; lastKnownFileType = file.storyboard; name = Base; path = Base.lproj/LaunchScreen.storyboard; sourceTree = "<group>"; };
		4F53B08623D2227F000BBDA4 /* Info.plist */ = {isa = PBXFileReference; lastKnownFileType = text.plist.xml; path = Info.plist; sourceTree = "<group>"; };
		4F53B08C23D22650000BBDA4 /* Data Extension.swift */ = {isa = PBXFileReference; lastKnownFileType = sourcecode.swift; path = "Data Extension.swift"; sourceTree = "<group>"; };
		4F53B08E23D2266C000BBDA4 /* Player.swift */ = {isa = PBXFileReference; lastKnownFileType = sourcecode.swift; path = Player.swift; sourceTree = "<group>"; };
		4F53B09023D2268D000BBDA4 /* Recorder.swift */ = {isa = PBXFileReference; lastKnownFileType = sourcecode.swift; path = Recorder.swift; sourceTree = "<group>"; };
		4F53B09423D226AF000BBDA4 /* Experience.swift */ = {isa = PBXFileReference; lastKnownFileType = sourcecode.swift; path = Experience.swift; sourceTree = "<group>"; };
		4F53B09623D226B8000BBDA4 /* Media.swift */ = {isa = PBXFileReference; lastKnownFileType = sourcecode.swift; path = Media.swift; sourceTree = "<group>"; };
		4F53B09823D226CD000BBDA4 /* Experience Controller.swift */ = {isa = PBXFileReference; lastKnownFileType = sourcecode.swift; path = "Experience Controller.swift"; sourceTree = "<group>"; };
		4F53B09A23D226FB000BBDA4 /* CameraPreview.swift */ = {isa = PBXFileReference; lastKnownFileType = sourcecode.swift; path = CameraPreview.swift; sourceTree = "<group>"; };
		4F53B09C23D22731000BBDA4 /* ExperienceViewController.swift */ = {isa = PBXFileReference; lastKnownFileType = sourcecode.swift; path = ExperienceViewController.swift; sourceTree = "<group>"; };
		4F53B09E23D22742000BBDA4 /* ContainerViewController.swift */ = {isa = PBXFileReference; lastKnownFileType = sourcecode.swift; path = ContainerViewController.swift; sourceTree = "<group>"; };
		4F53B0A023D22754000BBDA4 /* VideoViewController.swift */ = {isa = PBXFileReference; lastKnownFileType = sourcecode.swift; path = VideoViewController.swift; sourceTree = "<group>"; };
		4F53B0A223D22765000BBDA4 /* AudioViewController.swift */ = {isa = PBXFileReference; lastKnownFileType = sourcecode.swift; path = AudioViewController.swift; sourceTree = "<group>"; };
		4F53B0A423D22771000BBDA4 /* ImageViewController.swift */ = {isa = PBXFileReference; lastKnownFileType = sourcecode.swift; path = ImageViewController.swift; sourceTree = "<group>"; };
/* End PBXFileReference section */

/* Begin PBXFrameworksBuildPhase section */
		4F53B07223D22278000BBDA4 /* Frameworks */ = {
			isa = PBXFrameworksBuildPhase;
			buildActionMask = 2147483647;
			files = (
			);
			runOnlyForDeploymentPostprocessing = 0;
		};
/* End PBXFrameworksBuildPhase section */

/* Begin PBXGroup section */
		4F53B06C23D22278000BBDA4 = {
			isa = PBXGroup;
			children = (
				4F53B07723D22278000BBDA4 /* Experiences-Sprint-Challenge */,
				4F53B07623D22278000BBDA4 /* Products */,
			);
			sourceTree = "<group>";
		};
		4F53B07623D22278000BBDA4 /* Products */ = {
			isa = PBXGroup;
			children = (
				4F53B07523D22278000BBDA4 /* Experiences-Sprint-Challenge.app */,
			);
			name = Products;
			sourceTree = "<group>";
		};
		4F53B07723D22278000BBDA4 /* Experiences-Sprint-Challenge */ = {
			isa = PBXGroup;
			children = (
				4F53B07823D22278000BBDA4 /* AppDelegate.swift */,
				4F53B07A23D22278000BBDA4 /* SceneDelegate.swift */,
				4F53B07E23D22278000BBDA4 /* Main.storyboard */,
				4F53B08123D2227F000BBDA4 /* Assets.xcassets */,
				4F53B08323D2227F000BBDA4 /* LaunchScreen.storyboard */,
				4F53B08623D2227F000BBDA4 /* Info.plist */,
				4F53B0A623D22779000BBDA4 /* Helpers */,
				4F53B0A723D227C1000BBDA4 /* Controllers */,
				4F53B0A823D227EF000BBDA4 /* Models */,
				4F53B0A923D227FE000BBDA4 /* Model Controllers */,
				4F53B0AA23D2283A000BBDA4 /* View Controllers */,
			);
			path = "Experiences-Sprint-Challenge";
			sourceTree = "<group>";
		};
		4F53B0A623D22779000BBDA4 /* Helpers */ = {
			isa = PBXGroup;
			children = (
				4F53B08C23D22650000BBDA4 /* Data Extension.swift */,
			);
			path = Helpers;
			sourceTree = "<group>";
		};
		4F53B0A723D227C1000BBDA4 /* Controllers */ = {
			isa = PBXGroup;
			children = (
				4F53B08E23D2266C000BBDA4 /* Player.swift */,
				4F53B09023D2268D000BBDA4 /* Recorder.swift */,
			);
			path = Controllers;
			sourceTree = "<group>";
		};
		4F53B0A823D227EF000BBDA4 /* Models */ = {
			isa = PBXGroup;
			children = (
				4F53B09423D226AF000BBDA4 /* Experience.swift */,
				4F53B09623D226B8000BBDA4 /* Media.swift */,
			);
			path = Models;
			sourceTree = "<group>";
		};
		4F53B0A923D227FE000BBDA4 /* Model Controllers */ = {
			isa = PBXGroup;
			children = (
				4F53B09823D226CD000BBDA4 /* Experience Controller.swift */,
			);
			path = "Model Controllers";
			sourceTree = "<group>";
		};
		4F53B0AA23D2283A000BBDA4 /* View Controllers */ = {
			isa = PBXGroup;
			children = (
				4F53B07C23D22278000BBDA4 /* ViewController.swift */,
				4F53B09A23D226FB000BBDA4 /* CameraPreview.swift */,
				4F53B09C23D22731000BBDA4 /* ExperienceViewController.swift */,
				4F53B09E23D22742000BBDA4 /* ContainerViewController.swift */,
				4F53B0A023D22754000BBDA4 /* VideoViewController.swift */,
				4F53B0A223D22765000BBDA4 /* AudioViewController.swift */,
				4F53B0A423D22771000BBDA4 /* ImageViewController.swift */,
			);
			path = "View Controllers";
			sourceTree = "<group>";
		};
/* End PBXGroup section */

/* Begin PBXNativeTarget section */
		4F53B07423D22278000BBDA4 /* Experiences-Sprint-Challenge */ = {
			isa = PBXNativeTarget;
			buildConfigurationList = 4F53B08923D2227F000BBDA4 /* Build configuration list for PBXNativeTarget "Experiences-Sprint-Challenge" */;
			buildPhases = (
				4F53B07123D22278000BBDA4 /* Sources */,
				4F53B07223D22278000BBDA4 /* Frameworks */,
				4F53B07323D22278000BBDA4 /* Resources */,
			);
			buildRules = (
			);
			dependencies = (
			);
			name = "Experiences-Sprint-Challenge";
			productName = "Experiences-Sprint-Challenge";
			productReference = 4F53B07523D22278000BBDA4 /* Experiences-Sprint-Challenge.app */;
			productType = "com.apple.product-type.application";
		};
/* End PBXNativeTarget section */

/* Begin PBXProject section */
		4F53B06D23D22278000BBDA4 /* Project object */ = {
			isa = PBXProject;
			attributes = {
				LastSwiftUpdateCheck = 1130;
				LastUpgradeCheck = 1130;
				ORGANIZATIONNAME = "Jonalynn Masters";
				TargetAttributes = {
					4F53B07423D22278000BBDA4 = {
						CreatedOnToolsVersion = 11.3;
					};
				};
			};
			buildConfigurationList = 4F53B07023D22278000BBDA4 /* Build configuration list for PBXProject "Experiences-Sprint-Challenge" */;
			compatibilityVersion = "Xcode 9.3";
			developmentRegion = en;
			hasScannedForEncodings = 0;
			knownRegions = (
				en,
				Base,
			);
			mainGroup = 4F53B06C23D22278000BBDA4;
			productRefGroup = 4F53B07623D22278000BBDA4 /* Products */;
			projectDirPath = "";
			projectRoot = "";
			targets = (
				4F53B07423D22278000BBDA4 /* Experiences-Sprint-Challenge */,
			);
		};
/* End PBXProject section */

/* Begin PBXResourcesBuildPhase section */
		4F53B07323D22278000BBDA4 /* Resources */ = {
			isa = PBXResourcesBuildPhase;
			buildActionMask = 2147483647;
			files = (
				4F53B08523D2227F000BBDA4 /* LaunchScreen.storyboard in Resources */,
				4F53B08223D2227F000BBDA4 /* Assets.xcassets in Resources */,
				4F53B08023D22278000BBDA4 /* Main.storyboard in Resources */,
			);
			runOnlyForDeploymentPostprocessing = 0;
		};
/* End PBXResourcesBuildPhase section */

/* Begin PBXSourcesBuildPhase section */
		4F53B07123D22278000BBDA4 /* Sources */ = {
			isa = PBXSourcesBuildPhase;
			buildActionMask = 2147483647;
			files = (
				4F53B09D23D22731000BBDA4 /* ExperienceViewController.swift in Sources */,
				4F53B07D23D22278000BBDA4 /* ViewController.swift in Sources */,
				4F53B09F23D22742000BBDA4 /* ContainerViewController.swift in Sources */,
				4F53B07923D22278000BBDA4 /* AppDelegate.swift in Sources */,
				4F53B08D23D22650000BBDA4 /* Data Extension.swift in Sources */,
				4F53B09523D226AF000BBDA4 /* Experience.swift in Sources */,
				4F53B0A523D22771000BBDA4 /* ImageViewController.swift in Sources */,
				4F53B09123D2268D000BBDA4 /* Recorder.swift in Sources */,
				4F53B09723D226B8000BBDA4 /* Media.swift in Sources */,
				4F53B0A123D22754000BBDA4 /* VideoViewController.swift in Sources */,
				4F53B09B23D226FB000BBDA4 /* CameraPreview.swift in Sources */,
				4F53B09923D226CD000BBDA4 /* Experience Controller.swift in Sources */,
				4F53B08F23D2266C000BBDA4 /* Player.swift in Sources */,
				4F53B07B23D22278000BBDA4 /* SceneDelegate.swift in Sources */,
				4F53B0A323D22765000BBDA4 /* AudioViewController.swift in Sources */,
			);
			runOnlyForDeploymentPostprocessing = 0;
		};
/* End PBXSourcesBuildPhase section */

/* Begin PBXVariantGroup section */
		4F53B07E23D22278000BBDA4 /* Main.storyboard */ = {
			isa = PBXVariantGroup;
			children = (
				4F53B07F23D22278000BBDA4 /* Base */,
			);
			name = Main.storyboard;
			sourceTree = "<group>";
		};
		4F53B08323D2227F000BBDA4 /* LaunchScreen.storyboard */ = {
			isa = PBXVariantGroup;
			children = (
				4F53B08423D2227F000BBDA4 /* Base */,
			);
			name = LaunchScreen.storyboard;
			sourceTree = "<group>";
		};
/* End PBXVariantGroup section */

/* Begin XCBuildConfiguration section */
		4F53B08723D2227F000BBDA4 /* Debug */ = {
			isa = XCBuildConfiguration;
			buildSettings = {
				ALWAYS_SEARCH_USER_PATHS = NO;
				CLANG_ANALYZER_NONNULL = YES;
				CLANG_ANALYZER_NUMBER_OBJECT_CONVERSION = YES_AGGRESSIVE;
				CLANG_CXX_LANGUAGE_STANDARD = "gnu++14";
				CLANG_CXX_LIBRARY = "libc++";
				CLANG_ENABLE_MODULES = YES;
				CLANG_ENABLE_OBJC_ARC = YES;
				CLANG_ENABLE_OBJC_WEAK = YES;
				CLANG_WARN_BLOCK_CAPTURE_AUTORELEASING = YES;
				CLANG_WARN_BOOL_CONVERSION = YES;
				CLANG_WARN_COMMA = YES;
				CLANG_WARN_CONSTANT_CONVERSION = YES;
				CLANG_WARN_DEPRECATED_OBJC_IMPLEMENTATIONS = YES;
				CLANG_WARN_DIRECT_OBJC_ISA_USAGE = YES_ERROR;
				CLANG_WARN_DOCUMENTATION_COMMENTS = YES;
				CLANG_WARN_EMPTY_BODY = YES;
				CLANG_WARN_ENUM_CONVERSION = YES;
				CLANG_WARN_INFINITE_RECURSION = YES;
				CLANG_WARN_INT_CONVERSION = YES;
				CLANG_WARN_NON_LITERAL_NULL_CONVERSION = YES;
				CLANG_WARN_OBJC_IMPLICIT_RETAIN_SELF = YES;
				CLANG_WARN_OBJC_LITERAL_CONVERSION = YES;
				CLANG_WARN_OBJC_ROOT_CLASS = YES_ERROR;
				CLANG_WARN_RANGE_LOOP_ANALYSIS = YES;
				CLANG_WARN_STRICT_PROTOTYPES = YES;
				CLANG_WARN_SUSPICIOUS_MOVE = YES;
				CLANG_WARN_UNGUARDED_AVAILABILITY = YES_AGGRESSIVE;
				CLANG_WARN_UNREACHABLE_CODE = YES;
				CLANG_WARN__DUPLICATE_METHOD_MATCH = YES;
				COPY_PHASE_STRIP = NO;
				DEBUG_INFORMATION_FORMAT = dwarf;
				ENABLE_STRICT_OBJC_MSGSEND = YES;
				ENABLE_TESTABILITY = YES;
				GCC_C_LANGUAGE_STANDARD = gnu11;
				GCC_DYNAMIC_NO_PIC = NO;
				GCC_NO_COMMON_BLOCKS = YES;
				GCC_OPTIMIZATION_LEVEL = 0;
				GCC_PREPROCESSOR_DEFINITIONS = (
					"DEBUG=1",
					"$(inherited)",
				);
				GCC_WARN_64_TO_32_BIT_CONVERSION = YES;
				GCC_WARN_ABOUT_RETURN_TYPE = YES_ERROR;
				GCC_WARN_UNDECLARED_SELECTOR = YES;
				GCC_WARN_UNINITIALIZED_AUTOS = YES_AGGRESSIVE;
				GCC_WARN_UNUSED_FUNCTION = YES;
				GCC_WARN_UNUSED_VARIABLE = YES;
				IPHONEOS_DEPLOYMENT_TARGET = 13.2;
				MTL_ENABLE_DEBUG_INFO = INCLUDE_SOURCE;
				MTL_FAST_MATH = YES;
				ONLY_ACTIVE_ARCH = YES;
				SDKROOT = iphoneos;
				SWIFT_ACTIVE_COMPILATION_CONDITIONS = DEBUG;
				SWIFT_OPTIMIZATION_LEVEL = "-Onone";
			};
			name = Debug;
		};
		4F53B08823D2227F000BBDA4 /* Release */ = {
			isa = XCBuildConfiguration;
			buildSettings = {
				ALWAYS_SEARCH_USER_PATHS = NO;
				CLANG_ANALYZER_NONNULL = YES;
				CLANG_ANALYZER_NUMBER_OBJECT_CONVERSION = YES_AGGRESSIVE;
				CLANG_CXX_LANGUAGE_STANDARD = "gnu++14";
				CLANG_CXX_LIBRARY = "libc++";
				CLANG_ENABLE_MODULES = YES;
				CLANG_ENABLE_OBJC_ARC = YES;
				CLANG_ENABLE_OBJC_WEAK = YES;
				CLANG_WARN_BLOCK_CAPTURE_AUTORELEASING = YES;
				CLANG_WARN_BOOL_CONVERSION = YES;
				CLANG_WARN_COMMA = YES;
				CLANG_WARN_CONSTANT_CONVERSION = YES;
				CLANG_WARN_DEPRECATED_OBJC_IMPLEMENTATIONS = YES;
				CLANG_WARN_DIRECT_OBJC_ISA_USAGE = YES_ERROR;
				CLANG_WARN_DOCUMENTATION_COMMENTS = YES;
				CLANG_WARN_EMPTY_BODY = YES;
				CLANG_WARN_ENUM_CONVERSION = YES;
				CLANG_WARN_INFINITE_RECURSION = YES;
				CLANG_WARN_INT_CONVERSION = YES;
				CLANG_WARN_NON_LITERAL_NULL_CONVERSION = YES;
				CLANG_WARN_OBJC_IMPLICIT_RETAIN_SELF = YES;
				CLANG_WARN_OBJC_LITERAL_CONVERSION = YES;
				CLANG_WARN_OBJC_ROOT_CLASS = YES_ERROR;
				CLANG_WARN_RANGE_LOOP_ANALYSIS = YES;
				CLANG_WARN_STRICT_PROTOTYPES = YES;
				CLANG_WARN_SUSPICIOUS_MOVE = YES;
				CLANG_WARN_UNGUARDED_AVAILABILITY = YES_AGGRESSIVE;
				CLANG_WARN_UNREACHABLE_CODE = YES;
				CLANG_WARN__DUPLICATE_METHOD_MATCH = YES;
				COPY_PHASE_STRIP = NO;
				DEBUG_INFORMATION_FORMAT = "dwarf-with-dsym";
				ENABLE_NS_ASSERTIONS = NO;
				ENABLE_STRICT_OBJC_MSGSEND = YES;
				GCC_C_LANGUAGE_STANDARD = gnu11;
				GCC_NO_COMMON_BLOCKS = YES;
				GCC_WARN_64_TO_32_BIT_CONVERSION = YES;
				GCC_WARN_ABOUT_RETURN_TYPE = YES_ERROR;
				GCC_WARN_UNDECLARED_SELECTOR = YES;
				GCC_WARN_UNINITIALIZED_AUTOS = YES_AGGRESSIVE;
				GCC_WARN_UNUSED_FUNCTION = YES;
				GCC_WARN_UNUSED_VARIABLE = YES;
				IPHONEOS_DEPLOYMENT_TARGET = 13.2;
				MTL_ENABLE_DEBUG_INFO = NO;
				MTL_FAST_MATH = YES;
				SDKROOT = iphoneos;
				SWIFT_COMPILATION_MODE = wholemodule;
				SWIFT_OPTIMIZATION_LEVEL = "-O";
				VALIDATE_PRODUCT = YES;
			};
			name = Release;
		};
		4F53B08A23D2227F000BBDA4 /* Debug */ = {
			isa = XCBuildConfiguration;
			buildSettings = {
				ASSETCATALOG_COMPILER_APPICON_NAME = AppIcon;
				CODE_SIGN_STYLE = Automatic;
				DEVELOPMENT_TEAM = BHPNM53Q62;
				INFOPLIST_FILE = "Experiences-Sprint-Challenge/Info.plist";
				LD_RUNPATH_SEARCH_PATHS = (
					"$(inherited)",
					"@executable_path/Frameworks",
				);
				PRODUCT_BUNDLE_IDENTIFIER = "com.jonalynnMasters.Experiences-Sprint-Challenge";
				PRODUCT_NAME = "$(TARGET_NAME)";
				SWIFT_VERSION = 5.0;
				TARGETED_DEVICE_FAMILY = "1,2";
			};
			name = Debug;
		};
		4F53B08B23D2227F000BBDA4 /* Release */ = {
			isa = XCBuildConfiguration;
			buildSettings = {
				ASSETCATALOG_COMPILER_APPICON_NAME = AppIcon;
				CODE_SIGN_STYLE = Automatic;
				DEVELOPMENT_TEAM = BHPNM53Q62;
				INFOPLIST_FILE = "Experiences-Sprint-Challenge/Info.plist";
				LD_RUNPATH_SEARCH_PATHS = (
					"$(inherited)",
					"@executable_path/Frameworks",
				);
				PRODUCT_BUNDLE_IDENTIFIER = "com.jonalynnMasters.Experiences-Sprint-Challenge";
				PRODUCT_NAME = "$(TARGET_NAME)";
				SWIFT_VERSION = 5.0;
				TARGETED_DEVICE_FAMILY = "1,2";
			};
			name = Release;
		};
/* End XCBuildConfiguration section */

/* Begin XCConfigurationList section */
		4F53B07023D22278000BBDA4 /* Build configuration list for PBXProject "Experiences-Sprint-Challenge" */ = {
			isa = XCConfigurationList;
			buildConfigurations = (
				4F53B08723D2227F000BBDA4 /* Debug */,
				4F53B08823D2227F000BBDA4 /* Release */,
			);
			defaultConfigurationIsVisible = 0;
			defaultConfigurationName = Release;
		};
		4F53B08923D2227F000BBDA4 /* Build configuration list for PBXNativeTarget "Experiences-Sprint-Challenge" */ = {
			isa = XCConfigurationList;
			buildConfigurations = (
				4F53B08A23D2227F000BBDA4 /* Debug */,
				4F53B08B23D2227F000BBDA4 /* Release */,
			);
			defaultConfigurationIsVisible = 0;
			defaultConfigurationName = Release;
		};
/* End XCConfigurationList section */
	};
	rootObject = 4F53B06D23D22278000BBDA4 /* Project object */;
}
