// !$*UTF8*$!
{
	archiveVersion = 1;
	classes = {
	};
	objectVersion = 50;
	objects = {

/* Begin PBXBuildFile section */
		1B2BA9EB22D833EF005B8E0E /* AppDelegate.swift in Sources */ = {isa = PBXBuildFile; fileRef = 1B2BA9EA22D833EF005B8E0E /* AppDelegate.swift */; };
		1B2BA9ED22D833EF005B8E0E /* MapViewController.swift in Sources */ = {isa = PBXBuildFile; fileRef = 1B2BA9EC22D833EF005B8E0E /* MapViewController.swift */; };
		1B2BA9F022D833EF005B8E0E /* Main.storyboard in Resources */ = {isa = PBXBuildFile; fileRef = 1B2BA9EE22D833EF005B8E0E /* Main.storyboard */; };
		1B2BA9F222D833F0005B8E0E /* Assets.xcassets in Resources */ = {isa = PBXBuildFile; fileRef = 1B2BA9F122D833F0005B8E0E /* Assets.xcassets */; };
		1B2BA9F522D833F0005B8E0E /* LaunchScreen.storyboard in Resources */ = {isa = PBXBuildFile; fileRef = 1B2BA9F322D833F0005B8E0E /* LaunchScreen.storyboard */; };
		1B2BA9FD22D834EF005B8E0E /* ExperienceViewController.swift in Sources */ = {isa = PBXBuildFile; fileRef = 1B2BA9FC22D834EF005B8E0E /* ExperienceViewController.swift */; };
		1B2BA9FF22D83711005B8E0E /* VideoViewController.swift in Sources */ = {isa = PBXBuildFile; fileRef = 1B2BA9FE22D83711005B8E0E /* VideoViewController.swift */; };
		1B2BAA0722D8389C005B8E0E /* AudioRecorder.swift in Sources */ = {isa = PBXBuildFile; fileRef = 1B2BAA0622D8389C005B8E0E /* AudioRecorder.swift */; };
		1B2BAA0922D838AB005B8E0E /* Experience.swift in Sources */ = {isa = PBXBuildFile; fileRef = 1B2BAA0822D838AB005B8E0E /* Experience.swift */; };
		1B2BAA0B22D839B0005B8E0E /* Experience+Annotation.swift in Sources */ = {isa = PBXBuildFile; fileRef = 1B2BAA0A22D839B0005B8E0E /* Experience+Annotation.swift */; };
		1BE3E99522D8C02F000BAB40 /* ExperienceController.swift in Sources */ = {isa = PBXBuildFile; fileRef = 1BE3E99422D8C02F000BAB40 /* ExperienceController.swift */; };
		1BE3E99922D8C5BC000BAB40 /* VideoRecorder.swift in Sources */ = {isa = PBXBuildFile; fileRef = 1BE3E99822D8C5BC000BAB40 /* VideoRecorder.swift */; };
		1BE3E99C22D8CAF6000BAB40 /* CameraPreviewView.swift in Sources */ = {isa = PBXBuildFile; fileRef = 1BE3E99B22D8CAF6000BAB40 /* CameraPreviewView.swift */; };
		1BFE748F22D8F22D005822F2 /* UIImage+Scaling.swift in Sources */ = {isa = PBXBuildFile; fileRef = 1BFE748E22D8F22D005822F2 /* UIImage+Scaling.swift */; };
/* End PBXBuildFile section */

/* Begin PBXFileReference section */
		1B2BA9E722D833EF005B8E0E /* ChallengeExperience2.app */ = {isa = PBXFileReference; explicitFileType = wrapper.application; includeInIndex = 0; path = ChallengeExperience2.app; sourceTree = BUILT_PRODUCTS_DIR; };
		1B2BA9EA22D833EF005B8E0E /* AppDelegate.swift */ = {isa = PBXFileReference; lastKnownFileType = sourcecode.swift; path = AppDelegate.swift; sourceTree = "<group>"; };
		1B2BA9EC22D833EF005B8E0E /* MapViewController.swift */ = {isa = PBXFileReference; lastKnownFileType = sourcecode.swift; path = MapViewController.swift; sourceTree = "<group>"; };
		1B2BA9EF22D833EF005B8E0E /* Base */ = {isa = PBXFileReference; lastKnownFileType = file.storyboard; name = Base; path = Base.lproj/Main.storyboard; sourceTree = "<group>"; };
		1B2BA9F122D833F0005B8E0E /* Assets.xcassets */ = {isa = PBXFileReference; lastKnownFileType = folder.assetcatalog; path = Assets.xcassets; sourceTree = "<group>"; };
		1B2BA9F422D833F0005B8E0E /* Base */ = {isa = PBXFileReference; lastKnownFileType = file.storyboard; name = Base; path = Base.lproj/LaunchScreen.storyboard; sourceTree = "<group>"; };
		1B2BA9F622D833F0005B8E0E /* Info.plist */ = {isa = PBXFileReference; lastKnownFileType = text.plist.xml; path = Info.plist; sourceTree = "<group>"; };
		1B2BA9FC22D834EF005B8E0E /* ExperienceViewController.swift */ = {isa = PBXFileReference; lastKnownFileType = sourcecode.swift; path = ExperienceViewController.swift; sourceTree = "<group>"; };
		1B2BA9FE22D83711005B8E0E /* VideoViewController.swift */ = {isa = PBXFileReference; lastKnownFileType = sourcecode.swift; path = VideoViewController.swift; sourceTree = "<group>"; };
		1B2BAA0622D8389C005B8E0E /* AudioRecorder.swift */ = {isa = PBXFileReference; lastKnownFileType = sourcecode.swift; path = AudioRecorder.swift; sourceTree = "<group>"; };
		1B2BAA0822D838AB005B8E0E /* Experience.swift */ = {isa = PBXFileReference; lastKnownFileType = sourcecode.swift; path = Experience.swift; sourceTree = "<group>"; };
		1B2BAA0A22D839B0005B8E0E /* Experience+Annotation.swift */ = {isa = PBXFileReference; lastKnownFileType = sourcecode.swift; path = "Experience+Annotation.swift"; sourceTree = "<group>"; };
		1BE3E99422D8C02F000BAB40 /* ExperienceController.swift */ = {isa = PBXFileReference; lastKnownFileType = sourcecode.swift; path = ExperienceController.swift; sourceTree = "<group>"; };
		1BE3E99822D8C5BC000BAB40 /* VideoRecorder.swift */ = {isa = PBXFileReference; lastKnownFileType = sourcecode.swift; path = VideoRecorder.swift; sourceTree = "<group>"; };
		1BE3E99B22D8CAF6000BAB40 /* CameraPreviewView.swift */ = {isa = PBXFileReference; lastKnownFileType = sourcecode.swift; path = CameraPreviewView.swift; sourceTree = "<group>"; };
		1BFE748E22D8F22D005822F2 /* UIImage+Scaling.swift */ = {isa = PBXFileReference; lastKnownFileType = sourcecode.swift; path = "UIImage+Scaling.swift"; sourceTree = "<group>"; };
/* End PBXFileReference section */

/* Begin PBXFrameworksBuildPhase section */
		1B2BA9E422D833EF005B8E0E /* Frameworks */ = {
			isa = PBXFrameworksBuildPhase;
			buildActionMask = 2147483647;
			files = (
			);
			runOnlyForDeploymentPostprocessing = 0;
		};
/* End PBXFrameworksBuildPhase section */

/* Begin PBXGroup section */
		1B2BA9DE22D833EF005B8E0E = {
			isa = PBXGroup;
			children = (
				1B2BA9E922D833EF005B8E0E /* ChallengeExperience2 */,
				1B2BA9E822D833EF005B8E0E /* Products */,
			);
			sourceTree = "<group>";
		};
		1B2BA9E822D833EF005B8E0E /* Products */ = {
			isa = PBXGroup;
			children = (
				1B2BA9E722D833EF005B8E0E /* ChallengeExperience2.app */,
			);
			name = Products;
			sourceTree = "<group>";
		};
		1B2BA9E922D833EF005B8E0E /* ChallengeExperience2 */ = {
			isa = PBXGroup;
			children = (
				1BFE749022D8F235005822F2 /* Helper */,
				1BE3E99A22D8CADF000BAB40 /* Views */,
				1BE3E99322D8C01F000BAB40 /* Model Controller */,
				1B2BAA0322D83858005B8E0E /* Model */,
				1B2BAA0022D83830005B8E0E /* View Controllers */,
				1B2BAA0122D8383B005B8E0E /* Storyboard */,
				1B2BAA0222D83843005B8E0E /* Resources */,
			);
			path = ChallengeExperience2;
			sourceTree = "<group>";
		};
		1B2BAA0022D83830005B8E0E /* View Controllers */ = {
			isa = PBXGroup;
			children = (
				1B2BA9EC22D833EF005B8E0E /* MapViewController.swift */,
				1B2BA9FC22D834EF005B8E0E /* ExperienceViewController.swift */,
				1B2BA9FE22D83711005B8E0E /* VideoViewController.swift */,
			);
			path = "View Controllers";
			sourceTree = "<group>";
		};
		1B2BAA0122D8383B005B8E0E /* Storyboard */ = {
			isa = PBXGroup;
			children = (
				1B2BA9EE22D833EF005B8E0E /* Main.storyboard */,
			);
			path = Storyboard;
			sourceTree = "<group>";
		};
		1B2BAA0222D83843005B8E0E /* Resources */ = {
			isa = PBXGroup;
			children = (
				1B2BA9EA22D833EF005B8E0E /* AppDelegate.swift */,
				1B2BA9F122D833F0005B8E0E /* Assets.xcassets */,
				1B2BA9F322D833F0005B8E0E /* LaunchScreen.storyboard */,
				1B2BA9F622D833F0005B8E0E /* Info.plist */,
			);
			path = Resources;
			sourceTree = "<group>";
		};
		1B2BAA0322D83858005B8E0E /* Model */ = {
			isa = PBXGroup;
			children = (
				1B2BAA0822D838AB005B8E0E /* Experience.swift */,
				1B2BAA0622D8389C005B8E0E /* AudioRecorder.swift */,
				1B2BAA0A22D839B0005B8E0E /* Experience+Annotation.swift */,
				1BE3E99822D8C5BC000BAB40 /* VideoRecorder.swift */,
			);
			path = Model;
			sourceTree = "<group>";
		};
		1BE3E99322D8C01F000BAB40 /* Model Controller */ = {
			isa = PBXGroup;
			children = (
				1BE3E99422D8C02F000BAB40 /* ExperienceController.swift */,
			);
			path = "Model Controller";
			sourceTree = "<group>";
		};
		1BE3E99A22D8CADF000BAB40 /* Views */ = {
			isa = PBXGroup;
			children = (
				1BE3E99B22D8CAF6000BAB40 /* CameraPreviewView.swift */,
			);
			path = Views;
			sourceTree = "<group>";
		};
		1BFE749022D8F235005822F2 /* Helper */ = {
			isa = PBXGroup;
			children = (
				1BFE748E22D8F22D005822F2 /* UIImage+Scaling.swift */,
			);
			path = Helper;
			sourceTree = "<group>";
		};
/* End PBXGroup section */

/* Begin PBXNativeTarget section */
		1B2BA9E622D833EF005B8E0E /* ChallengeExperience2 */ = {
			isa = PBXNativeTarget;
			buildConfigurationList = 1B2BA9F922D833F0005B8E0E /* Build configuration list for PBXNativeTarget "ChallengeExperience2" */;
			buildPhases = (
				1B2BA9E322D833EF005B8E0E /* Sources */,
				1B2BA9E422D833EF005B8E0E /* Frameworks */,
				1B2BA9E522D833EF005B8E0E /* Resources */,
			);
			buildRules = (
			);
			dependencies = (
			);
			name = ChallengeExperience2;
			productName = ChallengeExperience;
			productReference = 1B2BA9E722D833EF005B8E0E /* ChallengeExperience2.app */;
			productType = "com.apple.product-type.application";
		};
/* End PBXNativeTarget section */

/* Begin PBXProject section */
		1B2BA9DF22D833EF005B8E0E /* Project object */ = {
			isa = PBXProject;
			attributes = {
				LastSwiftUpdateCheck = 1020;
				LastUpgradeCheck = 1020;
				ORGANIZATIONNAME = "Michael Flowers";
				TargetAttributes = {
					1B2BA9E622D833EF005B8E0E = {
						CreatedOnToolsVersion = 10.2.1;
					};
				};
			};
			buildConfigurationList = 1B2BA9E222D833EF005B8E0E /* Build configuration list for PBXProject "ChallengeExperience2" */;
			compatibilityVersion = "Xcode 9.3";
			developmentRegion = en;
			hasScannedForEncodings = 0;
			knownRegions = (
				en,
				Base,
			);
			mainGroup = 1B2BA9DE22D833EF005B8E0E;
			productRefGroup = 1B2BA9E822D833EF005B8E0E /* Products */;
			projectDirPath = "";
			projectRoot = "";
			targets = (
				1B2BA9E622D833EF005B8E0E /* ChallengeExperience2 */,
			);
		};
/* End PBXProject section */

/* Begin PBXResourcesBuildPhase section */
		1B2BA9E522D833EF005B8E0E /* Resources */ = {
			isa = PBXResourcesBuildPhase;
			buildActionMask = 2147483647;
			files = (
				1B2BA9F522D833F0005B8E0E /* LaunchScreen.storyboard in Resources */,
				1B2BA9F222D833F0005B8E0E /* Assets.xcassets in Resources */,
				1B2BA9F022D833EF005B8E0E /* Main.storyboard in Resources */,
			);
			runOnlyForDeploymentPostprocessing = 0;
		};
/* End PBXResourcesBuildPhase section */

/* Begin PBXSourcesBuildPhase section */
		1B2BA9E322D833EF005B8E0E /* Sources */ = {
			isa = PBXSourcesBuildPhase;
			buildActionMask = 2147483647;
			files = (
				1B2BA9FD22D834EF005B8E0E /* ExperienceViewController.swift in Sources */,
				1B2BA9ED22D833EF005B8E0E /* MapViewController.swift in Sources */,
				1B2BA9FF22D83711005B8E0E /* VideoViewController.swift in Sources */,
				1BE3E99522D8C02F000BAB40 /* ExperienceController.swift in Sources */,
				1BE3E99C22D8CAF6000BAB40 /* CameraPreviewView.swift in Sources */,
				1B2BAA0922D838AB005B8E0E /* Experience.swift in Sources */,
				1B2BAA0B22D839B0005B8E0E /* Experience+Annotation.swift in Sources */,
				1B2BAA0722D8389C005B8E0E /* AudioRecorder.swift in Sources */,
				1BE3E99922D8C5BC000BAB40 /* VideoRecorder.swift in Sources */,
				1BFE748F22D8F22D005822F2 /* UIImage+Scaling.swift in Sources */,
				1B2BA9EB22D833EF005B8E0E /* AppDelegate.swift in Sources */,
			);
			runOnlyForDeploymentPostprocessing = 0;
		};
/* End PBXSourcesBuildPhase section */

/* Begin PBXVariantGroup section */
		1B2BA9EE22D833EF005B8E0E /* Main.storyboard */ = {
			isa = PBXVariantGroup;
			children = (
				1B2BA9EF22D833EF005B8E0E /* Base */,
			);
			name = Main.storyboard;
			sourceTree = "<group>";
		};
		1B2BA9F322D833F0005B8E0E /* LaunchScreen.storyboard */ = {
			isa = PBXVariantGroup;
			children = (
				1B2BA9F422D833F0005B8E0E /* Base */,
			);
			name = LaunchScreen.storyboard;
			sourceTree = "<group>";
		};
/* End PBXVariantGroup section */

/* Begin XCBuildConfiguration section */
		1B2BA9F722D833F0005B8E0E /* Debug */ = {
			isa = XCBuildConfiguration;
			buildSettings = {
				ALWAYS_SEARCH_USER_PATHS = NO;
				CLANG_ANALYZER_NONNULL = YES;
				CLANG_ANALYZER_NUMBER_OBJECT_CONVERSION = YES_AGGRESSIVE;
				CLANG_CXX_LANGUAGE_STANDARD = "gnu++14";
				CLANG_CXX_LIBRARY = "libc++";
				CLANG_ENABLE_MODULES = YES;
				CLANG_ENABLE_OBJC_ARC = YES;
				CLANG_ENABLE_OBJC_WEAK = YES;
				CLANG_WARN_BLOCK_CAPTURE_AUTORELEASING = YES;
				CLANG_WARN_BOOL_CONVERSION = YES;
				CLANG_WARN_COMMA = YES;
				CLANG_WARN_CONSTANT_CONVERSION = YES;
				CLANG_WARN_DEPRECATED_OBJC_IMPLEMENTATIONS = YES;
				CLANG_WARN_DIRECT_OBJC_ISA_USAGE = YES_ERROR;
				CLANG_WARN_DOCUMENTATION_COMMENTS = YES;
				CLANG_WARN_EMPTY_BODY = YES;
				CLANG_WARN_ENUM_CONVERSION = YES;
				CLANG_WARN_INFINITE_RECURSION = YES;
				CLANG_WARN_INT_CONVERSION = YES;
				CLANG_WARN_NON_LITERAL_NULL_CONVERSION = YES;
				CLANG_WARN_OBJC_IMPLICIT_RETAIN_SELF = YES;
				CLANG_WARN_OBJC_LITERAL_CONVERSION = YES;
				CLANG_WARN_OBJC_ROOT_CLASS = YES_ERROR;
				CLANG_WARN_RANGE_LOOP_ANALYSIS = YES;
				CLANG_WARN_STRICT_PROTOTYPES = YES;
				CLANG_WARN_SUSPICIOUS_MOVE = YES;
				CLANG_WARN_UNGUARDED_AVAILABILITY = YES_AGGRESSIVE;
				CLANG_WARN_UNREACHABLE_CODE = YES;
				CLANG_WARN__DUPLICATE_METHOD_MATCH = YES;
				CODE_SIGN_IDENTITY = "iPhone Developer";
				COPY_PHASE_STRIP = NO;
				DEBUG_INFORMATION_FORMAT = dwarf;
				ENABLE_STRICT_OBJC_MSGSEND = YES;
				ENABLE_TESTABILITY = YES;
				GCC_C_LANGUAGE_STANDARD = gnu11;
				GCC_DYNAMIC_NO_PIC = NO;
				GCC_NO_COMMON_BLOCKS = YES;
				GCC_OPTIMIZATION_LEVEL = 0;
				GCC_PREPROCESSOR_DEFINITIONS = (
					"DEBUG=1",
					"$(inherited)",
				);
				GCC_WARN_64_TO_32_BIT_CONVERSION = YES;
				GCC_WARN_ABOUT_RETURN_TYPE = YES_ERROR;
				GCC_WARN_UNDECLARED_SELECTOR = YES;
				GCC_WARN_UNINITIALIZED_AUTOS = YES_AGGRESSIVE;
				GCC_WARN_UNUSED_FUNCTION = YES;
				GCC_WARN_UNUSED_VARIABLE = YES;
				IPHONEOS_DEPLOYMENT_TARGET = 12.2;
				MTL_ENABLE_DEBUG_INFO = INCLUDE_SOURCE;
				MTL_FAST_MATH = YES;
				ONLY_ACTIVE_ARCH = YES;
				SDKROOT = iphoneos;
				SWIFT_ACTIVE_COMPILATION_CONDITIONS = DEBUG;
				SWIFT_OPTIMIZATION_LEVEL = "-Onone";
			};
			name = Debug;
		};
		1B2BA9F822D833F0005B8E0E /* Release */ = {
			isa = XCBuildConfiguration;
			buildSettings = {
				ALWAYS_SEARCH_USER_PATHS = NO;
				CLANG_ANALYZER_NONNULL = YES;
				CLANG_ANALYZER_NUMBER_OBJECT_CONVERSION = YES_AGGRESSIVE;
				CLANG_CXX_LANGUAGE_STANDARD = "gnu++14";
				CLANG_CXX_LIBRARY = "libc++";
				CLANG_ENABLE_MODULES = YES;
				CLANG_ENABLE_OBJC_ARC = YES;
				CLANG_ENABLE_OBJC_WEAK = YES;
				CLANG_WARN_BLOCK_CAPTURE_AUTORELEASING = YES;
				CLANG_WARN_BOOL_CONVERSION = YES;
				CLANG_WARN_COMMA = YES;
				CLANG_WARN_CONSTANT_CONVERSION = YES;
				CLANG_WARN_DEPRECATED_OBJC_IMPLEMENTATIONS = YES;
				CLANG_WARN_DIRECT_OBJC_ISA_USAGE = YES_ERROR;
				CLANG_WARN_DOCUMENTATION_COMMENTS = YES;
				CLANG_WARN_EMPTY_BODY = YES;
				CLANG_WARN_ENUM_CONVERSION = YES;
				CLANG_WARN_INFINITE_RECURSION = YES;
				CLANG_WARN_INT_CONVERSION = YES;
				CLANG_WARN_NON_LITERAL_NULL_CONVERSION = YES;
				CLANG_WARN_OBJC_IMPLICIT_RETAIN_SELF = YES;
				CLANG_WARN_OBJC_LITERAL_CONVERSION = YES;
				CLANG_WARN_OBJC_ROOT_CLASS = YES_ERROR;
				CLANG_WARN_RANGE_LOOP_ANALYSIS = YES;
				CLANG_WARN_STRICT_PROTOTYPES = YES;
				CLANG_WARN_SUSPICIOUS_MOVE = YES;
				CLANG_WARN_UNGUARDED_AVAILABILITY = YES_AGGRESSIVE;
				CLANG_WARN_UNREACHABLE_CODE = YES;
				CLANG_WARN__DUPLICATE_METHOD_MATCH = YES;
				CODE_SIGN_IDENTITY = "iPhone Developer";
				COPY_PHASE_STRIP = NO;
				DEBUG_INFORMATION_FORMAT = "dwarf-with-dsym";
				ENABLE_NS_ASSERTIONS = NO;
				ENABLE_STRICT_OBJC_MSGSEND = YES;
				GCC_C_LANGUAGE_STANDARD = gnu11;
				GCC_NO_COMMON_BLOCKS = YES;
				GCC_WARN_64_TO_32_BIT_CONVERSION = YES;
				GCC_WARN_ABOUT_RETURN_TYPE = YES_ERROR;
				GCC_WARN_UNDECLARED_SELECTOR = YES;
				GCC_WARN_UNINITIALIZED_AUTOS = YES_AGGRESSIVE;
				GCC_WARN_UNUSED_FUNCTION = YES;
				GCC_WARN_UNUSED_VARIABLE = YES;
				IPHONEOS_DEPLOYMENT_TARGET = 12.2;
				MTL_ENABLE_DEBUG_INFO = NO;
				MTL_FAST_MATH = YES;
				SDKROOT = iphoneos;
				SWIFT_COMPILATION_MODE = wholemodule;
				SWIFT_OPTIMIZATION_LEVEL = "-O";
				VALIDATE_PRODUCT = YES;
			};
			name = Release;
		};
		1B2BA9FA22D833F0005B8E0E /* Debug */ = {
			isa = XCBuildConfiguration;
			buildSettings = {
				ASSETCATALOG_COMPILER_APPICON_NAME = AppIcon;
				CODE_SIGN_STYLE = Automatic;
				DEVELOPMENT_TEAM = X4W7EQ4E4R;
				INFOPLIST_FILE = "$(SRCROOT)/ChallengeExperience2/Resources/Info.plist";
				LD_RUNPATH_SEARCH_PATHS = (
					"$(inherited)",
					"@executable_path/Frameworks",
				);
				PRODUCT_BUNDLE_IDENTIFIER = flowers.ChallengeExperience2;
				PRODUCT_NAME = "$(TARGET_NAME)";
				SWIFT_VERSION = 5.0;
				TARGETED_DEVICE_FAMILY = "1,2";
			};
			name = Debug;
		};
		1B2BA9FB22D833F0005B8E0E /* Release */ = {
			isa = XCBuildConfiguration;
			buildSettings = {
				ASSETCATALOG_COMPILER_APPICON_NAME = AppIcon;
				CODE_SIGN_STYLE = Automatic;
				DEVELOPMENT_TEAM = X4W7EQ4E4R;
				INFOPLIST_FILE = "$(SRCROOT)/ChallengeExperience2/Resources/Info.plist";
				LD_RUNPATH_SEARCH_PATHS = (
					"$(inherited)",
					"@executable_path/Frameworks",
				);
				PRODUCT_BUNDLE_IDENTIFIER = flowers.ChallengeExperience2;
				PRODUCT_NAME = "$(TARGET_NAME)";
				SWIFT_VERSION = 5.0;
				TARGETED_DEVICE_FAMILY = "1,2";
			};
			name = Release;
		};
/* End XCBuildConfiguration section */

/* Begin XCConfigurationList section */
		1B2BA9E222D833EF005B8E0E /* Build configuration list for PBXProject "ChallengeExperience2" */ = {
			isa = XCConfigurationList;
			buildConfigurations = (
				1B2BA9F722D833F0005B8E0E /* Debug */,
				1B2BA9F822D833F0005B8E0E /* Release */,
			);
			defaultConfigurationIsVisible = 0;
			defaultConfigurationName = Release;
		};
		1B2BA9F922D833F0005B8E0E /* Build configuration list for PBXNativeTarget "ChallengeExperience2" */ = {
			isa = XCConfigurationList;
			buildConfigurations = (
				1B2BA9FA22D833F0005B8E0E /* Debug */,
				1B2BA9FB22D833F0005B8E0E /* Release */,
			);
			defaultConfigurationIsVisible = 0;
			defaultConfigurationName = Release;
		};
/* End XCConfigurationList section */
	};
	rootObject = 1B2BA9DF22D833EF005B8E0E /* Project object */;
}
